{
    "version": 3,
    "terraform_version": "0.12.31",
    "serial": 1,
    "lineage": "f956d828-e4d6-306f-eff3-ab5bff515891",
    "modules": [
        {
            "path": [
                "root"
            ],
            "outputs": {
                "aws_autoscaling_group_tfer--eks-nodegroup-bcc2fbb0-5cc6-aa1f-af64-7baec72beb86_id": {
                    "sensitive": false,
                    "type": "string",
                    "value": "eks-nodegroup-bcc2fbb0-5cc6-aa1f-af64-7baec72beb86"
                },
                "aws_launch_template_tfer--eks-bcc2fbb0-5cc6-aa1f-af64-7baec72beb86_id": {
                    "sensitive": false,
                    "type": "string",
                    "value": "lt-0100c24d2395f20d4"
                },
                "aws_launch_template_tfer--eksctl-dynamic-policy-saas-nodegroup-nodegroup_id": {
                    "sensitive": false,
                    "type": "string",
                    "value": "lt-02dc4caf6116c7744"
                }
            },
            "resources": {
                "aws_autoscaling_group.tfer--eks-nodegroup-bcc2fbb0-5cc6-aa1f-af64-7baec72beb86": {
                    "type": "aws_autoscaling_group",
                    "depends_on": [],
                    "primary": {
                        "id": "eks-nodegroup-bcc2fbb0-5cc6-aa1f-af64-7baec72beb86",
                        "attributes": {
                            "arn": "arn:aws:autoscaling:us-east-2:591976937045:autoScalingGroup:46452cf0-0695-488e-8f2d-3769197f6017:autoScalingGroupName/eks-nodegroup-bcc2fbb0-5cc6-aa1f-af64-7baec72beb86",
                            "availability_zones.#": "2",
                            "availability_zones.0": "us-east-2a",
                            "availability_zones.1": "us-east-2b",
                            "capacity_rebalance": "true",
                            "context": "",
                            "default_cooldown": "300",
                            "default_instance_warmup": "0",
                            "desired_capacity": "2",
                            "desired_capacity_type": "",
                            "enabled_metrics.#": "0",
                            "force_delete": "false",
                            "health_check_grace_period": "15",
                            "health_check_type": "EC2",
                            "id": "eks-nodegroup-bcc2fbb0-5cc6-aa1f-af64-7baec72beb86",
                            "launch_configuration": "",
                            "launch_template.#": "0",
                            "load_balancers.#": "0",
                            "max_instance_lifetime": "0",
                            "max_size": "2",
                            "metrics_granularity": "1Minute",
                            "min_size": "2",
                            "mixed_instances_policy.#": "1",
                            "mixed_instances_policy.0.instances_distribution.#": "1",
                            "mixed_instances_policy.0.instances_distribution.0.on_demand_allocation_strategy": "prioritized",
                            "mixed_instances_policy.0.instances_distribution.0.on_demand_base_capacity": "0",
                            "mixed_instances_policy.0.instances_distribution.0.on_demand_percentage_above_base_capacity": "100",
                            "mixed_instances_policy.0.instances_distribution.0.spot_allocation_strategy": "lowest-price",
                            "mixed_instances_policy.0.instances_distribution.0.spot_instance_pools": "2",
                            "mixed_instances_policy.0.instances_distribution.0.spot_max_price": "",
                            "mixed_instances_policy.0.launch_template.#": "1",
                            "mixed_instances_policy.0.launch_template.0.launch_template_specification.#": "1",
                            "mixed_instances_policy.0.launch_template.0.launch_template_specification.0.launch_template_id": "lt-0100c24d2395f20d4",
                            "mixed_instances_policy.0.launch_template.0.launch_template_specification.0.launch_template_name": "eks-bcc2fbb0-5cc6-aa1f-af64-7baec72beb86",
                            "mixed_instances_policy.0.launch_template.0.launch_template_specification.0.version": "1",
                            "mixed_instances_policy.0.launch_template.0.override.#": "2",
                            "mixed_instances_policy.0.launch_template.0.override.0.instance_requirements.#": "0",
                            "mixed_instances_policy.0.launch_template.0.override.0.instance_type": "t3a.medium",
                            "mixed_instances_policy.0.launch_template.0.override.0.launch_template_specification.#": "0",
                            "mixed_instances_policy.0.launch_template.0.override.0.weighted_capacity": "",
                            "mixed_instances_policy.0.launch_template.0.override.1.instance_requirements.#": "0",
                            "mixed_instances_policy.0.launch_template.0.override.1.instance_type": "t3.medium",
                            "mixed_instances_policy.0.launch_template.0.override.1.launch_template_specification.#": "0",
                            "mixed_instances_policy.0.launch_template.0.override.1.weighted_capacity": "",
                            "name": "eks-nodegroup-bcc2fbb0-5cc6-aa1f-af64-7baec72beb86",
                            "name_prefix": "",
                            "placement_group": "",
                            "protect_from_scale_in": "false",
                            "service_linked_role_arn": "arn:aws:iam::591976937045:role/aws-service-role/autoscaling.amazonaws.com/AWSServiceRoleForAutoScaling",
                            "suspended_processes.#": "0",
                            "tag.#": "5",
                            "tag.0.key": "eks:cluster-name",
                            "tag.0.propagate_at_launch": "true",
                            "tag.0.value": "dynamic-policy-saas",
                            "tag.1.key": "eks:nodegroup-name",
                            "tag.1.propagate_at_launch": "true",
                            "tag.1.value": "nodegroup",
                            "tag.2.key": "k8s.io/cluster-autoscaler/dynamic-policy-saas",
                            "tag.2.propagate_at_launch": "true",
                            "tag.2.value": "owned",
                            "tag.3.key": "k8s.io/cluster-autoscaler/enabled",
                            "tag.3.propagate_at_launch": "true",
                            "tag.3.value": "true",
                            "tag.4.key": "kubernetes.io/cluster/dynamic-policy-saas",
                            "tag.4.propagate_at_launch": "true",
                            "tag.4.value": "owned",
                            "target_group_arns.#": "0",
                            "termination_policies.#": "3",
                            "termination_policies.0": "AllocationStrategy",
                            "termination_policies.1": "OldestLaunchTemplate",
                            "termination_policies.2": "OldestInstance",
                            "vpc_zone_identifier.#": "2",
                            "vpc_zone_identifier.0": "subnet-0c0b89179c3b96ab5",
                            "vpc_zone_identifier.1": "subnet-0c67377d6c70a419c",
                            "wait_for_capacity_timeout": "10m",
                            "warm_pool.#": "0"
                        },
                        "meta": {
                            "schema_version": 0
                        },
                        "tainted": false
                    },
                    "deposed": [],
                    "provider": "provider.aws"
                },
                "aws_launch_template.tfer--eks-bcc2fbb0-5cc6-aa1f-af64-7baec72beb86": {
                    "type": "aws_launch_template",
                    "depends_on": [],
                    "primary": {
                        "id": "lt-0100c24d2395f20d4",
                        "attributes": {
                            "arn": "arn:aws:ec2:us-east-2:591976937045:launch-template/lt-0100c24d2395f20d4",
                            "block_device_mappings.#": "1",
                            "block_device_mappings.0.device_name": "/dev/xvda",
                            "block_device_mappings.0.ebs.#": "1",
                            "block_device_mappings.0.ebs.0.delete_on_termination": "",
                            "block_device_mappings.0.ebs.0.encrypted": "true",
                            "block_device_mappings.0.ebs.0.iops": "3000",
                            "block_device_mappings.0.ebs.0.kms_key_id": "",
                            "block_device_mappings.0.ebs.0.snapshot_id": "",
                            "block_device_mappings.0.ebs.0.throughput": "125",
                            "block_device_mappings.0.ebs.0.volume_size": "80",
                            "block_device_mappings.0.ebs.0.volume_type": "gp3",
                            "block_device_mappings.0.no_device": "",
                            "block_device_mappings.0.virtual_name": "",
                            "capacity_reservation_specification.#": "0",
                            "cpu_options.#": "0",
                            "default_version": "1",
                            "description": "",
                            "disable_api_stop": "false",
                            "disable_api_termination": "false",
                            "ebs_optimized": "",
                            "elastic_gpu_specifications.#": "0",
                            "elastic_inference_accelerator.#": "0",
                            "enclave_options.#": "0",
                            "hibernation_options.#": "0",
                            "iam_instance_profile.#": "1",
                            "iam_instance_profile.0.arn": "",
                            "iam_instance_profile.0.name": "eks-bcc2fbb0-5cc6-aa1f-af64-7baec72beb86",
                            "id": "lt-0100c24d2395f20d4",
                            "image_id": "ami-0af5eb518f7616978",
                            "instance_initiated_shutdown_behavior": "",
                            "instance_market_options.#": "0",
                            "instance_requirements.#": "0",
                            "instance_type": "",
                            "kernel_id": "",
                            "key_name": "",
                            "latest_version": "1",
                            "license_specification.#": "0",
                            "maintenance_options.#": "0",
                            "metadata_options.#": "1",
                            "metadata_options.0.http_endpoint": "",
                            "metadata_options.0.http_protocol_ipv6": "",
                            "metadata_options.0.http_put_response_hop_limit": "2",
                            "metadata_options.0.http_tokens": "optional",
                            "metadata_options.0.instance_metadata_tags": "",
                            "monitoring.#": "0",
                            "name": "eks-bcc2fbb0-5cc6-aa1f-af64-7baec72beb86",
                            "name_prefix": "",
                            "network_interfaces.#": "0",
                            "placement.#": "0",
                            "private_dns_name_options.#": "0",
                            "ram_disk_id": "",
                            "security_group_names.#": "0",
                            "tag_specifications.#": "2",
                            "tag_specifications.0.resource_type": "volume",
                            "tag_specifications.0.tags.%": "5",
                            "tag_specifications.0.tags.Name": "dynamic-policy-saas-nodegroup-Node",
                            "tag_specifications.0.tags.alpha.eksctl.io/nodegroup-name": "nodegroup",
                            "tag_specifications.0.tags.alpha.eksctl.io/nodegroup-type": "managed",
                            "tag_specifications.0.tags.eks:cluster-name": "dynamic-policy-saas",
                            "tag_specifications.0.tags.eks:nodegroup-name": "nodegroup",
                            "tag_specifications.1.resource_type": "instance",
                            "tag_specifications.1.tags.%": "5",
                            "tag_specifications.1.tags.Name": "dynamic-policy-saas-nodegroup-Node",
                            "tag_specifications.1.tags.alpha.eksctl.io/nodegroup-name": "nodegroup",
                            "tag_specifications.1.tags.alpha.eksctl.io/nodegroup-type": "managed",
                            "tag_specifications.1.tags.eks:cluster-name": "dynamic-policy-saas",
                            "tag_specifications.1.tags.eks:nodegroup-name": "nodegroup",
                            "tags.%": "2",
                            "tags.eks:cluster-name": "dynamic-policy-saas",
                            "tags.eks:nodegroup-name": "nodegroup",
                            "tags_all.%": "2",
                            "tags_all.eks:cluster-name": "dynamic-policy-saas",
                            "tags_all.eks:nodegroup-name": "nodegroup",
                            "user_data": "TUlNRS1WZXJzaW9uOiAxLjAKQ29udGVudC1UeXBlOiBtdWx0aXBhcnQvbWl4ZWQ7IGJvdW5kYXJ5PSIvLyIKCi0tLy8KQ29udGVudC1UeXBlOiB0ZXh0L3gtc2hlbGxzY3JpcHQ7IGNoYXJzZXQ9InVzLWFzY2lpIgojIS9iaW4vYmFzaApzZXQgLWV4CkI2NF9DTFVTVEVSX0NBPUxTMHRMUzFDUlVkSlRpQkRSVkpVU1VaSlEwRlVSUzB0TFMwdENrMUpTVU12YWtORFFXVmhaMEYzU1VKQlowbENRVVJCVGtKbmEzRm9hMmxIT1hjd1FrRlJjMFpCUkVGV1RWSk5kMFZSV1VSV1VWRkVSWGR3Y21SWFNtd0tZMjAxYkdSSFZucE5RalJZUkZSSmVrMUVSWGxQUkVFelRrUm5NRTlXYjFoRVZFMTZUVVJGZVU1VVFUTk9SR2N3VDFadmQwWlVSVlJOUWtWSFFURlZSUXBCZUUxTFlUTldhVnBZU25WYVdGSnNZM3BEUTBGVFNYZEVVVmxLUzI5YVNXaDJZMDVCVVVWQ1FsRkJSR2RuUlZCQlJFTkRRVkZ2UTJkblJVSkJTbVJKQ2t4NVRIbFZlRkpOYTJweVR6aDNVVTA0UjBGdGVqWlNURWREUWtONlluVkJUV3BCU3k5a1NVcFlRbXBNTUU1UVFVRTJhR2hsWlVRM2FqQk1aSEZCUmtNS056UnFNM1J0VHpWSVYycHpiM2hCT1V4aVFXRlRRVFpIZFhaT1ZscHRLelpUWWpGSVVWbDBRbGRzZDFWaGFtTmFNbGd4TXpkRmJFWklURTVhTUVKc1dncFBjbk5IVTNKeUsyWjJNRVJCZVRCWlNFaExXa2R0Wldka1UwOWpSMVl5UlRsNmIwbHZjMHhFTXk5c2FTdG1lRXMxZEZoUVFuaHVOUzl0VURkM1NWUklDbVFyUjBKWGFFeDVlSFJUZWpOak5FbFFhemxIZWtjMFVUQnVjRnAxVUVoNFExZDFNV3BTWTFSS2NsTk1VSEZxZFdwMmIySnNhMjVhYUVSelF6ZE9XazBLVG01RE0wNXRTbWxIWWxSSFdVbGhRVXhoVEVZMGFuSlFZVU54WXpSeVRHSXlRM0YzYlZJelpVbGxXa1VyWTBFNE9WQk5TMDkzZWxZemRsUlNOV3BLV2dvdlFtOWpTSFJ3VWxsbFRUQjBOM0JuVTFaclEwRjNSVUZCWVU1YVRVWmpkMFJuV1VSV1VqQlFRVkZJTDBKQlVVUkJaMHRyVFVFNFIwRXhWV1JGZDBWQ0NpOTNVVVpOUVUxQ1FXWTRkMGhSV1VSV1VqQlBRa0paUlVaQ2VtVlNSRU13YlhGWWFGcDRabWRZVkc1VEwwRXJVV2RsUkROTlFsVkhRVEZWWkVWUlVVOEtUVUY1UTBOdGRERlpiVlo1WW0xV01GcFlUWGRFVVZsS1MyOWFTV2gyWTA1QlVVVk1RbEZCUkdkblJVSkJSalo2ZWpWU04zaDZSazFRTVdkNlRGbE1Td28zTTFORGFteE9iVmxKTWtvd2FVVmxObWh4UWpWRVIyZ3JPVWRJY0dSdlRWaDJWVEpWT0RGRFVVTkhhRVZaYVZadU5VNDBUbGhUV1VwVFduRklObTFUQ2s1VkwzQjFjVmw1TjFaVlFUSmFUVWRhUWt0TFJsYzBlbFIzTm1kVlpsSTRMMU16VEhZd09GaHJhekl6Y2xKd1EzTldWa1U1Tm1oMVQyMW5RWFpQY0ZRS2EzRldSVEEwYjBGM1dreE9WMGhOVWswM2NIRnZkVTlOYVZkSlZIbExMek5QV0RGbmQwb3ZaMFZoZVZrMFVXOVNUbEZwVVVoNmMzTnhWMHRKVTJaeVJncGFiakZxUjFaa1UwdzNWR040UW5Rd05XSXdkamRoVUdkeFpXdDRZV1phUlV0eVNsZzJjek01ZFZKYVJtMHdiM0ozWjFkbGRGaFpTM1J0VkVwTlQxcE9DbkU1ZGtZNVpYaEZZbEJCZDNKc1NuaDNSbmxSYVN0blV6bHFZMnhKYUZwVUswNWpWbTkxYVVSaVJXNUZSMGhqWVhCaVRHNUdhMGQwZWtoWVJVdERPRVlLTlhaM1BRb3RMUzB0TFVWT1JDQkRSVkpVU1VaSlEwRlVSUzB0TFMwdENnPT0KQVBJX1NFUlZFUl9VUkw9aHR0cHM6Ly9EQUNEODdFMjhERTE2Rjc5QjBEN0U5OEZCRTM5NDlDQS5ncjcudXMtZWFzdC0yLmVrcy5hbWF6b25hd3MuY29tCks4U19DTFVTVEVSX0ROU19JUD0xNzIuMjAuMC4xMAovZXRjL2Vrcy9ib290c3RyYXAuc2ggZHluYW1pYy1wb2xpY3ktc2FhcyAtLWt1YmVsZXQtZXh0cmEtYXJncyAnLS1ub2RlLWxhYmVscz1la3MuYW1hem9uYXdzLmNvbS9zb3VyY2VMYXVuY2hUZW1wbGF0ZVZlcnNpb249MSxhbHBoYS5la3NjdGwuaW8vY2x1c3Rlci1uYW1lPWR5bmFtaWMtcG9saWN5LXNhYXMsYWxwaGEuZWtzY3RsLmlvL25vZGVncm91cC1uYW1lPW5vZGVncm91cCxla3MuYW1hem9uYXdzLmNvbS9ub2RlZ3JvdXAtaW1hZ2U9YW1pLTBhZjVlYjUxOGY3NjE2OTc4LGVrcy5hbWF6b25hd3MuY29tL2NhcGFjaXR5VHlwZT1PTl9ERU1BTkQsZWtzLmFtYXpvbmF3cy5jb20vbm9kZWdyb3VwPW5vZGVncm91cCxla3MuYW1hem9uYXdzLmNvbS9zb3VyY2VMYXVuY2hUZW1wbGF0ZUlkPWx0LTAyZGM0Y2FmNjExNmM3NzQ0IC0tbWF4LXBvZHM9MTcnIC0tYjY0LWNsdXN0ZXItY2EgJEI2NF9DTFVTVEVSX0NBIC0tYXBpc2VydmVyLWVuZHBvaW50ICRBUElfU0VSVkVSX1VSTCAtLWRucy1jbHVzdGVyLWlwICRLOFNfQ0xVU1RFUl9ETlNfSVAgLS11c2UtbWF4LXBvZHMgZmFsc2UKCi0tLy8tLQ==",
                            "vpc_security_group_ids.#": "1",
                            "vpc_security_group_ids.0": "sg-042cf2425dd6b9d0e"
                        },
                        "meta": {
                            "schema_version": 0
                        },
                        "tainted": false
                    },
                    "deposed": [],
                    "provider": "provider.aws"
                },
                "aws_launch_template.tfer--eksctl-dynamic-policy-saas-nodegroup-nodegroup": {
                    "type": "aws_launch_template",
                    "depends_on": [],
                    "primary": {
                        "id": "lt-02dc4caf6116c7744",
                        "attributes": {
                            "arn": "arn:aws:ec2:us-east-2:591976937045:launch-template/lt-02dc4caf6116c7744",
                            "block_device_mappings.#": "1",
                            "block_device_mappings.0.device_name": "/dev/xvda",
                            "block_device_mappings.0.ebs.#": "1",
                            "block_device_mappings.0.ebs.0.delete_on_termination": "",
                            "block_device_mappings.0.ebs.0.encrypted": "true",
                            "block_device_mappings.0.ebs.0.iops": "3000",
                            "block_device_mappings.0.ebs.0.kms_key_id": "",
                            "block_device_mappings.0.ebs.0.snapshot_id": "",
                            "block_device_mappings.0.ebs.0.throughput": "125",
                            "block_device_mappings.0.ebs.0.volume_size": "80",
                            "block_device_mappings.0.ebs.0.volume_type": "gp3",
                            "block_device_mappings.0.no_device": "",
                            "block_device_mappings.0.virtual_name": "",
                            "capacity_reservation_specification.#": "0",
                            "cpu_options.#": "0",
                            "default_version": "1",
                            "description": "",
                            "disable_api_stop": "false",
                            "disable_api_termination": "false",
                            "ebs_optimized": "",
                            "elastic_gpu_specifications.#": "0",
                            "elastic_inference_accelerator.#": "0",
                            "enclave_options.#": "0",
                            "hibernation_options.#": "0",
                            "iam_instance_profile.#": "0",
                            "id": "lt-02dc4caf6116c7744",
                            "image_id": "",
                            "instance_initiated_shutdown_behavior": "",
                            "instance_market_options.#": "0",
                            "instance_requirements.#": "0",
                            "instance_type": "",
                            "kernel_id": "",
                            "key_name": "",
                            "latest_version": "1",
                            "license_specification.#": "0",
                            "maintenance_options.#": "0",
                            "metadata_options.#": "1",
                            "metadata_options.0.http_endpoint": "",
                            "metadata_options.0.http_protocol_ipv6": "",
                            "metadata_options.0.http_put_response_hop_limit": "2",
                            "metadata_options.0.http_tokens": "optional",
                            "metadata_options.0.instance_metadata_tags": "",
                            "monitoring.#": "0",
                            "name": "eksctl-dynamic-policy-saas-nodegroup-nodegroup",
                            "name_prefix": "",
                            "network_interfaces.#": "0",
                            "placement.#": "0",
                            "private_dns_name_options.#": "0",
                            "ram_disk_id": "",
                            "security_group_names.#": "0",
                            "tag_specifications.#": "3",
                            "tag_specifications.0.resource_type": "instance",
                            "tag_specifications.0.tags.%": "3",
                            "tag_specifications.0.tags.Name": "dynamic-policy-saas-nodegroup-Node",
                            "tag_specifications.0.tags.alpha.eksctl.io/nodegroup-name": "nodegroup",
                            "tag_specifications.0.tags.alpha.eksctl.io/nodegroup-type": "managed",
                            "tag_specifications.1.resource_type": "volume",
                            "tag_specifications.1.tags.%": "3",
                            "tag_specifications.1.tags.Name": "dynamic-policy-saas-nodegroup-Node",
                            "tag_specifications.1.tags.alpha.eksctl.io/nodegroup-name": "nodegroup",
                            "tag_specifications.1.tags.alpha.eksctl.io/nodegroup-type": "managed",
                            "tag_specifications.2.resource_type": "network-interface",
                            "tag_specifications.2.tags.%": "3",
                            "tag_specifications.2.tags.Name": "dynamic-policy-saas-nodegroup-Node",
                            "tag_specifications.2.tags.alpha.eksctl.io/nodegroup-name": "nodegroup",
                            "tag_specifications.2.tags.alpha.eksctl.io/nodegroup-type": "managed",
                            "tags.%": "0",
                            "tags_all.%": "0",
                            "user_data": "",
                            "vpc_security_group_ids.#": "1",
                            "vpc_security_group_ids.0": "sg-042cf2425dd6b9d0e"
                        },
                        "meta": {
                            "schema_version": 0
                        },
                        "tainted": false
                    },
                    "deposed": [],
                    "provider": "provider.aws"
                }
            },
            "depends_on": []
        }
    ]
}
