{
    "version": 3,
    "terraform_version": "0.12.31",
    "serial": 1,
    "lineage": "5c43a228-8760-3056-38b2-a4cce1a3c57d",
    "modules": [
        {
            "path": [
                "root"
            ],
            "outputs": {
                "aws_eks_cluster_tfer--dynamic-policy-saas_id": {
                    "sensitive": false,
                    "type": "string",
                    "value": "dynamic-policy-saas"
                },
                "aws_eks_node_group_tfer--nodegroup_id": {
                    "sensitive": false,
                    "type": "string",
                    "value": "dynamic-policy-saas:nodegroup"
                }
            },
            "resources": {
                "aws_eks_cluster.tfer--dynamic-policy-saas": {
                    "type": "aws_eks_cluster",
                    "depends_on": [],
                    "primary": {
                        "id": "dynamic-policy-saas",
                        "attributes": {
                            "arn": "arn:aws:eks:us-east-2:591976937045:cluster/dynamic-policy-saas",
                            "certificate_authority.#": "1",
                            "certificate_authority.0.data": "LS0tLS1CRUdJTiBDRVJUSUZJQ0FURS0tLS0tCk1JSUMvakNDQWVhZ0F3SUJBZ0lCQURBTkJna3Foa2lHOXcwQkFRc0ZBREFWTVJNd0VRWURWUVFERXdwcmRXSmwKY201bGRHVnpNQjRYRFRJek1ERXlPREEzTkRnME9Wb1hEVE16TURFeU5UQTNORGcwT1Zvd0ZURVRNQkVHQTFVRQpBeE1LYTNWaVpYSnVaWFJsY3pDQ0FTSXdEUVlKS29aSWh2Y05BUUVCQlFBRGdnRVBBRENDQVFvQ2dnRUJBSmRJCkx5THlVeFJNa2pyTzh3UU04R0FtejZSTEdDQkN6YnVBTWpBSy9kSUpYQmpMME5QQUE2aGhlZUQ3ajBMZHFBRkMKNzRqM3RtTzVIV2pzb3hBOUxiQWFTQTZHdXZOVlptKzZTYjFIUVl0Qldsd1VhamNaMlgxMzdFbEZITE5aMEJsWgpPcnNHU3JyK2Z2MERBeTBZSEhLWkdtZWdkU09jR1YyRTl6b0lvc0xEMy9saStmeEs1dFhQQnhuNS9tUDd3SVRICmQrR0JXaEx5eHRTejNjNElQazlHekc0UTBucFp1UEh4Q1d1MWpSY1RKclNMUHFqdWp2b2Jsa25aaERzQzdOWk0KTm5DM05tSmlHYlRHWUlhQUxhTEY0anJQYUNxYzRyTGIyQ3F3bVIzZUllWkUrY0E4OVBNS093elYzdlRSNWpKWgovQm9jSHRwUlllTTB0N3BnU1ZrQ0F3RUFBYU5aTUZjd0RnWURWUjBQQVFIL0JBUURBZ0trTUE4R0ExVWRFd0VCCi93UUZNQU1CQWY4d0hRWURWUjBPQkJZRUZCemVSREMwbXFYaFp4ZmdYVG5TL0ErUWdlRDNNQlVHQTFVZEVRUU8KTUF5Q0NtdDFZbVZ5Ym1WMFpYTXdEUVlKS29aSWh2Y05BUUVMQlFBRGdnRUJBRjZ6ejVSN3h6Rk1QMWd6TFlMSwo3M1NDamxObVlJMkowaUVlNmhxQjVER2grOUdIcGRvTVh2VTJVODFDUUNHaEVZaVZuNU40TlhTWUpTWnFINm1TCk5VL3B1cVl5N1ZVQTJaTUdaQktLRlc0elR3NmdVZlI4L1MzTHYwOFhrazIzclJwQ3NWVkU5Nmh1T21nQXZPcFQKa3FWRTA0b0F3WkxOV0hNUk03cHFvdU9NaVdJVHlLLzNPWDFnd0ovZ0VheVk0UW9STlFpUUh6c3NxV0tJU2ZyRgpabjFqR1ZkU0w3VGN4QnQwNWIwdjdhUGdxZWt4YWZaRUtySlg2czM5dVJaRm0wb3J3Z1dldFhZS3RtVEpNT1pOCnE5dkY5ZXhFYlBBd3JsSnh3RnlRaStnUzlqY2xJaFpUK05jVm91aURiRW5FR0hjYXBiTG5Ga0d0ekhYRUtDOEYKNXZ3PQotLS0tLUVORCBDRVJUSUZJQ0FURS0tLS0tCg==",
                            "created_at": "2023-01-28 07:44:02.312 +0000 UTC",
                            "enabled_cluster_log_types.#": "5",
                            "enabled_cluster_log_types.0": "api",
                            "enabled_cluster_log_types.1": "audit",
                            "enabled_cluster_log_types.2": "authenticator",
                            "enabled_cluster_log_types.3": "controllerManager",
                            "enabled_cluster_log_types.4": "scheduler",
                            "encryption_config.#": "1",
                            "encryption_config.0.provider.#": "1",
                            "encryption_config.0.provider.0.key_arn": "arn:aws:kms:us-east-2:591976937045:key/1e9f165b-cfec-4ca5-8a25-fbbb923c12f0",
                            "encryption_config.0.resources.#": "1",
                            "encryption_config.0.resources.0": "secrets",
                            "endpoint": "https://DACD87E28DE16F79B0D7E98FBE3949CA.gr7.us-east-2.eks.amazonaws.com",
                            "id": "dynamic-policy-saas",
                            "identity.#": "1",
                            "identity.0.oidc.#": "1",
                            "identity.0.oidc.0.issuer": "https://oidc.eks.us-east-2.amazonaws.com/id/DACD87E28DE16F79B0D7E98FBE3949CA",
                            "kubernetes_network_config.#": "1",
                            "kubernetes_network_config.0.ip_family": "ipv4",
                            "kubernetes_network_config.0.service_ipv4_cidr": "172.20.0.0/16",
                            "kubernetes_network_config.0.service_ipv6_cidr": "",
                            "name": "dynamic-policy-saas",
                            "outpost_config.#": "0",
                            "platform_version": "eks.4",
                            "role_arn": "arn:aws:iam::591976937045:role/eksctl-dynamic-policy-saas-cluster-ServiceRole-1KY0S2H79QNW0",
                            "status": "ACTIVE",
                            "tags.%": "5",
                            "tags.Name": "eksctl-dynamic-policy-saas-cluster/ControlPlane",
                            "tags.alpha.eksctl.io/cluster-name": "dynamic-policy-saas",
                            "tags.alpha.eksctl.io/cluster-oidc-enabled": "true",
                            "tags.alpha.eksctl.io/eksctl-version": "0.127.0",
                            "tags.eksctl.cluster.k8s.io/v1alpha1/cluster-name": "dynamic-policy-saas",
                            "tags_all.%": "5",
                            "tags_all.Name": "eksctl-dynamic-policy-saas-cluster/ControlPlane",
                            "tags_all.alpha.eksctl.io/cluster-name": "dynamic-policy-saas",
                            "tags_all.alpha.eksctl.io/cluster-oidc-enabled": "true",
                            "tags_all.alpha.eksctl.io/eksctl-version": "0.127.0",
                            "tags_all.eksctl.cluster.k8s.io/v1alpha1/cluster-name": "dynamic-policy-saas",
                            "version": "1.24",
                            "vpc_config.#": "1",
                            "vpc_config.0.cluster_security_group_id": "sg-042cf2425dd6b9d0e",
                            "vpc_config.0.endpoint_private_access": "true",
                            "vpc_config.0.endpoint_public_access": "false",
                            "vpc_config.0.public_access_cidrs.#": "1",
                            "vpc_config.0.public_access_cidrs.0": "0.0.0.0/0",
                            "vpc_config.0.security_group_ids.#": "1",
                            "vpc_config.0.security_group_ids.0": "sg-0b8d0c02ca96ef3e4",
                            "vpc_config.0.subnet_ids.#": "2",
                            "vpc_config.0.subnet_ids.0": "subnet-0c0b89179c3b96ab5",
                            "vpc_config.0.subnet_ids.1": "subnet-0c67377d6c70a419c",
                            "vpc_config.0.vpc_id": "vpc-0138d6dfeec6e6c66"
                        },
                        "meta": {
                            "schema_version": 0
                        },
                        "tainted": false
                    },
                    "deposed": [],
                    "provider": "provider.aws"
                },
                "aws_eks_node_group.tfer--nodegroup": {
                    "type": "aws_eks_node_group",
                    "depends_on": [],
                    "primary": {
                        "id": "dynamic-policy-saas:nodegroup",
                        "attributes": {
                            "ami_type": "AL2_x86_64",
                            "arn": "arn:aws:eks:us-east-2:591976937045:nodegroup/dynamic-policy-saas/nodegroup/bcc2fbb0-5cc6-aa1f-af64-7baec72beb86",
                            "capacity_type": "ON_DEMAND",
                            "cluster_name": "dynamic-policy-saas",
                            "disk_size": "0",
                            "id": "dynamic-policy-saas:nodegroup",
                            "instance_types.#": "2",
                            "instance_types.0": "t3a.medium",
                            "instance_types.1": "t3.medium",
                            "labels.%": "2",
                            "labels.alpha.eksctl.io/cluster-name": "dynamic-policy-saas",
                            "labels.alpha.eksctl.io/nodegroup-name": "nodegroup",
                            "launch_template.#": "1",
                            "launch_template.0.id": "lt-02dc4caf6116c7744",
                            "launch_template.0.name": "eksctl-dynamic-policy-saas-nodegroup-nodegroup",
                            "launch_template.0.version": "1",
                            "node_group_name": "nodegroup",
                            "node_group_name_prefix": "",
                            "node_role_arn": "arn:aws:iam::591976937045:role/eksctl-dynamic-policy-saas-nodegr-NodeInstanceRole-1IV221YYCCQET",
                            "release_version": "1.24.7-20230105",
                            "remote_access.#": "0",
                            "resources.#": "1",
                            "resources.0.autoscaling_groups.#": "1",
                            "resources.0.autoscaling_groups.0.name": "eks-nodegroup-bcc2fbb0-5cc6-aa1f-af64-7baec72beb86",
                            "resources.0.remote_access_security_group_id": "",
                            "scaling_config.#": "1",
                            "scaling_config.0.desired_size": "2",
                            "scaling_config.0.max_size": "2",
                            "scaling_config.0.min_size": "2",
                            "status": "ACTIVE",
                            "subnet_ids.#": "2",
                            "subnet_ids.0": "subnet-0c0b89179c3b96ab5",
                            "subnet_ids.1": "subnet-0c67377d6c70a419c",
                            "tags.%": "5",
                            "tags.alpha.eksctl.io/cluster-name": "dynamic-policy-saas",
                            "tags.alpha.eksctl.io/eksctl-version": "0.127.0",
                            "tags.alpha.eksctl.io/nodegroup-name": "nodegroup",
                            "tags.alpha.eksctl.io/nodegroup-type": "managed",
                            "tags.eksctl.cluster.k8s.io/v1alpha1/cluster-name": "dynamic-policy-saas",
                            "tags_all.%": "5",
                            "tags_all.alpha.eksctl.io/cluster-name": "dynamic-policy-saas",
                            "tags_all.alpha.eksctl.io/eksctl-version": "0.127.0",
                            "tags_all.alpha.eksctl.io/nodegroup-name": "nodegroup",
                            "tags_all.alpha.eksctl.io/nodegroup-type": "managed",
                            "tags_all.eksctl.cluster.k8s.io/v1alpha1/cluster-name": "dynamic-policy-saas",
                            "taint.#": "0",
                            "update_config.#": "1",
                            "update_config.0.max_unavailable": "1",
                            "update_config.0.max_unavailable_percentage": "0",
                            "version": "1.24"
                        },
                        "meta": {
                            "schema_version": 0
                        },
                        "tainted": false
                    },
                    "deposed": [],
                    "provider": "provider.aws"
                }
            },
            "depends_on": []
        }
    ]
}
