{
    "version": 3,
    "terraform_version": "0.12.31",
    "serial": 1,
    "lineage": "d0c22d3b-de7b-966e-10d1-4887f6ca7954",
    "modules": [
        {
            "path": [
                "root"
            ],
            "outputs": {
                "aws_iam_instance_profile_tfer--AWSCloud9SSMInstanceProfile_id": {
                    "sensitive": false,
                    "type": "string",
                    "value": "AWSCloud9SSMInstanceProfile"
                },
                "aws_iam_instance_profile_tfer--dynamic-policy-ref-arch-admin_id": {
                    "sensitive": false,
                    "type": "string",
                    "value": "dynamic-policy-ref-arch-admin"
                },
                "aws_iam_instance_profile_tfer--eks-bcc2fbb0-5cc6-aa1f-af64-7baec72beb86_id": {
                    "sensitive": false,
                    "type": "string",
                    "value": "eks-bcc2fbb0-5cc6-aa1f-af64-7baec72beb86"
                },
                "aws_iam_policy_tfer--DemoUser_id": {
                    "sensitive": false,
                    "type": "string",
                    "value": "arn:aws:iam::591976937045:policy/DemoUser"
                },
                "aws_iam_policy_tfer--SecurityComputeAccess_id": {
                    "sensitive": false,
                    "type": "string",
                    "value": "arn:aws:iam::591976937045:policy/SecurityComputeAccess"
                },
                "aws_iam_policy_tfer--dynamodb-policy-xdgssrli_id": {
                    "sensitive": false,
                    "type": "string",
                    "value": "arn:aws:iam::591976937045:policy/dynamodb-policy-xdgssrli"
                },
                "aws_iam_policy_tfer--s3-object-access-policy-cafiaite_id": {
                    "sensitive": false,
                    "type": "string",
                    "value": "arn:aws:iam::591976937045:policy/s3-object-access-policy-cafiaite"
                },
                "aws_iam_policy_tfer--s3-object-access-policy-oyfrdhcm_id": {
                    "sensitive": false,
                    "type": "string",
                    "value": "arn:aws:iam::591976937045:policy/s3-object-access-policy-oyfrdhcm"
                },
                "aws_iam_policy_tfer--s3-object-access-policy-scbatbdc_id": {
                    "sensitive": false,
                    "type": "string",
                    "value": "arn:aws:iam::591976937045:policy/s3-object-access-policy-scbatbdc"
                },
                "aws_iam_policy_tfer--s3-object-access-policy-vbuizzhv_id": {
                    "sensitive": false,
                    "type": "string",
                    "value": "arn:aws:iam::591976937045:policy/s3-object-access-policy-vbuizzhv"
                },
                "aws_iam_policy_tfer--s3-object-access-policy-xdgssrli_id": {
                    "sensitive": false,
                    "type": "string",
                    "value": "arn:aws:iam::591976937045:policy/s3-object-access-policy-xdgssrli"
                },
                "aws_iam_policy_tfer--vault-sa-assumerole-policy-xdgssrli_id": {
                    "sensitive": false,
                    "type": "string",
                    "value": "arn:aws:iam::591976937045:policy/vault-sa-assumerole-policy-xdgssrli"
                },
                "aws_iam_role_policy_attachment_tfer--AWSCloud9SSMAccessRole_AWSCloud9SSMInstanceProfile_id": {
                    "sensitive": false,
                    "type": "string",
                    "value": "AWSCloud9SSMAccessRole/arn:aws:iam::aws:policy/AWSCloud9SSMInstanceProfile"
                },
                "aws_iam_role_policy_attachment_tfer--AWSServiceRoleForAWSCloud9_AWSCloud9ServiceRolePolicy_id": {
                    "sensitive": false,
                    "type": "string",
                    "value": "AWSServiceRoleForAWSCloud9/arn:aws:iam::aws:policy/aws-service-role/AWSCloud9ServiceRolePolicy"
                },
                "aws_iam_role_policy_attachment_tfer--AWSServiceRoleForAmazonEKSNodegroup_AWSServiceRoleForAmazonEKSNodegroup_id": {
                    "sensitive": false,
                    "type": "string",
                    "value": "AWSServiceRoleForAmazonEKSNodegroup/arn:aws:iam::aws:policy/aws-service-role/AWSServiceRoleForAmazonEKSNodegroup"
                },
                "aws_iam_role_policy_attachment_tfer--AWSServiceRoleForAmazonEKS_AmazonEKSServiceRolePolicy_id": {
                    "sensitive": false,
                    "type": "string",
                    "value": "AWSServiceRoleForAmazonEKS/arn:aws:iam::aws:policy/aws-service-role/AmazonEKSServiceRolePolicy"
                },
                "aws_iam_role_policy_attachment_tfer--AWSServiceRoleForAmazonGuardDuty_AmazonGuardDutyServiceRolePolicy_id": {
                    "sensitive": false,
                    "type": "string",
                    "value": "AWSServiceRoleForAmazonGuardDuty/arn:aws:iam::aws:policy/aws-service-role/AmazonGuardDutyServiceRolePolicy"
                },
                "aws_iam_role_policy_attachment_tfer--AWSServiceRoleForAutoScaling_AutoScalingServiceRolePolicy_id": {
                    "sensitive": false,
                    "type": "string",
                    "value": "AWSServiceRoleForAutoScaling/arn:aws:iam::aws:policy/aws-service-role/AutoScalingServiceRolePolicy"
                },
                "aws_iam_role_policy_attachment_tfer--AWSServiceRoleForCloudTrail_CloudTrailServiceRolePolicy_id": {
                    "sensitive": false,
                    "type": "string",
                    "value": "AWSServiceRoleForCloudTrail/arn:aws:iam::aws:policy/aws-service-role/CloudTrailServiceRolePolicy"
                },
                "aws_iam_role_policy_attachment_tfer--AWSServiceRoleForConfig_AWSConfigServiceRolePolicy_id": {
                    "sensitive": false,
                    "type": "string",
                    "value": "AWSServiceRoleForConfig/arn:aws:iam::aws:policy/aws-service-role/AWSConfigServiceRolePolicy"
                },
                "aws_iam_role_policy_attachment_tfer--AWSServiceRoleForOrganizations_AWSOrganizationsServiceTrustPolicy_id": {
                    "sensitive": false,
                    "type": "string",
                    "value": "AWSServiceRoleForOrganizations/arn:aws:iam::aws:policy/aws-service-role/AWSOrganizationsServiceTrustPolicy"
                },
                "aws_iam_role_policy_attachment_tfer--AWSServiceRoleForSupport_AWSSupportServiceRolePolicy_id": {
                    "sensitive": false,
                    "type": "string",
                    "value": "AWSServiceRoleForSupport/arn:aws:iam::aws:policy/aws-service-role/AWSSupportServiceRolePolicy"
                },
                "aws_iam_role_policy_attachment_tfer--AWSServiceRoleForTrustedAdvisor_AWSTrustedAdvisorServiceRolePolicy_id": {
                    "sensitive": false,
                    "type": "string",
                    "value": "AWSServiceRoleForTrustedAdvisor/arn:aws:iam::aws:policy/aws-service-role/AWSTrustedAdvisorServiceRolePolicy"
                },
                "aws_iam_role_policy_attachment_tfer--dynamic-policy-ref-arch-admin_AdministratorAccess_id": {
                    "sensitive": false,
                    "type": "string",
                    "value": "dynamic-policy-ref-arch-admin/arn:aws:iam::aws:policy/AdministratorAccess"
                },
                "aws_iam_role_policy_attachment_tfer--dynamic-policy-saas-s3-access-role-xdgssrli_s3-object-access-policy-xdgssrli_id": {
                    "sensitive": false,
                    "type": "string",
                    "value": "dynamic-policy-saas-s3-access-role-xdgssrli/arn:aws:iam::591976937045:policy/s3-object-access-policy-xdgssrli"
                },
                "aws_iam_role_policy_attachment_tfer--dynamic-policy-saas-vault-sa-role-xdgssrli_vault-sa-assumerole-policy-xdgssrli_id": {
                    "sensitive": false,
                    "type": "string",
                    "value": "dynamic-policy-saas-vault-sa-role-xdgssrli/arn:aws:iam::591976937045:policy/vault-sa-assumerole-policy-xdgssrli"
                },
                "aws_iam_role_policy_attachment_tfer--eksctl-dynamic-policy-saas-addon-aws-ebs-csi-Role1-QWZPKN5SLWZ7_AmazonEBSCSIDriverPolicy_id": {
                    "sensitive": false,
                    "type": "string",
                    "value": "eksctl-dynamic-policy-saas-addon-aws-ebs-csi-Role1-QWZPKN5SLWZ7/arn:aws:iam::aws:policy/service-role/AmazonEBSCSIDriverPolicy"
                },
                "aws_iam_role_policy_attachment_tfer--eksctl-dynamic-policy-saas-addon-iamservicea-Role1-1IN5O2JI2UWXD_AmazonEKS_CNI_Policy_id": {
                    "sensitive": false,
                    "type": "string",
                    "value": "eksctl-dynamic-policy-saas-addon-iamservicea-Role1-1IN5O2JI2UWXD/arn:aws:iam::aws:policy/AmazonEKS_CNI_Policy"
                },
                "aws_iam_role_policy_attachment_tfer--eksctl-dynamic-policy-saas-cluster-ServiceRole-1KY0S2H79QNW0_AmazonEKSClusterPolicy_id": {
                    "sensitive": false,
                    "type": "string",
                    "value": "eksctl-dynamic-policy-saas-cluster-ServiceRole-1KY0S2H79QNW0/arn:aws:iam::aws:policy/AmazonEKSClusterPolicy"
                },
                "aws_iam_role_policy_attachment_tfer--eksctl-dynamic-policy-saas-cluster-ServiceRole-1KY0S2H79QNW0_AmazonEKSVPCResourceController_id": {
                    "sensitive": false,
                    "type": "string",
                    "value": "eksctl-dynamic-policy-saas-cluster-ServiceRole-1KY0S2H79QNW0/arn:aws:iam::aws:policy/AmazonEKSVPCResourceController"
                },
                "aws_iam_role_policy_attachment_tfer--eksctl-dynamic-policy-saas-nodegr-NodeInstanceRole-1IV221YYCCQET_AmazonEC2ContainerRegistryReadOnly_id": {
                    "sensitive": false,
                    "type": "string",
                    "value": "eksctl-dynamic-policy-saas-nodegr-NodeInstanceRole-1IV221YYCCQET/arn:aws:iam::aws:policy/AmazonEC2ContainerRegistryReadOnly"
                },
                "aws_iam_role_policy_attachment_tfer--eksctl-dynamic-policy-saas-nodegr-NodeInstanceRole-1IV221YYCCQET_AmazonEKSWorkerNodePolicy_id": {
                    "sensitive": false,
                    "type": "string",
                    "value": "eksctl-dynamic-policy-saas-nodegr-NodeInstanceRole-1IV221YYCCQET/arn:aws:iam::aws:policy/AmazonEKSWorkerNodePolicy"
                },
                "aws_iam_role_policy_attachment_tfer--eksctl-dynamic-policy-saas-nodegr-NodeInstanceRole-1IV221YYCCQET_AmazonSSMManagedInstanceCore_id": {
                    "sensitive": false,
                    "type": "string",
                    "value": "eksctl-dynamic-policy-saas-nodegr-NodeInstanceRole-1IV221YYCCQET/arn:aws:iam::aws:policy/AmazonSSMManagedInstanceCore"
                },
                "aws_iam_role_policy_attachment_tfer--honeybee-iam-role_AdministratorAccess_id": {
                    "sensitive": false,
                    "type": "string",
                    "value": "honeybee-iam-role/arn:aws:iam::aws:policy/AdministratorAccess"
                },
                "aws_iam_role_policy_attachment_tfer--vault-role-xdgssrli_dynamodb-policy-xdgssrli_id": {
                    "sensitive": false,
                    "type": "string",
                    "value": "vault-role-xdgssrli/arn:aws:iam::591976937045:policy/dynamodb-policy-xdgssrli"
                },
                "aws_iam_role_policy_tfer--JupiterOneServiceRole_JupiterOneAdditional_id": {
                    "sensitive": false,
                    "type": "string",
                    "value": "JupiterOneServiceRole:JupiterOneAdditional"
                },
                "aws_iam_role_policy_tfer--JupiterOneServiceRole_SecurityAudit_id": {
                    "sensitive": false,
                    "type": "string",
                    "value": "JupiterOneServiceRole:SecurityAudit"
                },
                "aws_iam_role_policy_tfer--PermisoServiceRole_PermisoIdentityReadOnly_id": {
                    "sensitive": false,
                    "type": "string",
                    "value": "PermisoServiceRole:PermisoIdentityReadOnly"
                },
                "aws_iam_role_policy_tfer--aws_jay-002E-aware_test-admin_AdministratorAccess_id": {
                    "sensitive": false,
                    "type": "string",
                    "value": "aws_jay.aware_test-admin:AdministratorAccess"
                },
                "aws_iam_role_policy_tfer--aws_jay-002E-aware_test-developer_AllowEKSOIDCProvider_id": {
                    "sensitive": false,
                    "type": "string",
                    "value": "aws_jay.aware_test-developer:AllowEKSOIDCProvider"
                },
                "aws_iam_role_policy_tfer--aws_jay-002E-aware_test-developer_AllowMutateIAMPoliciesAndPassword_id": {
                    "sensitive": false,
                    "type": "string",
                    "value": "aws_jay.aware_test-developer:AllowMutateIAMPoliciesAndPassword"
                },
                "aws_iam_role_policy_tfer--aws_jay-002E-aware_test-developer_AllowMutateIAM_id": {
                    "sensitive": false,
                    "type": "string",
                    "value": "aws_jay.aware_test-developer:AllowMutateIAM"
                },
                "aws_iam_role_policy_tfer--aws_jay-002E-aware_test-developer_AllowTFCOIDCProvider_id": {
                    "sensitive": false,
                    "type": "string",
                    "value": "aws_jay.aware_test-developer:AllowTFCOIDCProvider"
                },
                "aws_iam_role_policy_tfer--aws_jay-002E-aware_test-developer_DemoUserCreate_id": {
                    "sensitive": false,
                    "type": "string",
                    "value": "aws_jay.aware_test-developer:DemoUserCreate"
                },
                "aws_iam_role_policy_tfer--aws_jay-002E-aware_test-developer_IAMAndOrgReadOnlyAccess_id": {
                    "sensitive": false,
                    "type": "string",
                    "value": "aws_jay.aware_test-developer:IAMAndOrgReadOnlyAccess"
                },
                "aws_iam_role_policy_tfer--aws_jay-002E-aware_test-developer_PowerUserAccess_id": {
                    "sensitive": false,
                    "type": "string",
                    "value": "aws_jay.aware_test-developer:PowerUserAccess"
                },
                "aws_iam_role_policy_tfer--aws_jay-002E-aware_test-viewer_AdditionalMetadataAccess_id": {
                    "sensitive": false,
                    "type": "string",
                    "value": "aws_jay.aware_test-viewer:AdditionalMetadataAccess"
                },
                "aws_iam_role_policy_tfer--aws_jay-002E-aware_test-viewer_SecurityAudit_id": {
                    "sensitive": false,
                    "type": "string",
                    "value": "aws_jay.aware_test-viewer:SecurityAudit"
                },
                "aws_iam_role_policy_tfer--aws_jay-002E-aware_test-viewer_ViewOnlyAccess_id": {
                    "sensitive": false,
                    "type": "string",
                    "value": "aws_jay.aware_test-viewer:ViewOnlyAccess"
                },
                "aws_iam_role_policy_tfer--doormat-ssm_SSM_id": {
                    "sensitive": false,
                    "type": "string",
                    "value": "doormat-ssm:SSM"
                },
                "aws_iam_role_policy_tfer--doormat_AccountBootstrapIAMAccountAlias_id": {
                    "sensitive": false,
                    "type": "string",
                    "value": "doormat:AccountBootstrapIAMAccountAlias"
                },
                "aws_iam_role_policy_tfer--doormat_AccountBootstrapIAMAssumeRolePolicy_id": {
                    "sensitive": false,
                    "type": "string",
                    "value": "doormat:AccountBootstrapIAMAssumeRolePolicy"
                },
                "aws_iam_role_policy_tfer--doormat_IAMRead_id": {
                    "sensitive": false,
                    "type": "string",
                    "value": "doormat:IAMRead"
                },
                "aws_iam_role_policy_tfer--doormat_SSMListInstances_id": {
                    "sensitive": false,
                    "type": "string",
                    "value": "doormat:SSMListInstances"
                },
                "aws_iam_role_policy_tfer--eksctl-dynamic-policy-saas-cluster-ServiceRole-1KY0S2H79QNW0_eksctl-dynamic-policy-saas-cluster-PolicyCloudWatchMetrics_id": {
                    "sensitive": false,
                    "type": "string",
                    "value": "eksctl-dynamic-policy-saas-cluster-ServiceRole-1KY0S2H79QNW0:eksctl-dynamic-policy-saas-cluster-PolicyCloudWatchMetrics"
                },
                "aws_iam_role_policy_tfer--eksctl-dynamic-policy-saas-cluster-ServiceRole-1KY0S2H79QNW0_eksctl-dynamic-policy-saas-cluster-PolicyELBPermissions_id": {
                    "sensitive": false,
                    "type": "string",
                    "value": "eksctl-dynamic-policy-saas-cluster-ServiceRole-1KY0S2H79QNW0:eksctl-dynamic-policy-saas-cluster-PolicyELBPermissions"
                },
                "aws_iam_role_policy_tfer--honeybee-config-recorder_ModifyIAM_id": {
                    "sensitive": false,
                    "type": "string",
                    "value": "honeybee-config-recorder:ModifyIAM"
                },
                "aws_iam_role_policy_tfer--honeybee-iam-account-alias_ModifyIAMAccountAlias_id": {
                    "sensitive": false,
                    "type": "string",
                    "value": "honeybee-iam-account-alias:ModifyIAMAccountAlias"
                },
                "aws_iam_role_policy_tfer--honeybee-iam-policy_ModifyIAM_id": {
                    "sensitive": false,
                    "type": "string",
                    "value": "honeybee-iam-policy:ModifyIAM"
                },
                "aws_iam_role_policy_tfer--honeybee-iam-role_ModifyIAM_id": {
                    "sensitive": false,
                    "type": "string",
                    "value": "honeybee-iam-role:ModifyIAM"
                },
                "aws_iam_role_policy_tfer--sec-break-glass_BreakGlass_id": {
                    "sensitive": false,
                    "type": "string",
                    "value": "sec-break-glass:BreakGlass"
                },
                "aws_iam_role_policy_tfer--security-response_EC2InstanceCollection_id": {
                    "sensitive": false,
                    "type": "string",
                    "value": "security-response:EC2InstanceCollection"
                },
                "aws_iam_role_policy_tfer--security-response_EC2InstanceTermination_id": {
                    "sensitive": false,
                    "type": "string",
                    "value": "security-response:EC2InstanceTermination"
                },
                "aws_iam_role_policy_tfer--security-response_IAMKeyDeletion_id": {
                    "sensitive": false,
                    "type": "string",
                    "value": "security-response:IAMKeyDeletion"
                },
                "aws_iam_role_policy_tfer--security-response_IAMRoleDeletion_id": {
                    "sensitive": false,
                    "type": "string",
                    "value": "security-response:IAMRoleDeletion"
                },
                "aws_iam_role_policy_tfer--torq-inspect_TorqAdditional_id": {
                    "sensitive": false,
                    "type": "string",
                    "value": "torq-inspect:TorqAdditional"
                },
                "aws_iam_role_policy_tfer--torq-inspect_TorqReadSwag_id": {
                    "sensitive": false,
                    "type": "string",
                    "value": "torq-inspect:TorqReadSwag"
                },
                "aws_iam_role_policy_tfer--torq-inspect_TorqSecurityAudit_id": {
                    "sensitive": false,
                    "type": "string",
                    "value": "torq-inspect:TorqSecurityAudit"
                },
                "aws_iam_role_policy_tfer--vault-assumed-role-credentials-demo_DescribeRegions_id": {
                    "sensitive": false,
                    "type": "string",
                    "value": "vault-assumed-role-credentials-demo:DescribeRegions"
                },
                "aws_iam_role_tfer--AWSCloud9SSMAccessRole_id": {
                    "sensitive": false,
                    "type": "string",
                    "value": "AWSCloud9SSMAccessRole"
                },
                "aws_iam_role_tfer--AWSServiceRoleForAWSCloud9_id": {
                    "sensitive": false,
                    "type": "string",
                    "value": "AWSServiceRoleForAWSCloud9"
                },
                "aws_iam_role_tfer--AWSServiceRoleForAmazonEKSNodegroup_id": {
                    "sensitive": false,
                    "type": "string",
                    "value": "AWSServiceRoleForAmazonEKSNodegroup"
                },
                "aws_iam_role_tfer--AWSServiceRoleForAmazonEKS_id": {
                    "sensitive": false,
                    "type": "string",
                    "value": "AWSServiceRoleForAmazonEKS"
                },
                "aws_iam_role_tfer--AWSServiceRoleForAmazonGuardDuty_id": {
                    "sensitive": false,
                    "type": "string",
                    "value": "AWSServiceRoleForAmazonGuardDuty"
                },
                "aws_iam_role_tfer--AWSServiceRoleForAutoScaling_id": {
                    "sensitive": false,
                    "type": "string",
                    "value": "AWSServiceRoleForAutoScaling"
                },
                "aws_iam_role_tfer--AWSServiceRoleForCloudTrail_id": {
                    "sensitive": false,
                    "type": "string",
                    "value": "AWSServiceRoleForCloudTrail"
                },
                "aws_iam_role_tfer--AWSServiceRoleForConfig_id": {
                    "sensitive": false,
                    "type": "string",
                    "value": "AWSServiceRoleForConfig"
                },
                "aws_iam_role_tfer--AWSServiceRoleForOrganizations_id": {
                    "sensitive": false,
                    "type": "string",
                    "value": "AWSServiceRoleForOrganizations"
                },
                "aws_iam_role_tfer--AWSServiceRoleForSupport_id": {
                    "sensitive": false,
                    "type": "string",
                    "value": "AWSServiceRoleForSupport"
                },
                "aws_iam_role_tfer--AWSServiceRoleForTrustedAdvisor_id": {
                    "sensitive": false,
                    "type": "string",
                    "value": "AWSServiceRoleForTrustedAdvisor"
                },
                "aws_iam_role_tfer--JupiterOneServiceRole_id": {
                    "sensitive": false,
                    "type": "string",
                    "value": "JupiterOneServiceRole"
                },
                "aws_iam_role_tfer--PermisoServiceRole_id": {
                    "sensitive": false,
                    "type": "string",
                    "value": "PermisoServiceRole"
                },
                "aws_iam_role_tfer--aws_jay-002E-aware_test-admin_id": {
                    "sensitive": false,
                    "type": "string",
                    "value": "aws_jay.aware_test-admin"
                },
                "aws_iam_role_tfer--aws_jay-002E-aware_test-developer_id": {
                    "sensitive": false,
                    "type": "string",
                    "value": "aws_jay.aware_test-developer"
                },
                "aws_iam_role_tfer--aws_jay-002E-aware_test-viewer_id": {
                    "sensitive": false,
                    "type": "string",
                    "value": "aws_jay.aware_test-viewer"
                },
                "aws_iam_role_tfer--doormat-ssm_id": {
                    "sensitive": false,
                    "type": "string",
                    "value": "doormat-ssm"
                },
                "aws_iam_role_tfer--doormat_id": {
                    "sensitive": false,
                    "type": "string",
                    "value": "doormat"
                },
                "aws_iam_role_tfer--dynamic-policy-ref-arch-admin_id": {
                    "sensitive": false,
                    "type": "string",
                    "value": "dynamic-policy-ref-arch-admin"
                },
                "aws_iam_role_tfer--dynamic-policy-saas-s3-access-role-xdgssrli_id": {
                    "sensitive": false,
                    "type": "string",
                    "value": "dynamic-policy-saas-s3-access-role-xdgssrli"
                },
                "aws_iam_role_tfer--dynamic-policy-saas-vault-sa-role-mwuwglxk_id": {
                    "sensitive": false,
                    "type": "string",
                    "value": "dynamic-policy-saas-vault-sa-role-mwuwglxk"
                },
                "aws_iam_role_tfer--dynamic-policy-saas-vault-sa-role-xdgssrli_id": {
                    "sensitive": false,
                    "type": "string",
                    "value": "dynamic-policy-saas-vault-sa-role-xdgssrli"
                },
                "aws_iam_role_tfer--eksctl-dynamic-policy-saas-addon-aws-ebs-csi-Role1-QWZPKN5SLWZ7_id": {
                    "sensitive": false,
                    "type": "string",
                    "value": "eksctl-dynamic-policy-saas-addon-aws-ebs-csi-Role1-QWZPKN5SLWZ7"
                },
                "aws_iam_role_tfer--eksctl-dynamic-policy-saas-addon-iamservicea-Role1-1IN5O2JI2UWXD_id": {
                    "sensitive": false,
                    "type": "string",
                    "value": "eksctl-dynamic-policy-saas-addon-iamservicea-Role1-1IN5O2JI2UWXD"
                },
                "aws_iam_role_tfer--eksctl-dynamic-policy-saas-cluster-ServiceRole-1KY0S2H79QNW0_id": {
                    "sensitive": false,
                    "type": "string",
                    "value": "eksctl-dynamic-policy-saas-cluster-ServiceRole-1KY0S2H79QNW0"
                },
                "aws_iam_role_tfer--eksctl-dynamic-policy-saas-nodegr-NodeInstanceRole-1IV221YYCCQET_id": {
                    "sensitive": false,
                    "type": "string",
                    "value": "eksctl-dynamic-policy-saas-nodegr-NodeInstanceRole-1IV221YYCCQET"
                },
                "aws_iam_role_tfer--honeybee-config-recorder_id": {
                    "sensitive": false,
                    "type": "string",
                    "value": "honeybee-config-recorder"
                },
                "aws_iam_role_tfer--honeybee-iam-account-alias_id": {
                    "sensitive": false,
                    "type": "string",
                    "value": "honeybee-iam-account-alias"
                },
                "aws_iam_role_tfer--honeybee-iam-policy_id": {
                    "sensitive": false,
                    "type": "string",
                    "value": "honeybee-iam-policy"
                },
                "aws_iam_role_tfer--honeybee-iam-role_id": {
                    "sensitive": false,
                    "type": "string",
                    "value": "honeybee-iam-role"
                },
                "aws_iam_role_tfer--sec-break-glass_id": {
                    "sensitive": false,
                    "type": "string",
                    "value": "sec-break-glass"
                },
                "aws_iam_role_tfer--security-response_id": {
                    "sensitive": false,
                    "type": "string",
                    "value": "security-response"
                },
                "aws_iam_role_tfer--torq-inspect_id": {
                    "sensitive": false,
                    "type": "string",
                    "value": "torq-inspect"
                },
                "aws_iam_role_tfer--vault-assumed-role-credentials-demo_id": {
                    "sensitive": false,
                    "type": "string",
                    "value": "vault-assumed-role-credentials-demo"
                },
                "aws_iam_role_tfer--vault-role-xdgssrli_id": {
                    "sensitive": false,
                    "type": "string",
                    "value": "vault-role-xdgssrli"
                }
            },
            "resources": {
                "aws_iam_instance_profile.tfer--AWSCloud9SSMInstanceProfile": {
                    "type": "aws_iam_instance_profile",
                    "depends_on": [],
                    "primary": {
                        "id": "AWSCloud9SSMInstanceProfile",
                        "attributes": {
                            "arn": "arn:aws:iam::591976937045:instance-profile/cloud9/AWSCloud9SSMInstanceProfile",
                            "create_date": "2023-01-26T03:38:45Z",
                            "id": "AWSCloud9SSMInstanceProfile",
                            "name": "AWSCloud9SSMInstanceProfile",
                            "path": "/cloud9/",
                            "role": "AWSCloud9SSMAccessRole",
                            "tags.%": "0",
                            "tags_all.%": "0",
                            "unique_id": "AIPAYTVETGZKU4RCMIXYP"
                        },
                        "meta": {
                            "schema_version": 0
                        },
                        "tainted": false
                    },
                    "deposed": [],
                    "provider": "provider.aws"
                },
                "aws_iam_instance_profile.tfer--dynamic-policy-ref-arch-admin": {
                    "type": "aws_iam_instance_profile",
                    "depends_on": [],
                    "primary": {
                        "id": "dynamic-policy-ref-arch-admin",
                        "attributes": {
                            "arn": "arn:aws:iam::591976937045:instance-profile/dynamic-policy-ref-arch-admin",
                            "create_date": "2023-01-26T03:40:02Z",
                            "id": "dynamic-policy-ref-arch-admin",
                            "name": "dynamic-policy-ref-arch-admin",
                            "path": "/",
                            "role": "dynamic-policy-ref-arch-admin",
                            "tags.%": "0",
                            "tags_all.%": "0",
                            "unique_id": "AIPAYTVETGZKWGCERF2M7"
                        },
                        "meta": {
                            "schema_version": 0
                        },
                        "tainted": false
                    },
                    "deposed": [],
                    "provider": "provider.aws"
                },
                "aws_iam_instance_profile.tfer--eks-bcc2fbb0-5cc6-aa1f-af64-7baec72beb86": {
                    "type": "aws_iam_instance_profile",
                    "depends_on": [],
                    "primary": {
                        "id": "eks-bcc2fbb0-5cc6-aa1f-af64-7baec72beb86",
                        "attributes": {
                            "arn": "arn:aws:iam::591976937045:instance-profile/eks-bcc2fbb0-5cc6-aa1f-af64-7baec72beb86",
                            "create_date": "2023-01-28T07:56:44Z",
                            "id": "eks-bcc2fbb0-5cc6-aa1f-af64-7baec72beb86",
                            "name": "eks-bcc2fbb0-5cc6-aa1f-af64-7baec72beb86",
                            "path": "/",
                            "role": "eksctl-dynamic-policy-saas-nodegr-NodeInstanceRole-1IV221YYCCQET",
                            "tags.%": "0",
                            "tags_all.%": "0",
                            "unique_id": "AIPAYTVETGZK7GP5ZHY2D"
                        },
                        "meta": {
                            "schema_version": 0
                        },
                        "tainted": false
                    },
                    "deposed": [],
                    "provider": "provider.aws"
                },
                "aws_iam_policy.tfer--DemoUser": {
                    "type": "aws_iam_policy",
                    "depends_on": [],
                    "primary": {
                        "id": "arn:aws:iam::591976937045:policy/DemoUser",
                        "attributes": {
                            "arn": "arn:aws:iam::591976937045:policy/DemoUser",
                            "description": "Policy for Boundary and Vault IAM Demo Users",
                            "id": "arn:aws:iam::591976937045:policy/DemoUser",
                            "name": "DemoUser",
                            "path": "/",
                            "policy": "{\"Statement\":[{\"Action\":[\"ec2:DescribeInstances\",\"ec2:DescribeRegions\",\"iam:GetInstanceProfile\"],\"Effect\":\"Allow\",\"Resource\":\"*\",\"Sid\":\"DemoUserPermissions\"},{\"Action\":[\"sts:AssumeRole\"],\"Effect\":\"Allow\",\"Resource\":\"arn:aws:iam::591976937045:role/vault-assumed-role-credentials-demo\",\"Sid\":\"DemoAssumedRoleCredentialType\"},{\"Action\":[\"sts:GetFederationToken\"],\"Effect\":\"Allow\",\"Resource\":\"arn:aws:sts::591976937045:federated-user/${aws:username}*\",\"Sid\":\"DemoUserFederationCredentialType\"},{\"Action\":[\"iam:CreateUser\"],\"Condition\":{\"StringEquals\":{\"iam:PermissionsBoundary\":\"arn:aws:iam::591976937045:policy/DemoUser\"}},\"Effect\":\"Allow\",\"Resource\":\"arn:aws:iam::591976937045:user/${aws:username}*\",\"Sid\":\"CreateChildUser\"},{\"Action\":[\"iam:DeleteUser\",\"iam:DeleteUserPolicy\",\"iam:PutUserPolicy\",\"iam:TagUser\",\"iam:UntagUser\"],\"Effect\":\"Allow\",\"Resource\":\"arn:aws:iam::591976937045:user/${aws:username}*\",\"Sid\":\"ManageAndDeleteChildren\"},{\"Action\":[\"iam:CreateAccessKey\",\"iam:DeleteAccessKey\",\"iam:GetAccessKeyLastUsed\",\"iam:GetUser\",\"iam:GetUserPolicy\",\"iam:List*\",\"iam:UpdateAccessKey\"],\"Effect\":\"Allow\",\"Resource\":\"arn:aws:iam::591976937045:user/${aws:username}*\",\"Sid\":\"ManageSelfAndChildren\"},{\"Effect\":\"Deny\",\"NotAction\":[\"ec2:DescribeRegions\",\"ec2:DescribeInstances\",\"iam:CreateAccessKey\",\"iam:CreateUser\",\"iam:DeleteAccessKey\",\"iam:DeleteUser\",\"iam:DeleteUserPolicy\",\"iam:GetAccessKeyLastUsed\",\"iam:GetInstanceProfile\",\"iam:GetUser\",\"iam:GetUserPolicy\",\"iam:List*\",\"iam:PutUserPolicy\",\"iam:TagUser\",\"iam:UntagUser\",\"iam:UpdateAccessKey\",\"sts:AssumeRole\",\"sts:GetFederationToken\"],\"Resource\":\"*\",\"Sid\":\"ExplicitDenyAll\"},{\"Action\":\"sts:AssumeRole\",\"Effect\":\"Deny\",\"NotResource\":\"arn:aws:iam::591976937045:role/vault-assumed-role-credentials-demo\",\"Sid\":\"ExplicitDenyAssumeRole\"}],\"Version\":\"2012-10-17\"}",
                            "policy_id": "ANPAYTVETGZKXD62YRIET",
                            "tags.%": "2",
                            "tags.hc-config-as-code": "honeybee",
                            "tags.hc-owner-dl": "team-secops@hashicorp.com",
                            "tags_all.%": "2",
                            "tags_all.hc-config-as-code": "honeybee",
                            "tags_all.hc-owner-dl": "team-secops@hashicorp.com"
                        },
                        "meta": {
                            "schema_version": 0
                        },
                        "tainted": false
                    },
                    "deposed": [],
                    "provider": "provider.aws"
                },
                "aws_iam_policy.tfer--SecurityComputeAccess": {
                    "type": "aws_iam_policy",
                    "depends_on": [],
                    "primary": {
                        "id": "arn:aws:iam::591976937045:policy/SecurityComputeAccess",
                        "attributes": {
                            "arn": "arn:aws:iam::591976937045:policy/SecurityComputeAccess",
                            "description": "Base Managed Policy for Security Tooling",
                            "id": "arn:aws:iam::591976937045:policy/SecurityComputeAccess",
                            "name": "SecurityComputeAccess",
                            "path": "/",
                            "policy": "{\"Statement\":[{\"Action\":[\"ssm:DescribeAssociation\",\"ssm:GetDeployablePatchSnapshotForInstance\",\"ssm:GetDocument\",\"ssm:DescribeDocument\",\"ssm:GetManifest\",\"ssm:ListAssociations\",\"ssm:ListInstanceAssociations\",\"ssm:PutInventory\",\"ssm:PutComplianceItems\",\"ssm:PutConfigurePackageResult\",\"ssm:UpdateAssociationStatus\",\"ssm:UpdateInstanceAssociationStatus\",\"ssm:UpdateInstanceInformation\"],\"Effect\":\"Allow\",\"Resource\":\"*\",\"Sid\":\"1\"},{\"Action\":[\"ssmmessages:CreateControlChannel\",\"ssmmessages:CreateDataChannel\",\"ssmmessages:OpenControlChannel\",\"ssmmessages:OpenDataChannel\"],\"Effect\":\"Allow\",\"Resource\":\"*\",\"Sid\":\"2\"},{\"Action\":[\"ec2messages:AcknowledgeMessage\",\"ec2messages:DeleteMessage\",\"ec2messages:FailMessage\",\"ec2messages:GetEndpoint\",\"ec2messages:GetMessages\",\"ec2messages:SendReply\"],\"Effect\":\"Allow\",\"Resource\":\"*\",\"Sid\":\"3\"},{\"Action\":[\"ssm:GetParameter\",\"ssm:GetParameters\"],\"Effect\":\"Allow\",\"Resource\":\"arn:aws:ssm:*:591976937045:parameter/security-ssm/*\",\"Sid\":\"4\"}],\"Version\":\"2012-10-17\"}",
                            "policy_id": "ANPAYTVETGZKWNNUMMKOV",
                            "tags.%": "2",
                            "tags.hc-config-as-code": "honeybee",
                            "tags.hc-owner-dl": "team-secops@hashicorp.com",
                            "tags_all.%": "2",
                            "tags_all.hc-config-as-code": "honeybee",
                            "tags_all.hc-owner-dl": "team-secops@hashicorp.com"
                        },
                        "meta": {
                            "schema_version": 0
                        },
                        "tainted": false
                    },
                    "deposed": [],
                    "provider": "provider.aws"
                },
                "aws_iam_policy.tfer--dynamodb-policy-xdgssrli": {
                    "type": "aws_iam_policy",
                    "depends_on": [],
                    "primary": {
                        "id": "arn:aws:iam::591976937045:policy/dynamodb-policy-xdgssrli",
                        "attributes": {
                            "arn": "arn:aws:iam::591976937045:policy/dynamodb-policy-xdgssrli",
                            "description": "",
                            "id": "arn:aws:iam::591976937045:policy/dynamodb-policy-xdgssrli",
                            "name": "dynamodb-policy-xdgssrli",
                            "path": "/",
                            "policy": "{\"Statement\":[{\"Action\":[\"dynamodb:GetItem\",\"dynamodb:BatchGetItem\",\"dynamodb:Query\",\"dynamodb:DescribeTable\"],\"Effect\":\"Allow\",\"Resource\":\"arn:aws:dynamodb:us-east-2:591976937045:table/Products_xdgssrli\"}],\"Version\":\"2012-10-17\"}",
                            "policy_id": "ANPAYTVETGZK2MQJI4Q6Y",
                            "tags.%": "0",
                            "tags_all.%": "0"
                        },
                        "meta": {
                            "schema_version": 0
                        },
                        "tainted": false
                    },
                    "deposed": [],
                    "provider": "provider.aws"
                },
                "aws_iam_policy.tfer--s3-object-access-policy-cafiaite": {
                    "type": "aws_iam_policy",
                    "depends_on": [],
                    "primary": {
                        "id": "arn:aws:iam::591976937045:policy/s3-object-access-policy-cafiaite",
                        "attributes": {
                            "arn": "arn:aws:iam::591976937045:policy/s3-object-access-policy-cafiaite",
                            "description": "",
                            "id": "arn:aws:iam::591976937045:policy/s3-object-access-policy-cafiaite",
                            "name": "s3-object-access-policy-cafiaite",
                            "path": "/",
                            "policy": "{\"Statement\":[{\"Action\":[\"s3:GetObject\",\"s3:GetObjectVersion\"],\"Effect\":\"Allow\",\"Resource\":\"arn:aws:s3:::vault-agent-template-cafiaite/*\"},{\"Action\":\"s3:ListBucket\",\"Effect\":\"Allow\",\"Resource\":\"arn:aws:s3:::vault-agent-template-cafiaite\"}],\"Version\":\"2012-10-17\"}",
                            "policy_id": "ANPAYTVETGZKQ4BFACPZF",
                            "tags.%": "0",
                            "tags_all.%": "0"
                        },
                        "meta": {
                            "schema_version": 0
                        },
                        "tainted": false
                    },
                    "deposed": [],
                    "provider": "provider.aws"
                },
                "aws_iam_policy.tfer--s3-object-access-policy-oyfrdhcm": {
                    "type": "aws_iam_policy",
                    "depends_on": [],
                    "primary": {
                        "id": "arn:aws:iam::591976937045:policy/s3-object-access-policy-oyfrdhcm",
                        "attributes": {
                            "arn": "arn:aws:iam::591976937045:policy/s3-object-access-policy-oyfrdhcm",
                            "description": "",
                            "id": "arn:aws:iam::591976937045:policy/s3-object-access-policy-oyfrdhcm",
                            "name": "s3-object-access-policy-oyfrdhcm",
                            "path": "/",
                            "policy": "{\"Statement\":[{\"Action\":[\"s3:GetObject\",\"s3:GetObjectVersion\"],\"Effect\":\"Allow\",\"Resource\":\"arn:aws:s3:::vault-agent-template-oyfrdhcm/*\"},{\"Action\":\"s3:ListBucket\",\"Effect\":\"Allow\",\"Resource\":\"arn:aws:s3:::vault-agent-template-oyfrdhcm\"}],\"Version\":\"2012-10-17\"}",
                            "policy_id": "ANPAYTVETGZK357D2FAK2",
                            "tags.%": "0",
                            "tags_all.%": "0"
                        },
                        "meta": {
                            "schema_version": 0
                        },
                        "tainted": false
                    },
                    "deposed": [],
                    "provider": "provider.aws"
                },
                "aws_iam_policy.tfer--s3-object-access-policy-scbatbdc": {
                    "type": "aws_iam_policy",
                    "depends_on": [],
                    "primary": {
                        "id": "arn:aws:iam::591976937045:policy/s3-object-access-policy-scbatbdc",
                        "attributes": {
                            "arn": "arn:aws:iam::591976937045:policy/s3-object-access-policy-scbatbdc",
                            "description": "",
                            "id": "arn:aws:iam::591976937045:policy/s3-object-access-policy-scbatbdc",
                            "name": "s3-object-access-policy-scbatbdc",
                            "path": "/",
                            "policy": "{\"Statement\":[{\"Action\":[\"s3:GetObject\",\"s3:GetObjectVersion\"],\"Effect\":\"Allow\",\"Resource\":\"arn:aws:s3:::vault-agent-template-scbatbdc/*\"},{\"Action\":\"s3:ListBucket\",\"Effect\":\"Allow\",\"Resource\":\"arn:aws:s3:::vault-agent-template-scbatbdc\"}],\"Version\":\"2012-10-17\"}",
                            "policy_id": "ANPAYTVETGZK6HMQAH6GK",
                            "tags.%": "0",
                            "tags_all.%": "0"
                        },
                        "meta": {
                            "schema_version": 0
                        },
                        "tainted": false
                    },
                    "deposed": [],
                    "provider": "provider.aws"
                },
                "aws_iam_policy.tfer--s3-object-access-policy-vbuizzhv": {
                    "type": "aws_iam_policy",
                    "depends_on": [],
                    "primary": {
                        "id": "arn:aws:iam::591976937045:policy/s3-object-access-policy-vbuizzhv",
                        "attributes": {
                            "arn": "arn:aws:iam::591976937045:policy/s3-object-access-policy-vbuizzhv",
                            "description": "",
                            "id": "arn:aws:iam::591976937045:policy/s3-object-access-policy-vbuizzhv",
                            "name": "s3-object-access-policy-vbuizzhv",
                            "path": "/",
                            "policy": "{\"Statement\":[{\"Action\":[\"s3:GetObject\",\"s3:GetObjectVersion\"],\"Effect\":\"Allow\",\"Resource\":\"arn:aws:s3:::vault-agent-template-vbuizzhv/*\"},{\"Action\":\"s3:ListBucket\",\"Effect\":\"Allow\",\"Resource\":\"arn:aws:s3:::vault-agent-template-vbuizzhv\"}],\"Version\":\"2012-10-17\"}",
                            "policy_id": "ANPAYTVETGZKUQPL24E3E",
                            "tags.%": "0",
                            "tags_all.%": "0"
                        },
                        "meta": {
                            "schema_version": 0
                        },
                        "tainted": false
                    },
                    "deposed": [],
                    "provider": "provider.aws"
                },
                "aws_iam_policy.tfer--s3-object-access-policy-xdgssrli": {
                    "type": "aws_iam_policy",
                    "depends_on": [],
                    "primary": {
                        "id": "arn:aws:iam::591976937045:policy/s3-object-access-policy-xdgssrli",
                        "attributes": {
                            "arn": "arn:aws:iam::591976937045:policy/s3-object-access-policy-xdgssrli",
                            "description": "",
                            "id": "arn:aws:iam::591976937045:policy/s3-object-access-policy-xdgssrli",
                            "name": "s3-object-access-policy-xdgssrli",
                            "path": "/",
                            "policy": "{\"Statement\":[{\"Action\":[\"s3:GetObject\",\"s3:GetObjectVersion\"],\"Effect\":\"Allow\",\"Resource\":\"arn:aws:s3:::vault-agent-template-xdgssrli/*\"},{\"Action\":\"s3:ListBucket\",\"Effect\":\"Allow\",\"Resource\":\"arn:aws:s3:::vault-agent-template-xdgssrli\"}],\"Version\":\"2012-10-17\"}",
                            "policy_id": "ANPAYTVETGZKTW7AQ3TAG",
                            "tags.%": "0",
                            "tags_all.%": "0"
                        },
                        "meta": {
                            "schema_version": 0
                        },
                        "tainted": false
                    },
                    "deposed": [],
                    "provider": "provider.aws"
                },
                "aws_iam_policy.tfer--vault-sa-assumerole-policy-xdgssrli": {
                    "type": "aws_iam_policy",
                    "depends_on": [],
                    "primary": {
                        "id": "arn:aws:iam::591976937045:policy/vault-sa-assumerole-policy-xdgssrli",
                        "attributes": {
                            "arn": "arn:aws:iam::591976937045:policy/vault-sa-assumerole-policy-xdgssrli",
                            "description": "",
                            "id": "arn:aws:iam::591976937045:policy/vault-sa-assumerole-policy-xdgssrli",
                            "name": "vault-sa-assumerole-policy-xdgssrli",
                            "path": "/",
                            "policy": "{\"Statement\":{\"Action\":\"sts:AssumeRole\",\"Effect\":\"Allow\",\"Resource\":\"arn:aws:iam::591976937045:role/vault-role-xdgssrli\"},\"Version\":\"2012-10-17\"}",
                            "policy_id": "ANPAYTVETGZK557C453BE",
                            "tags.%": "0",
                            "tags_all.%": "0"
                        },
                        "meta": {
                            "schema_version": 0
                        },
                        "tainted": false
                    },
                    "deposed": [],
                    "provider": "provider.aws"
                },
                "aws_iam_role.tfer--AWSCloud9SSMAccessRole": {
                    "type": "aws_iam_role",
                    "depends_on": [],
                    "primary": {
                        "id": "AWSCloud9SSMAccessRole",
                        "attributes": {
                            "arn": "arn:aws:iam::591976937045:role/service-role/AWSCloud9SSMAccessRole",
                            "assume_role_policy": "{\"Statement\":[{\"Action\":\"sts:AssumeRole\",\"Effect\":\"Allow\",\"Principal\":{\"Service\":[\"cloud9.amazonaws.com\",\"ec2.amazonaws.com\"]}}],\"Version\":\"2012-10-17\"}",
                            "create_date": "2023-01-26T03:38:45Z",
                            "description": "",
                            "id": "AWSCloud9SSMAccessRole",
                            "managed_policy_arns.#": "1",
                            "managed_policy_arns.0": "arn:aws:iam::aws:policy/AWSCloud9SSMInstanceProfile",
                            "max_session_duration": "3600",
                            "name": "AWSCloud9SSMAccessRole",
                            "name_prefix": "",
                            "path": "/service-role/",
                            "tags.%": "0",
                            "tags_all.%": "0",
                            "unique_id": "AROAYTVETGZK2JE4Z2VQJ"
                        },
                        "meta": {
                            "schema_version": 0
                        },
                        "tainted": false
                    },
                    "deposed": [],
                    "provider": "provider.aws"
                },
                "aws_iam_role.tfer--AWSServiceRoleForAWSCloud9": {
                    "type": "aws_iam_role",
                    "depends_on": [],
                    "primary": {
                        "id": "AWSServiceRoleForAWSCloud9",
                        "attributes": {
                            "arn": "arn:aws:iam::591976937045:role/aws-service-role/cloud9.amazonaws.com/AWSServiceRoleForAWSCloud9",
                            "assume_role_policy": "{\"Statement\":[{\"Action\":\"sts:AssumeRole\",\"Effect\":\"Allow\",\"Principal\":{\"Service\":\"cloud9.amazonaws.com\"}}],\"Version\":\"2012-10-17\"}",
                            "create_date": "2023-01-26T03:38:46Z",
                            "description": "Service linked role for AWS Cloud9",
                            "id": "AWSServiceRoleForAWSCloud9",
                            "managed_policy_arns.#": "1",
                            "managed_policy_arns.0": "arn:aws:iam::aws:policy/aws-service-role/AWSCloud9ServiceRolePolicy",
                            "max_session_duration": "3600",
                            "name": "AWSServiceRoleForAWSCloud9",
                            "name_prefix": "",
                            "path": "/aws-service-role/cloud9.amazonaws.com/",
                            "tags.%": "0",
                            "tags_all.%": "0",
                            "unique_id": "AROAYTVETGZKRO47VZB3A"
                        },
                        "meta": {
                            "schema_version": 0
                        },
                        "tainted": false
                    },
                    "deposed": [],
                    "provider": "provider.aws"
                },
                "aws_iam_role.tfer--AWSServiceRoleForAmazonEKS": {
                    "type": "aws_iam_role",
                    "depends_on": [],
                    "primary": {
                        "id": "AWSServiceRoleForAmazonEKS",
                        "attributes": {
                            "arn": "arn:aws:iam::591976937045:role/aws-service-role/eks.amazonaws.com/AWSServiceRoleForAmazonEKS",
                            "assume_role_policy": "{\"Statement\":[{\"Action\":\"sts:AssumeRole\",\"Effect\":\"Allow\",\"Principal\":{\"Service\":\"eks.amazonaws.com\"}}],\"Version\":\"2012-10-17\"}",
                            "create_date": "2023-01-27T03:37:08Z",
                            "description": "Allows Amazon EKS to call AWS services on your behalf.",
                            "id": "AWSServiceRoleForAmazonEKS",
                            "managed_policy_arns.#": "1",
                            "managed_policy_arns.0": "arn:aws:iam::aws:policy/aws-service-role/AmazonEKSServiceRolePolicy",
                            "max_session_duration": "3600",
                            "name": "AWSServiceRoleForAmazonEKS",
                            "name_prefix": "",
                            "path": "/aws-service-role/eks.amazonaws.com/",
                            "tags.%": "0",
                            "tags_all.%": "0",
                            "unique_id": "AROAYTVETGZK7HJQBPGUQ"
                        },
                        "meta": {
                            "schema_version": 0
                        },
                        "tainted": false
                    },
                    "deposed": [],
                    "provider": "provider.aws"
                },
                "aws_iam_role.tfer--AWSServiceRoleForAmazonEKSNodegroup": {
                    "type": "aws_iam_role",
                    "depends_on": [],
                    "primary": {
                        "id": "AWSServiceRoleForAmazonEKSNodegroup",
                        "attributes": {
                            "arn": "arn:aws:iam::591976937045:role/aws-service-role/eks-nodegroup.amazonaws.com/AWSServiceRoleForAmazonEKSNodegroup",
                            "assume_role_policy": "{\"Statement\":[{\"Action\":\"sts:AssumeRole\",\"Effect\":\"Allow\",\"Principal\":{\"Service\":\"eks-nodegroup.amazonaws.com\"}}],\"Version\":\"2012-10-17\"}",
                            "create_date": "2023-01-27T03:51:37Z",
                            "description": "This policy allows Amazon EKS to create and manage Nodegroups",
                            "id": "AWSServiceRoleForAmazonEKSNodegroup",
                            "managed_policy_arns.#": "1",
                            "managed_policy_arns.0": "arn:aws:iam::aws:policy/aws-service-role/AWSServiceRoleForAmazonEKSNodegroup",
                            "max_session_duration": "3600",
                            "name": "AWSServiceRoleForAmazonEKSNodegroup",
                            "name_prefix": "",
                            "path": "/aws-service-role/eks-nodegroup.amazonaws.com/",
                            "tags.%": "0",
                            "tags_all.%": "0",
                            "unique_id": "AROAYTVETGZK565ZEWTIO"
                        },
                        "meta": {
                            "schema_version": 0
                        },
                        "tainted": false
                    },
                    "deposed": [],
                    "provider": "provider.aws"
                },
                "aws_iam_role.tfer--AWSServiceRoleForAmazonGuardDuty": {
                    "type": "aws_iam_role",
                    "depends_on": [],
                    "primary": {
                        "id": "AWSServiceRoleForAmazonGuardDuty",
                        "attributes": {
                            "arn": "arn:aws:iam::591976937045:role/aws-service-role/guardduty.amazonaws.com/AWSServiceRoleForAmazonGuardDuty",
                            "assume_role_policy": "{\"Statement\":[{\"Action\":\"sts:AssumeRole\",\"Effect\":\"Allow\",\"Principal\":{\"Service\":\"guardduty.amazonaws.com\"}}],\"Version\":\"2012-10-17\"}",
                            "create_date": "2022-11-11T23:35:29Z",
                            "description": "",
                            "id": "AWSServiceRoleForAmazonGuardDuty",
                            "managed_policy_arns.#": "1",
                            "managed_policy_arns.0": "arn:aws:iam::aws:policy/aws-service-role/AmazonGuardDutyServiceRolePolicy",
                            "max_session_duration": "3600",
                            "name": "AWSServiceRoleForAmazonGuardDuty",
                            "name_prefix": "",
                            "path": "/aws-service-role/guardduty.amazonaws.com/",
                            "tags.%": "0",
                            "tags_all.%": "0",
                            "unique_id": "AROAYTVETGZKYUN62HXNJ"
                        },
                        "meta": {
                            "schema_version": 0
                        },
                        "tainted": false
                    },
                    "deposed": [],
                    "provider": "provider.aws"
                },
                "aws_iam_role.tfer--AWSServiceRoleForAutoScaling": {
                    "type": "aws_iam_role",
                    "depends_on": [],
                    "primary": {
                        "id": "AWSServiceRoleForAutoScaling",
                        "attributes": {
                            "arn": "arn:aws:iam::591976937045:role/aws-service-role/autoscaling.amazonaws.com/AWSServiceRoleForAutoScaling",
                            "assume_role_policy": "{\"Statement\":[{\"Action\":\"sts:AssumeRole\",\"Effect\":\"Allow\",\"Principal\":{\"Service\":\"autoscaling.amazonaws.com\"}}],\"Version\":\"2012-10-17\"}",
                            "create_date": "2023-01-27T03:52:02Z",
                            "description": "Default Service-Linked Role enables access to AWS Services and Resources used or managed by Auto Scaling",
                            "id": "AWSServiceRoleForAutoScaling",
                            "managed_policy_arns.#": "1",
                            "managed_policy_arns.0": "arn:aws:iam::aws:policy/aws-service-role/AutoScalingServiceRolePolicy",
                            "max_session_duration": "3600",
                            "name": "AWSServiceRoleForAutoScaling",
                            "name_prefix": "",
                            "path": "/aws-service-role/autoscaling.amazonaws.com/",
                            "tags.%": "0",
                            "tags_all.%": "0",
                            "unique_id": "AROAYTVETGZK66V2364LH"
                        },
                        "meta": {
                            "schema_version": 0
                        },
                        "tainted": false
                    },
                    "deposed": [],
                    "provider": "provider.aws"
                },
                "aws_iam_role.tfer--AWSServiceRoleForCloudTrail": {
                    "type": "aws_iam_role",
                    "depends_on": [],
                    "primary": {
                        "id": "AWSServiceRoleForCloudTrail",
                        "attributes": {
                            "arn": "arn:aws:iam::591976937045:role/aws-service-role/cloudtrail.amazonaws.com/AWSServiceRoleForCloudTrail",
                            "assume_role_policy": "{\"Statement\":[{\"Action\":\"sts:AssumeRole\",\"Effect\":\"Allow\",\"Principal\":{\"Service\":\"cloudtrail.amazonaws.com\"}}],\"Version\":\"2012-10-17\"}",
                            "create_date": "2022-11-01T01:06:29Z",
                            "description": "",
                            "id": "AWSServiceRoleForCloudTrail",
                            "managed_policy_arns.#": "1",
                            "managed_policy_arns.0": "arn:aws:iam::aws:policy/aws-service-role/CloudTrailServiceRolePolicy",
                            "max_session_duration": "3600",
                            "name": "AWSServiceRoleForCloudTrail",
                            "name_prefix": "",
                            "path": "/aws-service-role/cloudtrail.amazonaws.com/",
                            "tags.%": "0",
                            "tags_all.%": "0",
                            "unique_id": "AROAYTVETGZKXUJG7M2R7"
                        },
                        "meta": {
                            "schema_version": 0
                        },
                        "tainted": false
                    },
                    "deposed": [],
                    "provider": "provider.aws"
                },
                "aws_iam_role.tfer--AWSServiceRoleForConfig": {
                    "type": "aws_iam_role",
                    "depends_on": [],
                    "primary": {
                        "id": "AWSServiceRoleForConfig",
                        "attributes": {
                            "arn": "arn:aws:iam::591976937045:role/aws-service-role/config.amazonaws.com/AWSServiceRoleForConfig",
                            "assume_role_policy": "{\"Statement\":[{\"Action\":\"sts:AssumeRole\",\"Effect\":\"Allow\",\"Principal\":{\"Service\":\"config.amazonaws.com\"}}],\"Version\":\"2012-10-17\"}",
                            "create_date": "2022-11-01T06:41:19Z",
                            "description": "",
                            "id": "AWSServiceRoleForConfig",
                            "managed_policy_arns.#": "1",
                            "managed_policy_arns.0": "arn:aws:iam::aws:policy/aws-service-role/AWSConfigServiceRolePolicy",
                            "max_session_duration": "3600",
                            "name": "AWSServiceRoleForConfig",
                            "name_prefix": "",
                            "path": "/aws-service-role/config.amazonaws.com/",
                            "tags.%": "0",
                            "tags_all.%": "0",
                            "unique_id": "AROAYTVETGZKSIHSYYBEP"
                        },
                        "meta": {
                            "schema_version": 0
                        },
                        "tainted": false
                    },
                    "deposed": [],
                    "provider": "provider.aws"
                },
                "aws_iam_role.tfer--AWSServiceRoleForOrganizations": {
                    "type": "aws_iam_role",
                    "depends_on": [],
                    "primary": {
                        "id": "AWSServiceRoleForOrganizations",
                        "attributes": {
                            "arn": "arn:aws:iam::591976937045:role/aws-service-role/organizations.amazonaws.com/AWSServiceRoleForOrganizations",
                            "assume_role_policy": "{\"Statement\":[{\"Action\":\"sts:AssumeRole\",\"Effect\":\"Allow\",\"Principal\":{\"Service\":\"organizations.amazonaws.com\"}}],\"Version\":\"2012-10-17\"}",
                            "create_date": "2022-11-01T01:03:28Z",
                            "description": "Service-linked role used by AWS Organizations to enable integration of other AWS services with Organizations.",
                            "id": "AWSServiceRoleForOrganizations",
                            "managed_policy_arns.#": "1",
                            "managed_policy_arns.0": "arn:aws:iam::aws:policy/aws-service-role/AWSOrganizationsServiceTrustPolicy",
                            "max_session_duration": "3600",
                            "name": "AWSServiceRoleForOrganizations",
                            "name_prefix": "",
                            "path": "/aws-service-role/organizations.amazonaws.com/",
                            "tags.%": "0",
                            "tags_all.%": "0",
                            "unique_id": "AROAYTVETGZK4JCIFLNDP"
                        },
                        "meta": {
                            "schema_version": 0
                        },
                        "tainted": false
                    },
                    "deposed": [],
                    "provider": "provider.aws"
                },
                "aws_iam_role.tfer--AWSServiceRoleForSupport": {
                    "type": "aws_iam_role",
                    "depends_on": [],
                    "primary": {
                        "id": "AWSServiceRoleForSupport",
                        "attributes": {
                            "arn": "arn:aws:iam::591976937045:role/aws-service-role/support.amazonaws.com/AWSServiceRoleForSupport",
                            "assume_role_policy": "{\"Statement\":[{\"Action\":\"sts:AssumeRole\",\"Effect\":\"Allow\",\"Principal\":{\"Service\":\"support.amazonaws.com\"}}],\"Version\":\"2012-10-17\"}",
                            "create_date": "2022-11-01T01:03:26Z",
                            "description": "Enables resource access for AWS to provide billing, administrative and support services",
                            "id": "AWSServiceRoleForSupport",
                            "managed_policy_arns.#": "1",
                            "managed_policy_arns.0": "arn:aws:iam::aws:policy/aws-service-role/AWSSupportServiceRolePolicy",
                            "max_session_duration": "3600",
                            "name": "AWSServiceRoleForSupport",
                            "name_prefix": "",
                            "path": "/aws-service-role/support.amazonaws.com/",
                            "tags.%": "0",
                            "tags_all.%": "0",
                            "unique_id": "AROAYTVETGZK6MM3EECYP"
                        },
                        "meta": {
                            "schema_version": 0
                        },
                        "tainted": false
                    },
                    "deposed": [],
                    "provider": "provider.aws"
                },
                "aws_iam_role.tfer--AWSServiceRoleForTrustedAdvisor": {
                    "type": "aws_iam_role",
                    "depends_on": [],
                    "primary": {
                        "id": "AWSServiceRoleForTrustedAdvisor",
                        "attributes": {
                            "arn": "arn:aws:iam::591976937045:role/aws-service-role/trustedadvisor.amazonaws.com/AWSServiceRoleForTrustedAdvisor",
                            "assume_role_policy": "{\"Statement\":[{\"Action\":\"sts:AssumeRole\",\"Effect\":\"Allow\",\"Principal\":{\"Service\":\"trustedadvisor.amazonaws.com\"}}],\"Version\":\"2012-10-17\"}",
                            "create_date": "2022-11-01T01:03:26Z",
                            "description": "Access for the AWS Trusted Advisor Service to help reduce cost, increase performance, and improve security of your AWS environment.",
                            "id": "AWSServiceRoleForTrustedAdvisor",
                            "managed_policy_arns.#": "1",
                            "managed_policy_arns.0": "arn:aws:iam::aws:policy/aws-service-role/AWSTrustedAdvisorServiceRolePolicy",
                            "max_session_duration": "3600",
                            "name": "AWSServiceRoleForTrustedAdvisor",
                            "name_prefix": "",
                            "path": "/aws-service-role/trustedadvisor.amazonaws.com/",
                            "tags.%": "0",
                            "tags_all.%": "0",
                            "unique_id": "AROAYTVETGZKWXLS7PNMP"
                        },
                        "meta": {
                            "schema_version": 0
                        },
                        "tainted": false
                    },
                    "deposed": [],
                    "provider": "provider.aws"
                },
                "aws_iam_role.tfer--JupiterOneServiceRole": {
                    "type": "aws_iam_role",
                    "depends_on": [],
                    "primary": {
                        "id": "JupiterOneServiceRole",
                        "attributes": {
                            "arn": "arn:aws:iam::591976937045:role/JupiterOneServiceRole",
                            "assume_role_policy": "{\"Statement\":[{\"Action\":\"sts:AssumeRole\",\"Condition\":{\"StringEquals\":{\"sts:ExternalId\":\"20cf3959-fa0f-4ac0-9b73-211030682873\"}},\"Effect\":\"Allow\",\"Principal\":{\"AWS\":\"arn:aws:iam::612791702201:root\"}}],\"Version\":\"2008-10-17\"}",
                            "create_date": "2022-11-01T02:41:40Z",
                            "description": "JupiterOne AWS Integration Role",
                            "id": "JupiterOneServiceRole",
                            "inline_policy.#": "2",
                            "inline_policy.0.name": "JupiterOneAdditional",
                            "inline_policy.0.policy": "{\"Version\":\"2012-10-17\",\"Statement\":[{\"Action\":[\"access-analyzer:List*\",\"batch:Describe*\",\"batch:List*\",\"cloudhsm:DescribeBackups\",\"cloudhsm:DescribeClusters\",\"cloudhsm:ListTags\",\"cloudwatch:GetMetricData\",\"dynamodb:Describe*\",\"dynamodb:List*\",\"ecr:Describe*\",\"ecr:GetLifecyclePolicy\",\"ecr:GetRepositoryPolicy\",\"ecr:List*\",\"elasticache:List*\",\"elasticfilesystem:Describe*\",\"elasticmapreduce:List*\",\"es:List*\",\"kinesis:Describe*\",\"kinesis:List*\",\"lambda:GetFunction*\",\"macie:ListFindings\",\"monitoring:ListTagsForResource\",\"organizations:ListAccounts\",\"shield:GetSubscriptionState\",\"s3:GetObjectRetention\",\"s3:GetObjectLegalHold\",\"s3:Get*Configuration\",\"sns:GetTopicAttributes\",\"sns:GetSubscriptionAttributes\",\"sns:ListTopics\",\"sns:ListSubscriptions\",\"sns:ListTagsForResource\",\"waf:List*\",\"waf:Get*\",\"waf-regional:List*\",\"waf-regional:Get*\",\"wafv2:List*\",\"wafv2:Get*\",\"wafv2:CheckCapacity\",\"wafv2:DescribeManagedRuleGroup\",\"workspaces:List*\"],\"Effect\":\"Allow\",\"Resource\":\"*\",\"Sid\":\"AdditionalPermissions\"},{\"Action\":[\"apigateway:GET\"],\"Effect\":\"Allow\",\"Resource\":\"arn:aws:apigateway:*::/*\",\"Sid\":\"AdditionalPermissionsApiGateway\"}]}",
                            "inline_policy.1.name": "SecurityAudit",
                            "inline_policy.1.policy": "{\"Version\":\"2012-10-17\",\"Statement\":[{\"Action\":[\"access-analyzer:GetAnalyzedResource\",\"access-analyzer:GetAnalyzer\",\"access-analyzer:GetArchiveRule\",\"access-analyzer:GetFinding\",\"access-analyzer:ListAnalyzedResources\",\"access-analyzer:ListAnalyzers\",\"access-analyzer:ListArchiveRules\",\"access-analyzer:ListFindings\",\"access-analyzer:ListTagsForResource\",\"acm:Describe*\",\"acm:List*\",\"application-autoscaling:Describe*\",\"appmesh:Describe*\",\"appmesh:List*\",\"appsync:List*\",\"athena:GetWorkGroup\",\"athena:List*\",\"autoscaling:Describe*\",\"batch:DescribeComputeEnvironments\",\"batch:DescribeJobDefinitions\",\"chime:List*\",\"cloud9:Describe*\",\"cloud9:ListEnvironments\",\"clouddirectory:ListDirectories\",\"cloudformation:DescribeStack*\",\"cloudformation:GetTemplate\",\"cloudformation:ListStack*\",\"cloudformation:GetStackPolicy\",\"cloudfront:Get*\",\"cloudfront:List*\",\"cloudhsm:ListHapgs\",\"cloudhsm:ListHsms\",\"cloudhsm:ListLunaClients\",\"cloudsearch:DescribeDomains\",\"cloudsearch:DescribeServiceAccessPolicies\",\"cloudtrail:DescribeTrails\",\"cloudtrail:GetEventSelectors\",\"cloudtrail:GetTrailStatus\",\"cloudtrail:ListTags\",\"cloudtrail:LookupEvents\",\"cloudwatch:Describe*\",\"codebuild:ListProjects\",\"codecommit:BatchGetRepositories\",\"codecommit:GetBranch\",\"codecommit:GetObjectIdentifier\",\"codecommit:GetRepository\",\"codecommit:List*\",\"codedeploy:Batch*\",\"codedeploy:Get*\",\"codedeploy:List*\",\"codepipeline:ListPipelines\",\"codestar:Describe*\",\"codestar:List*\",\"cognito-identity:ListIdentityPools\",\"cognito-idp:ListUserPools\",\"cognito-sync:Describe*\",\"cognito-sync:List*\",\"comprehend:Describe*\",\"comprehend:List*\",\"config:BatchGetAggregateResourceConfig\",\"config:BatchGetResourceConfig\",\"config:Deliver*\",\"config:Describe*\",\"config:Get*\",\"config:List*\",\"datapipeline:DescribeObjects\",\"datapipeline:DescribePipelines\",\"datapipeline:EvaluateExpression\",\"datapipeline:GetPipelineDefinition\",\"datapipeline:ListPipelines\",\"datapipeline:QueryObjects\",\"datapipeline:ValidatePipelineDefinition\",\"datasync:Describe*\",\"datasync:List*\",\"dax:Describe*\",\"dax:ListTags\",\"directconnect:Describe*\",\"dms:Describe*\",\"dms:ListTagsForResource\",\"ds:DescribeDirectories\",\"dynamodb:DescribeContinuousBackups\",\"dynamodb:DescribeGlobalTable\",\"dynamodb:DescribeTable\",\"dynamodb:DescribeTimeToLive\",\"dynamodb:ListBackups\",\"dynamodb:ListGlobalTables\",\"dynamodb:ListStreams\",\"dynamodb:ListTables\",\"ec2:Describe*\",\"ecr:DescribeRepositories\",\"ecr:GetRepositoryPolicy\",\"ecs:Describe*\",\"ecs:List*\",\"eks:DescribeCluster\",\"eks:DescribeNodeGroup\",\"eks:ListClusters\",\"eks:ListNodeGroups\",\"elasticache:Describe*\",\"elasticbeanstalk:Describe*\",\"elasticfilesystem:DescribeFileSystems\",\"elasticfilesystem:DescribeMountTargetSecurityGroups\",\"elasticfilesystem:DescribeMountTargets\",\"elasticloadbalancing:Describe*\",\"elasticmapreduce:Describe*\",\"elasticmapreduce:ListClusters\",\"elasticmapreduce:ListInstances\",\"es:Describe*\",\"es:ListDomainNames\",\"events:Describe*\",\"events:List*\",\"firehose:Describe*\",\"firehose:List*\",\"fms:ListComplianceStatus\",\"fms:ListPolicies\",\"fsx:Describe*\",\"fsx:List*\",\"gamelift:ListBuilds\",\"gamelift:ListFleets\",\"glacier:DescribeVault\",\"glacier:GetVaultAccessPolicy\",\"glacier:ListVaults\",\"globalaccelerator:Describe*\",\"globalaccelerator:List*\",\"greengrass:List*\",\"guardduty:Get*\",\"guardduty:List*\",\"iam:GenerateCredentialReport\",\"iam:GenerateServiceLastAccessedDetails\",\"iam:Get*\",\"iam:List*\",\"iam:SimulateCustomPolicy\",\"iam:SimulatePrincipalPolicy\",\"inspector:Describe*\",\"inspector:Get*\",\"inspector:List*\",\"inspector:Preview*\",\"iot:Describe*\",\"iot:GetPolicy\",\"iot:GetPolicyVersion\",\"iot:List*\",\"kinesis:DescribeStream\",\"kinesis:ListStreams\",\"kinesis:ListTagsForStream\",\"kinesisanalytics:ListApplications\",\"kms:Describe*\",\"kms:Get*\",\"kms:List*\",\"lambda:GetAccountSettings\",\"lambda:GetFunctionConfiguration\",\"lambda:GetLayerVersionPolicy\",\"lambda:GetPolicy\",\"lambda:List*\",\"license-manager:List*\",\"lightsail:GetInstances\",\"lightsail:GetLoadBalancers\",\"logs:Describe*\",\"logs:ListTagsLogGroup\",\"machinelearning:DescribeMLModels\",\"mediaconnect:Describe*\",\"mediaconnect:List*\",\"mediastore:GetContainerPolicy\",\"mediastore:ListContainers\",\"opsworks:DescribeStacks\",\"opsworks-cm:DescribeServers\",\"organizations:List*\",\"organizations:Describe*\",\"quicksight:Describe*\",\"quicksight:List*\",\"ram:List*\",\"rds:Describe*\",\"rds:DownloadDBLogFilePortion\",\"rds:ListTagsForResource\",\"redshift:Describe*\",\"rekognition:Describe*\",\"rekognition:List*\",\"robomaker:Describe*\",\"robomaker:List*\",\"route53:Get*\",\"route53:List*\",\"route53domains:GetDomainDetail\",\"route53domains:GetOperationDetail\",\"route53domains:ListDomains\",\"route53domains:ListOperations\",\"route53domains:ListTagsForDomain\",\"route53resolver:List*\",\"route53resolver:Get*\",\"s3:GetAccelerateConfiguration\",\"s3:GetAccessPoint\",\"s3:GetAccessPointPolicy\",\"s3:GetAccessPointPolicyStatus\",\"s3:GetAccountPublicAccessBlock\",\"s3:GetAnalyticsConfiguration\",\"s3:GetBucket*\",\"s3:GetEncryptionConfiguration\",\"s3:GetInventoryConfiguration\",\"s3:GetLifecycleConfiguration\",\"s3:GetMetricsConfiguration\",\"s3:GetObjectAcl\",\"s3:GetObjectVersionAcl\",\"s3:GetReplicationConfiguration\",\"s3:ListAccessPoints\",\"s3:ListAllMyBuckets\",\"sagemaker:Describe*\",\"sagemaker:List*\",\"sdb:DomainMetadata\",\"sdb:ListDomains\",\"secretsmanager:GetResourcePolicy\",\"secretsmanager:ListSecrets\",\"secretsmanager:ListSecretVersionIds\",\"securityhub:Describe*\",\"securityhub:Get*\",\"securityhub:List*\",\"serverlessrepo:GetApplicationPolicy\",\"serverlessrepo:List*\",\"ses:GetIdentityDkimAttributes\",\"ses:GetIdentityPolicies\",\"ses:GetIdentityVerificationAttributes\",\"ses:ListIdentities\",\"ses:ListIdentityPolicies\",\"ses:ListVerifiedEmailAddresses\",\"shield:Describe*\",\"shield:List*\",\"snowball:ListClusters\",\"snowball:ListJobs\",\"sns:GetTopicAttributes\",\"sns:ListSubscriptionsByTopic\",\"sns:ListTopics\",\"sqs:GetQueueAttributes\",\"sqs:ListDeadLetterSourceQueues\",\"sqs:ListQueues\",\"sqs:ListQueueTags\",\"ssm:Describe*\",\"ssm:GetAutomationExecution\",\"ssm:ListDocuments\",\"sso:DescribePermissionsPolicies\",\"sso:List*\",\"states:ListStateMachines\",\"storagegateway:DescribeBandwidthRateLimit\",\"storagegateway:DescribeCache\",\"storagegateway:DescribeCachediSCSIVolumes\",\"storagegateway:DescribeGatewayInformation\",\"storagegateway:DescribeMaintenanceStartTime\",\"storagegateway:DescribeNFSFileShares\",\"storagegateway:DescribeSnapshotSchedule\",\"storagegateway:DescribeStorediSCSIVolumes\",\"storagegateway:DescribeTapeArchives\",\"storagegateway:DescribeTapeRecoveryPoints\",\"storagegateway:DescribeTapes\",\"storagegateway:DescribeUploadBuffer\",\"storagegateway:DescribeVTLDevices\",\"storagegateway:DescribeWorkingStorage\",\"storagegateway:List*\",\"tag:GetResources\",\"tag:GetTagKeys\",\"transfer:Describe*\",\"transfer:List*\",\"translate:List*\",\"trustedadvisor:Describe*\",\"waf-regional:Get*\",\"waf-regional:List*\",\"waf:Get*\",\"waf:List*\",\"wafv2:Get*\",\"wafv2:List*\",\"workdocs:Describe*\",\"workspaces:Describe*\",\"xray:Get*\",\"xray:List*\"],\"Effect\":\"Allow\",\"Resource\":\"*\",\"Sid\":\"SecurityAudit\"},{\"Action\":[\"apigateway:GET\"],\"Effect\":\"Allow\",\"Resource\":[\"arn:aws:apigateway:*::/apis\",\"arn:aws:apigateway:*::/apis/*/stages\",\"arn:aws:apigateway:*::/apis/*/stages/*\",\"arn:aws:apigateway:*::/apis/*/routes\",\"arn:aws:apigateway:*::/restapis\",\"arn:aws:apigateway:*::/restapis/*/authorizers\",\"arn:aws:apigateway:*::/restapis/*/authorizers/*\",\"arn:aws:apigateway:*::/restapis/*/documentation/versions\",\"arn:aws:apigateway:*::/restapis/*/resources\",\"arn:aws:apigateway:*::/restapis/*/resources/*\",\"arn:aws:apigateway:*::/restapis/*/resources/*/methods/*\",\"arn:aws:apigateway:*::/restapis/*/stages\",\"arn:aws:apigateway:*::/restapis/*/stages/*\",\"arn:aws:apigateway:*::/vpclinks\"],\"Sid\":\"SecurityAuditApiGateway\"}]}",
                            "managed_policy_arns.#": "0",
                            "max_session_duration": "3600",
                            "name": "JupiterOneServiceRole",
                            "name_prefix": "",
                            "path": "/",
                            "tags.%": "3",
                            "tags.hc-config-as-code": "honeybee",
                            "tags.hc-owner-dl": "team-secops@hashicorp.com",
                            "tags.hc-repo": "github.com/hashicorp/honeybee-templates",
                            "tags_all.%": "3",
                            "tags_all.hc-config-as-code": "honeybee",
                            "tags_all.hc-owner-dl": "team-secops@hashicorp.com",
                            "tags_all.hc-repo": "github.com/hashicorp/honeybee-templates",
                            "unique_id": "AROAYTVETGZKY3ZXH3XJ6"
                        },
                        "meta": {
                            "schema_version": 0
                        },
                        "tainted": false
                    },
                    "deposed": [],
                    "provider": "provider.aws"
                },
                "aws_iam_role.tfer--PermisoServiceRole": {
                    "type": "aws_iam_role",
                    "depends_on": [],
                    "primary": {
                        "id": "PermisoServiceRole",
                        "attributes": {
                            "arn": "arn:aws:iam::591976937045:role/PermisoServiceRole",
                            "assume_role_policy": "{\"Statement\":[{\"Action\":\"sts:AssumeRole\",\"Condition\":{\"StringEquals\":{\"sts:ExternalId\":\"EnvC9wiynP6h-EXVW7r0A-FKiV9FMkqlerxJ\"}},\"Effect\":\"Allow\",\"Principal\":{\"AWS\":\"arn:aws:sts::940313271035:assumed-role/PermisoExternal/permisoIdentity\"}}],\"Version\":\"2008-10-17\"}",
                            "create_date": "2022-11-01T01:13:50Z",
                            "description": "Permiso AWS Integration Role",
                            "id": "PermisoServiceRole",
                            "inline_policy.#": "1",
                            "inline_policy.0.name": "PermisoIdentityReadOnly",
                            "inline_policy.0.policy": "{\"Version\":\"2012-10-17\",\"Statement\":[{\"Action\":[\"cloudtrail:LookupEvents\",\"config:ListDiscoveredResources\",\"ec2:DescribeInstances\",\"guardduty:GetFindings\",\"guardduty:ListDetectors\",\"guardduty:ListFindings\",\"iam:GenerateCredentialReport\",\"iam:GenerateServiceLastAccessedDetails\",\"iam:GetAccessKeyLastUsed\",\"iam:GetAccountAuthorizationDetails\",\"iam:GetCredentialReport\",\"iam:GetPolicy\",\"iam:GetPolicyVersion\",\"iam:GetSAMLProvider\",\"iam:GetServiceLastAccessedDetails\",\"iam:ListAccessKeys\",\"iam:ListGroups\",\"iam:ListInstanceProfiles\",\"iam:ListPolicies\",\"iam:ListRoles\",\"iam:ListUsers\",\"iam:ListSAMLProviders\",\"iam:ListAccountAliases\",\"identitystore:DescribeGroup\",\"identitystore:DescribeUser\",\"lambda:ListFunctions\",\"lambda:GetFunction\",\"organizations:DescribeAccount\",\"organizations:DescribeEffectivePolicy\",\"organizations:DescribeOrganization\",\"organizations:DescribeOrganizationalUnit\",\"organizations:DescribePolicy\",\"organizations:ListAccounts\",\"organizations:ListAccountsForParent\",\"organizations:ListChildren\",\"organizations:ListOrganizationalUnitsForParent\",\"organizations:ListParents\",\"organizations:ListPolicies\",\"organizations:ListPoliciesForTarget\",\"organizations:ListRoots\",\"organizations:ListTagsForResource\",\"organizations:ListTargetsForPolicy\",\"sso:DescribePermissionSet\",\"sso:GetInlinePolicyForPermissionSet\",\"sso:ListAccountAssignments\",\"sso:ListAccountsForProvisionedPermissionSet\",\"sso:ListInstances\",\"sso:ListManagedPoliciesInPermissionSet\",\"sso:ListPermissionSets\",\"s3:GetBucketPolicyStatus\",\"s3:GetEncryptionConfiguration\",\"s3:ListAllMyBuckets\",\"s3:GetBucketVersioning\",\"s3:GetBucketAcl\",\"s3:GetBucketPolicy\",\"s3:GetBucketPublicAccessBlock\",\"s3:GetAccountPublicAccessBlock\"],\"Effect\":\"Allow\",\"Resource\":\"*\",\"Sid\":\"PermisoIdentityReadOnly\"}]}",
                            "managed_policy_arns.#": "0",
                            "max_session_duration": "3600",
                            "name": "PermisoServiceRole",
                            "name_prefix": "",
                            "path": "/",
                            "tags.%": "3",
                            "tags.hc-config-as-code": "honeybee",
                            "tags.hc-owner-dl": "team-secops@hashicorp.com",
                            "tags.hc-repo": "github.com/hashicorp/honeybee-templates",
                            "tags_all.%": "3",
                            "tags_all.hc-config-as-code": "honeybee",
                            "tags_all.hc-owner-dl": "team-secops@hashicorp.com",
                            "tags_all.hc-repo": "github.com/hashicorp/honeybee-templates",
                            "unique_id": "AROAYTVETGZKVXW2YT3GV"
                        },
                        "meta": {
                            "schema_version": 0
                        },
                        "tainted": false
                    },
                    "deposed": [],
                    "provider": "provider.aws"
                },
                "aws_iam_role.tfer--aws_jay-002E-aware_test-admin": {
                    "type": "aws_iam_role",
                    "depends_on": [],
                    "primary": {
                        "id": "aws_jay.aware_test-admin",
                        "attributes": {
                            "arn": "arn:aws:iam::591976937045:role/aws_jay.aware_test-admin",
                            "assume_role_policy": "{\"Statement\":[{\"Action\":[\"sts:AssumeRole\",\"sts:TagSession\",\"sts:SetSourceIdentity\"],\"Effect\":\"Allow\",\"Principal\":{\"AWS\":\"arn:aws:iam::397512762488:user/doormatServiceUser\"}}],\"Version\":\"2008-10-17\"}",
                            "create_date": "2022-11-01T01:11:16Z",
                            "description": "",
                            "id": "aws_jay.aware_test-admin",
                            "inline_policy.#": "1",
                            "inline_policy.0.name": "AdministratorAccess",
                            "inline_policy.0.policy": "{\"Version\":\"2012-10-17\",\"Statement\":[{\"Action\":[\"*\"],\"Effect\":\"Allow\",\"Resource\":\"*\",\"Sid\":\"AdministratorAccess\"}]}",
                            "managed_policy_arns.#": "0",
                            "max_session_duration": "43200",
                            "name": "aws_jay.aware_test-admin",
                            "name_prefix": "",
                            "path": "/",
                            "tags.%": "3",
                            "tags.hc-config-as-code": "honeybee",
                            "tags.hc-owner-dl": "team-secops@hashicorp.com",
                            "tags.hc-repo": "github.com/hashicorp/honeybee-templates",
                            "tags_all.%": "3",
                            "tags_all.hc-config-as-code": "honeybee",
                            "tags_all.hc-owner-dl": "team-secops@hashicorp.com",
                            "tags_all.hc-repo": "github.com/hashicorp/honeybee-templates",
                            "unique_id": "AROAYTVETGZKYIU4WZ6EX"
                        },
                        "meta": {
                            "schema_version": 0
                        },
                        "tainted": false
                    },
                    "deposed": [],
                    "provider": "provider.aws"
                },
                "aws_iam_role.tfer--aws_jay-002E-aware_test-developer": {
                    "type": "aws_iam_role",
                    "depends_on": [],
                    "primary": {
                        "id": "aws_jay.aware_test-developer",
                        "attributes": {
                            "arn": "arn:aws:iam::591976937045:role/aws_jay.aware_test-developer",
                            "assume_role_policy": "{\"Statement\":[{\"Action\":[\"sts:AssumeRole\",\"sts:TagSession\",\"sts:SetSourceIdentity\"],\"Effect\":\"Allow\",\"Principal\":{\"AWS\":\"arn:aws:iam::397512762488:user/doormatServiceUser\"}}],\"Version\":\"2008-10-17\"}",
                            "create_date": "2022-11-01T02:41:35Z",
                            "description": "",
                            "id": "aws_jay.aware_test-developer",
                            "inline_policy.#": "7",
                            "inline_policy.0.name": "AllowEKSOIDCProvider",
                            "inline_policy.0.policy": "{\"Version\":\"2012-10-17\",\"Statement\":[{\"Action\":[\"iam:AddClientIDToOpenIDConnectProvider\",\"iam:CreateOpenIDConnectProvider\",\"iam:DeleteOpenIDConnectProvider\",\"iam:RemoveClientIDFromOpenIDConnectProvider\",\"iam:TagOpenIDConnectProvider\",\"iam:UntagOpenIDConnectProvider\",\"iam:UpdateOpenIDConnectProviderThumbprint\"],\"Effect\":\"Allow\",\"Resource\":[\"arn:aws:iam::591976937045:oidc-provider/oidc.eks.*.amazonaws.com\",\"arn:aws:iam::591976937045:oidc-provider/oidc.eks.*.amazonaws.com/*\"],\"Sid\":\"EKSOIDCProvider\"}]}",
                            "inline_policy.1.name": "AllowMutateIAM",
                            "inline_policy.1.policy": "{\"Version\":\"2012-10-17\",\"Statement\":[{\"Action\":[\"iam:AttachRolePolicy\",\"iam:CreateRole\",\"iam:DeleteRole\",\"iam:DeleteRolePolicy\",\"iam:DetachRolePolicy\",\"iam:PutRolePolicy\",\"iam:UpdateAssumeRolePolicy\",\"iam:UpdateRole\",\"iam:UpdateRoleDescription\",\"iam:PassRole\",\"iam:TagRole\",\"iam:UntagRole\",\"iam:AddRoleToInstanceProfile\",\"iam:CreateInstanceProfile\",\"iam:DeleteInstanceProfile\",\"iam:RemoveRoleFromInstanceProfile\",\"iam:TagInstanceProfile\",\"iam:UntagInstanceProfile\",\"iam:CreateAccessKey\",\"iam:DeleteAccessKey\",\"iam:UpdateAccessKey\",\"iam:CreateVirtualMFADevice\",\"iam:EnableMFADevice\",\"iam:DeactivateMFADevice\",\"iam:DeleteVirtualMFADevice\",\"iam:ResyncMFADevice\",\"iam:DeleteUserPolicy\",\"iam:PutUserPolicy\",\"iam:GenerateOrganizationsAccessReport\",\"iam:CreateServiceLinkedRole\",\"iam:DeleteServiceLinkedRole\",\"iam:UpdateServerCertificate\",\"iam:UploadServerCertificate\",\"iam:DeleteServerCertificate\",\"rolesanywhere:Delete*\",\"rolesanywhere:Disable*\"],\"Effect\":\"Allow\",\"Resource\":\"*\",\"Sid\":\"AllowIAM\"}]}",
                            "inline_policy.2.name": "AllowMutateIAMPoliciesAndPassword",
                            "inline_policy.2.policy": "{\"Version\":\"2012-10-17\",\"Statement\":[{\"Action\":[\"iam:ChangePassword\",\"iam:DeleteLoginProfile\",\"iam:CreatePolicy\",\"iam:CreatePolicyVersion\",\"iam:DeletePolicy\",\"iam:DeletePolicyVersion\",\"iam:TagPolicy\",\"iam:UntagPolicy\"],\"Effect\":\"Allow\",\"Resource\":\"*\",\"Sid\":\"PoliciesAndPassword\"}]}",
                            "inline_policy.3.name": "AllowTFCOIDCProvider",
                            "inline_policy.3.policy": "{\"Version\":\"2012-10-17\",\"Statement\":[{\"Action\":[\"iam:AddClientIDToOpenIDConnectProvider\",\"iam:CreateOpenIDConnectProvider\",\"iam:DeleteOpenIDConnectProvider\",\"iam:GetOpenIDConnectProvider\",\"iam:ListOpenIDConnectProviderTags\",\"iam:RemoveClientIDFromOpenIDConnectProvider\",\"iam:TagOpenIDConnectProvider\",\"iam:UntagOpenIDConnectProvider\",\"iam:UpdateOpenIDConnectProviderThumbprint\"],\"Effect\":\"Allow\",\"Resource\":[\"arn:aws:iam::591976937045:oidc-provider/app.terraform.io\",\"arn:aws:iam::591976937045:oidc-provider/app.terraform.io/*\"],\"Sid\":\"TFCOIDCProvider\"}]}",
                            "inline_policy.4.name": "DemoUserCreate",
                            "inline_policy.4.policy": "{\"Version\":\"2012-10-17\",\"Statement\":[{\"Action\":[\"iam:CreateUser\"],\"Condition\":{\"StringEquals\":{\"iam:PermissionsBoundary\":\"arn:aws:iam::591976937045:policy/DemoUser\"}},\"Effect\":\"Allow\",\"Resource\":\"arn:aws:iam::591976937045:user/demo-${aws:SourceIdentity}*\",\"Sid\":\"DemoUserCreate\"},{\"Action\":[\"iam:DeleteUser\"],\"Effect\":\"Allow\",\"Resource\":\"arn:aws:iam::591976937045:user/demo-${aws:SourceIdentity}*\",\"Sid\":\"DemoUserDelete\"}]}",
                            "inline_policy.5.name": "IAMAndOrgReadOnlyAccess",
                            "inline_policy.5.policy": "{\"Version\":\"2012-10-17\",\"Statement\":[{\"Action\":[\"rolesanywhere:Get*\",\"rolesanywhere:List*\",\"organizations:Describe*\",\"organizations:List*\",\"iam:Generate*\",\"iam:Get*\",\"iam:List*\",\"iam:Simulate*\",\"account:ListRegions\"],\"Effect\":\"Allow\",\"Resource\":\"*\",\"Sid\":\"ReadOnly\"}]}",
                            "inline_policy.6.name": "PowerUserAccess",
                            "inline_policy.6.policy": "{\"Version\":\"2012-10-17\",\"Statement\":[{\"Effect\":\"Allow\",\"NotAction\":[\"account:*\",\"iam:*\",\"organizations:*\",\"rolesanywhere:*\"],\"Resource\":\"*\",\"Sid\":\"PowerUserAccess\"}]}",
                            "managed_policy_arns.#": "0",
                            "max_session_duration": "43200",
                            "name": "aws_jay.aware_test-developer",
                            "name_prefix": "",
                            "path": "/",
                            "tags.%": "3",
                            "tags.hc-config-as-code": "honeybee",
                            "tags.hc-owner-dl": "team-secops@hashicorp.com",
                            "tags.hc-repo": "github.com/hashicorp/honeybee-templates",
                            "tags_all.%": "3",
                            "tags_all.hc-config-as-code": "honeybee",
                            "tags_all.hc-owner-dl": "team-secops@hashicorp.com",
                            "tags_all.hc-repo": "github.com/hashicorp/honeybee-templates",
                            "unique_id": "AROAYTVETGZK6HOAMK4V2"
                        },
                        "meta": {
                            "schema_version": 0
                        },
                        "tainted": false
                    },
                    "deposed": [],
                    "provider": "provider.aws"
                },
                "aws_iam_role.tfer--aws_jay-002E-aware_test-viewer": {
                    "type": "aws_iam_role",
                    "depends_on": [],
                    "primary": {
                        "id": "aws_jay.aware_test-viewer",
                        "attributes": {
                            "arn": "arn:aws:iam::591976937045:role/aws_jay.aware_test-viewer",
                            "assume_role_policy": "{\"Statement\":[{\"Action\":[\"sts:AssumeRole\",\"sts:TagSession\",\"sts:SetSourceIdentity\"],\"Effect\":\"Allow\",\"Principal\":{\"AWS\":\"arn:aws:iam::397512762488:user/doormatServiceUser\"}}],\"Version\":\"2008-10-17\"}",
                            "create_date": "2022-11-01T02:41:33Z",
                            "description": "",
                            "id": "aws_jay.aware_test-viewer",
                            "inline_policy.#": "3",
                            "inline_policy.0.name": "AdditionalMetadataAccess",
                            "inline_policy.0.policy": "{\"Version\":\"2012-10-17\",\"Statement\":[{\"Action\":[\"backup:Describe*\",\"backup:GetBackupPlan\",\"backup:GetBackupPlanFromJSON\",\"backup:GetBackupPlanFromTemplate\",\"backup:GetBackupSelection\",\"backup:GetBackupVaultAccessPolicy\",\"backup:GetBackupVaultNotifications\",\"backup:GetRecoveryPointRestoreMetadata\",\"backup:GetSupportedResourceTypes\",\"backup:List*\",\"health:Describe*\",\"kafka:Describe*\",\"kafka:Get*\",\"kafka:List*\",\"lambda:GetFunction\",\"logs:FilterLogEvents\",\"pi:Describe*\",\"pi:Get*\",\"pi:List*\",\"rds:List*\",\"ses:Get*\",\"sns:Get*\",\"sqs:Get*\",\"sqs:List*\",\"support:Describe*\",\"support:SearchForCases\"],\"Effect\":\"Allow\",\"Resource\":\"*\",\"Sid\":\"AdditionalMetadataAccess\"}]}",
                            "inline_policy.1.name": "SecurityAudit",
                            "inline_policy.1.policy": "{\"Version\":\"2012-10-17\",\"Statement\":[{\"Action\":[\"application-autoscaling:Describe*\",\"cloudwatch:Describe*\",\"elasticloadbalancing:Describe*\",\"events:Describe*\",\"events:List*\",\"kms:Describe*\",\"kms:Get*\",\"kms:List*\",\"lambda:GetAccountSettings\",\"lambda:GetFunctionConfiguration\",\"s3:GetAccelerateConfiguration\",\"s3:GetAccountPublicAccessBlock\",\"s3:GetAnalyticsConfiguration\",\"s3:GetEncryptionConfiguration\",\"s3:GetInventoryConfiguration\",\"s3:GetLifecycleConfiguration\",\"s3:GetMetricsConfiguration\",\"s3:GetReplicationConfiguration\",\"tag:GetResources\"],\"Effect\":\"Allow\",\"Resource\":\"*\",\"Sid\":\"SecurityAudit\"}]}",
                            "inline_policy.2.name": "ViewOnlyAccess",
                            "inline_policy.2.policy": "{\"Version\":\"2012-10-17\",\"Statement\":[{\"Action\":[\"acm:ListCertificates\",\"athena:List*\",\"autoscaling:Describe*\",\"aws-marketplace:ViewSubscriptions\",\"batch:ListJobs\",\"clouddirectory:ListAppliedSchemaArns\",\"clouddirectory:ListDevelopmentSchemaArns\",\"clouddirectory:ListDirectories\",\"clouddirectory:ListPublishedSchemaArns\",\"cloudformation:DescribeStacks\",\"cloudformation:List*\",\"cloudfront:List*\",\"cloudhsm:ListAvailableZones\",\"cloudhsm:ListHapgs\",\"cloudhsm:ListHsms\",\"cloudhsm:ListLunaClients\",\"cloudsearch:DescribeDomains\",\"cloudsearch:List*\",\"cloudtrail:DescribeTrails\",\"cloudtrail:LookupEvents\",\"cloudwatch:Get*\",\"cloudwatch:List*\",\"codebuild:ListBuilds*\",\"codebuild:ListProjects\",\"codecommit:List*\",\"codedeploy:Get*\",\"codedeploy:List*\",\"codepipeline:ListPipelines\",\"codestar:List*\",\"cognito-identity:ListIdentities\",\"cognito-identity:ListIdentityPools\",\"cognito-idp:List*\",\"cognito-sync:ListDatasets\",\"config:Describe*\",\"config:List*\",\"connect:List*\",\"comprehend:Describe*\",\"comprehend:List*\",\"datapipeline:DescribePipelines\",\"datapipeline:GetAccountLimits\",\"datapipeline:ListPipelines\",\"dax:DescribeClusters\",\"dax:DescribeDefaultParameters\",\"dax:DescribeEvents\",\"dax:DescribeParameterGroups\",\"dax:DescribeParameters\",\"dax:DescribeSubnetGroups\",\"dax:ListTags\",\"devicefarm:List*\",\"directconnect:Describe*\",\"discovery:List*\",\"dms:List*\",\"ds:DescribeDirectories\",\"dynamodb:DescribeBackup\",\"dynamodb:DescribeContinuousBackups\",\"dynamodb:DescribeGlobalTable\",\"dynamodb:DescribeGlobalTableSettings\",\"dynamodb:DescribeLimits\",\"dynamodb:DescribeReservedCapacity\",\"dynamodb:DescribeReservedCapacityOfferings\",\"dynamodb:DescribeStream\",\"dynamodb:DescribeTable\",\"dynamodb:DescribeTimeToLive\",\"dynamodb:ListBackups\",\"dynamodb:ListGlobalTables\",\"dynamodb:ListStreams\",\"dynamodb:ListTables\",\"dynamodb:ListTagsOfResource\",\"ec2:DescribeAccountAttributes\",\"ec2:DescribeAddresses\",\"ec2:DescribeAvailabilityZones\",\"ec2:DescribeBundleTasks\",\"ec2:DescribeCarrierGateways\",\"ec2:DescribeClassicLinkInstances\",\"ec2:DescribeConversionTasks\",\"ec2:DescribeCustomerGateways\",\"ec2:DescribeDhcpOptions\",\"ec2:DescribeExportTasks\",\"ec2:DescribeFlowLogs\",\"ec2:DescribeHost*\",\"ec2:DescribeIdFormat\",\"ec2:DescribeIdentityIdFormat\",\"ec2:DescribeImage*\",\"ec2:DescribeImport*\",\"ec2:DescribeInstance*\",\"ec2:DescribeInternetGateways\",\"ec2:DescribeKeyPairs\",\"ec2:DescribeLocalGatewayRouteTableVirtualInterfaceGroupAssociations\",\"ec2:DescribeLocalGatewayRouteTableVpcAssociations\",\"ec2:DescribeLocalGatewayRouteTables\",\"ec2:DescribeLocalGatewayVirtualInterfaceGroups\",\"ec2:DescribeLocalGatewayVirtualInterfaces\",\"ec2:DescribeLocalGateways\",\"ec2:DescribeMovingAddresses\",\"ec2:DescribeNatGateways\",\"ec2:DescribeNetwork*\",\"ec2:DescribePlacementGroups\",\"ec2:DescribePrefixLists\",\"ec2:DescribeRegions\",\"ec2:DescribeReserved*\",\"ec2:DescribeRouteTables\",\"ec2:DescribeSecurityGroups\",\"ec2:DescribeSnapshot*\",\"ec2:DescribeSpot*\",\"ec2:DescribeSubnets\",\"ec2:DescribeTags\",\"ec2:DescribeVolume*\",\"ec2:DescribeVpc*\",\"ec2:DescribeVpnGateways\",\"ec2:SearchLocalGatewayRoutes\",\"ecr:DescribeRepositories\",\"ecr:ListImages\",\"ecs:Describe*\",\"ecs:List*\",\"elastic-inference:DescribeAccelerators\",\"elastic-inference:DescribeAcceleratorTypes\",\"elastic-inference:DescribeAcceleratorOfferings\",\"elastic-inference:ListTagsForResource\",\"elasticache:Describe*\",\"elasticbeanstalk:DescribeApplicationVersions\",\"elasticbeanstalk:DescribeApplications\",\"elasticbeanstalk:DescribeEnvironments\",\"elasticbeanstalk:ListAvailableSolutionStacks\",\"elasticfilesystem:DescribeFileSystems\",\"elasticloadbalancing:DescribeInstanceHealth\",\"elasticloadbalancing:DescribeListeners\",\"elasticloadbalancing:DescribeLoadBalancers\",\"elasticloadbalancing:DescribeTargetGroups\",\"elasticloadbalancing:DescribeTargetHealth\",\"elasticmapreduce:List*\",\"elastictranscoder:List*\",\"es:DescribeElasticsearchDomain\",\"es:DescribeElasticsearchDomains\",\"es:ListDomainNames\",\"firehose:DescribeDeliveryStream\",\"firehose:List*\",\"fsx:DescribeFileSystems\",\"gamelift:List*\",\"glacier:List*\",\"greengrass:List*\",\"iam:GetAccountSummary\",\"iam:GetLoginProfile\",\"iam:List*\",\"importexport:ListJobs\",\"inspector:List*\",\"iot:List*\",\"kinesis:ListStreams\",\"kinesisanalytics:ListApplications\",\"lambda:List*\",\"lex:GetBotAliases\",\"lex:GetBotChannelAssociations\",\"lex:GetBotVersions\",\"lex:GetBots\",\"lex:GetIntentVersions\",\"lex:GetIntents\",\"lex:GetSlotTypeVersions\",\"lex:GetSlotTypes\",\"lex:GetUtterancesView\",\"lightsail:GetBlueprints\",\"lightsail:GetBundles\",\"lightsail:GetInstanceSnapshots\",\"lightsail:GetInstances\",\"lightsail:GetKeyPair\",\"lightsail:GetRegions\",\"lightsail:GetStaticIps\",\"lightsail:IsVpcPeered\",\"logs:Describe*\",\"lookoutvision:ListModelPackagingJobs\",\"lookoutvision:ListModels\",\"lookoutvision:ListProjects\",\"machinelearning:Describe*\",\"mediaconnect:ListEntitlements\",\"mediaconnect:ListFlows\",\"mediaconnect:ListOfferings\",\"mediaconnect:ListReservations\",\"mobilehub:ListAvailableFeatures\",\"mobilehub:ListAvailableRegions\",\"mobilehub:ListProjects\",\"mobiletargeting:GetApplicationSettings\",\"mobiletargeting:GetCampaigns\",\"mobiletargeting:GetImportJobs\",\"mobiletargeting:GetSegments\",\"opsworks-cm:Describe*\",\"opsworks:Describe*\",\"organizations:List*\",\"outposts:GetOutpost\",\"outposts:GetOutpostInstanceTypes\",\"outposts:ListOutposts\",\"outposts:ListSites\",\"outposts:ListTagsForResource\",\"polly:Describe*\",\"polly:List*\",\"rds:Describe*\",\"redshift:DescribeClusters\",\"redshift:DescribeEvents\",\"redshift:ViewQueriesInConsole\",\"route53:Get*\",\"route53:List*\",\"route53domains:List*\",\"route53resolver:Get*\",\"route53resolver:List*\",\"s3:ListAllMyBuckets\",\"s3:ListBucket\",\"sagemaker:Describe*\",\"sagemaker:List*\",\"sdb:List*\",\"servicecatalog:List*\",\"ses:List*\",\"shield:List*\",\"sns:List*\",\"ssm:ListAssociations\",\"ssm:ListDocuments\",\"states:ListActivities\",\"states:ListStateMachines\",\"storagegateway:ListGateways\",\"storagegateway:ListLocalDisks\",\"storagegateway:ListVolumeRecoveryPoints\",\"storagegateway:ListVolumes\",\"swf:List*\",\"trustedadvisor:Describe*\",\"waf-regional:List*\",\"waf:List*\",\"wafv2:List*\",\"workdocs:DescribeAvailableDirectories\",\"workdocs:DescribeInstances\",\"workmail:Describe*\",\"workspaces:Describe*\"],\"Effect\":\"Allow\",\"Resource\":\"*\",\"Sid\":\"ViewOnlyAccess\"}]}",
                            "managed_policy_arns.#": "0",
                            "max_session_duration": "43200",
                            "name": "aws_jay.aware_test-viewer",
                            "name_prefix": "",
                            "path": "/",
                            "tags.%": "3",
                            "tags.hc-config-as-code": "honeybee",
                            "tags.hc-owner-dl": "team-secops@hashicorp.com",
                            "tags.hc-repo": "github.com/hashicorp/honeybee-templates",
                            "tags_all.%": "3",
                            "tags_all.hc-config-as-code": "honeybee",
                            "tags_all.hc-owner-dl": "team-secops@hashicorp.com",
                            "tags_all.hc-repo": "github.com/hashicorp/honeybee-templates",
                            "unique_id": "AROAYTVETGZK32RUB75XG"
                        },
                        "meta": {
                            "schema_version": 0
                        },
                        "tainted": false
                    },
                    "deposed": [],
                    "provider": "provider.aws"
                },
                "aws_iam_role.tfer--doormat": {
                    "type": "aws_iam_role",
                    "depends_on": [],
                    "primary": {
                        "id": "doormat",
                        "attributes": {
                            "arn": "arn:aws:iam::591976937045:role/doormat",
                            "assume_role_policy": "{\"Statement\":[{\"Action\":[\"sts:AssumeRole\",\"sts:TagSession\",\"sts:SetSourceIdentity\"],\"Effect\":\"Allow\",\"Principal\":{\"AWS\":[\"arn:aws:iam::397512762488:role/doormatLambdaProfile\",\"arn:aws:iam::397512762488:user/doormatServiceUser\",\"arn:aws:iam::397512762488:role/doormatAccountMonitorLambdaProfile\"]}}],\"Version\":\"2008-10-17\"}",
                            "create_date": "2022-11-01T02:41:36Z",
                            "description": "Role for Doormat backend to use in a target account.",
                            "id": "doormat",
                            "inline_policy.#": "4",
                            "inline_policy.0.name": "AccountBootstrapIAMAccountAlias",
                            "inline_policy.0.policy": "{\"Version\":\"2012-10-17\",\"Statement\":[{\"Action\":[\"iam:CreateAccountAlias\",\"iam:ListAccountAlias\",\"iam:DeleteAccountAlias\"],\"Effect\":\"Allow\",\"Resource\":\"*\"}]}",
                            "inline_policy.1.name": "AccountBootstrapIAMAssumeRolePolicy",
                            "inline_policy.1.policy": "{\"Version\":\"2012-10-17\",\"Statement\":[{\"Action\":[\"iam:UpdateAssumeRolePolicy\"],\"Effect\":\"Allow\",\"Resource\":\"arn:aws:iam::*:role/honeybee-iam-role\"}]}",
                            "inline_policy.2.name": "IAMRead",
                            "inline_policy.2.policy": "{\"Version\":\"2012-10-17\",\"Statement\":[{\"Action\":[\"iam:GetRole\",\"iam:ListRoles\"],\"Effect\":\"Allow\",\"Resource\":\"*\"}]}",
                            "inline_policy.3.name": "SSMListInstances",
                            "inline_policy.3.policy": "{\"Version\":\"2012-10-17\",\"Statement\":[{\"Action\":[\"ssm:DescribeInstanceInformation\",\"ec2:DescribeInstances\"],\"Effect\":\"Allow\",\"Resource\":\"*\"}]}",
                            "managed_policy_arns.#": "0",
                            "max_session_duration": "3600",
                            "name": "doormat",
                            "name_prefix": "",
                            "path": "/",
                            "tags.%": "3",
                            "tags.hc-config-as-code": "honeybee",
                            "tags.hc-owner-dl": "team-secops@hashicorp.com",
                            "tags.hc-repo": "github.com/hashicorp/honeybee-templates",
                            "tags_all.%": "3",
                            "tags_all.hc-config-as-code": "honeybee",
                            "tags_all.hc-owner-dl": "team-secops@hashicorp.com",
                            "tags_all.hc-repo": "github.com/hashicorp/honeybee-templates",
                            "unique_id": "AROAYTVETGZK7EK426UBR"
                        },
                        "meta": {
                            "schema_version": 0
                        },
                        "tainted": false
                    },
                    "deposed": [],
                    "provider": "provider.aws"
                },
                "aws_iam_role.tfer--doormat-ssm": {
                    "type": "aws_iam_role",
                    "depends_on": [],
                    "primary": {
                        "id": "doormat-ssm",
                        "attributes": {
                            "arn": "arn:aws:iam::591976937045:role/doormat-ssm",
                            "assume_role_policy": "{\"Statement\":[{\"Action\":[\"sts:AssumeRole\",\"sts:TagSession\",\"sts:SetSourceIdentity\"],\"Effect\":\"Allow\",\"Principal\":{\"AWS\":\"arn:aws:iam::397512762488:user/doormatServiceUser\"}}],\"Version\":\"2008-10-17\"}",
                            "create_date": "2022-11-01T02:41:26Z",
                            "description": "Doormat remote role for SSM actions",
                            "id": "doormat-ssm",
                            "inline_policy.#": "1",
                            "inline_policy.0.name": "SSM",
                            "inline_policy.0.policy": "{\"Version\":\"2012-10-17\",\"Statement\":[{\"Action\":[\"ssm:StartSession\"],\"Effect\":\"Allow\",\"Resource\":\"*\",\"Sid\":\"SSM\"},{\"Action\":[\"ssm:DescribeInstanceInformation\",\"ec2:DescribeInstances\"],\"Effect\":\"Allow\",\"Resource\":\"*\",\"Sid\":\"SSMDescribe\"},{\"Action\":[\"ssm:TerminateSession\"],\"Effect\":\"Allow\",\"Resource\":\"arn:aws:ssm:*:*:session/${aws:PrincipalTag/RoleSessionName}-*\",\"Sid\":\"SSMTerminate\"}]}",
                            "managed_policy_arns.#": "0",
                            "max_session_duration": "3600",
                            "name": "doormat-ssm",
                            "name_prefix": "",
                            "path": "/",
                            "tags.%": "3",
                            "tags.hc-config-as-code": "honeybee",
                            "tags.hc-owner-dl": "team-secops@hashicorp.com",
                            "tags.hc-repo": "github.com/hashicorp/honeybee-templates",
                            "tags_all.%": "3",
                            "tags_all.hc-config-as-code": "honeybee",
                            "tags_all.hc-owner-dl": "team-secops@hashicorp.com",
                            "tags_all.hc-repo": "github.com/hashicorp/honeybee-templates",
                            "unique_id": "AROAYTVETGZKVDBOV5UHQ"
                        },
                        "meta": {
                            "schema_version": 0
                        },
                        "tainted": false
                    },
                    "deposed": [],
                    "provider": "provider.aws"
                },
                "aws_iam_role.tfer--dynamic-policy-ref-arch-admin": {
                    "type": "aws_iam_role",
                    "depends_on": [],
                    "primary": {
                        "id": "dynamic-policy-ref-arch-admin",
                        "attributes": {
                            "arn": "arn:aws:iam::591976937045:role/dynamic-policy-ref-arch-admin",
                            "assume_role_policy": "{\"Statement\":[{\"Action\":\"sts:AssumeRole\",\"Effect\":\"Allow\",\"Principal\":{\"Service\":\"ec2.amazonaws.com\"}}],\"Version\":\"2012-10-17\"}",
                            "create_date": "2023-01-26T03:40:02Z",
                            "description": "Allows EC2 instances to call AWS services on your behalf.",
                            "id": "dynamic-policy-ref-arch-admin",
                            "managed_policy_arns.#": "1",
                            "managed_policy_arns.0": "arn:aws:iam::aws:policy/AdministratorAccess",
                            "max_session_duration": "3600",
                            "name": "dynamic-policy-ref-arch-admin",
                            "name_prefix": "",
                            "path": "/",
                            "tags.%": "0",
                            "tags_all.%": "0",
                            "unique_id": "AROAYTVETGZKQ4FQNS55G"
                        },
                        "meta": {
                            "schema_version": 0
                        },
                        "tainted": false
                    },
                    "deposed": [],
                    "provider": "provider.aws"
                },
                "aws_iam_role.tfer--dynamic-policy-saas-s3-access-role-xdgssrli": {
                    "type": "aws_iam_role",
                    "depends_on": [],
                    "primary": {
                        "id": "dynamic-policy-saas-s3-access-role-xdgssrli",
                        "attributes": {
                            "arn": "arn:aws:iam::591976937045:role/dynamic-policy-saas-s3-access-role-xdgssrli",
                            "assume_role_policy": "{\"Statement\":[{\"Action\":\"sts:AssumeRoleWithWebIdentity\",\"Condition\":{\"StringLike\":{\"oidc.eks.us-east-2.amazonaws.com/id/DACD87E28DE16F79B0D7E98FBE3949CA:aud\":\"sts.amazonaws.com\",\"oidc.eks.us-east-2.amazonaws.com/id/DACD87E28DE16F79B0D7E98FBE3949CA:sub\":\"system:serviceaccount:tenant*:tenant*-sa\"}},\"Effect\":\"Allow\",\"Principal\":{\"Federated\":\"arn:aws:iam::591976937045:oidc-provider/oidc.eks.us-east-2.amazonaws.com/id/DACD87E28DE16F79B0D7E98FBE3949CA\"}}],\"Version\":\"2012-10-17\"}",
                            "create_date": "2023-01-28T08:06:10Z",
                            "description": "",
                            "id": "dynamic-policy-saas-s3-access-role-xdgssrli",
                            "managed_policy_arns.#": "1",
                            "managed_policy_arns.0": "arn:aws:iam::591976937045:policy/s3-object-access-policy-xdgssrli",
                            "max_session_duration": "3600",
                            "name": "dynamic-policy-saas-s3-access-role-xdgssrli",
                            "name_prefix": "",
                            "path": "/",
                            "tags.%": "0",
                            "tags_all.%": "0",
                            "unique_id": "AROAYTVETGZKRWUPCTYQ4"
                        },
                        "meta": {
                            "schema_version": 0
                        },
                        "tainted": false
                    },
                    "deposed": [],
                    "provider": "provider.aws"
                },
                "aws_iam_role.tfer--dynamic-policy-saas-vault-sa-role-mwuwglxk": {
                    "type": "aws_iam_role",
                    "depends_on": [],
                    "primary": {
                        "id": "dynamic-policy-saas-vault-sa-role-mwuwglxk",
                        "attributes": {
                            "arn": "arn:aws:iam::591976937045:role/dynamic-policy-saas-vault-sa-role-mwuwglxk",
                            "assume_role_policy": "{\"Statement\":[{\"Action\":\"sts:AssumeRoleWithWebIdentity\",\"Condition\":{\"StringLike\":{\"oidc.eks.us-east-2.amazonaws.com/id/E65F49EDCA5B400545EB7A8DA322AE00:aud\":\"sts.amazonaws.com\",\"oidc.eks.us-east-2.amazonaws.com/id/E65F49EDCA5B400545EB7A8DA322AE00:sub\":\"system:serviceaccount:vault:vault-sa\"}},\"Effect\":\"Allow\",\"Principal\":{\"Federated\":\"arn:aws:iam::591976937045:oidc-provider/oidc.eks.us-east-2.amazonaws.com/id/E65F49EDCA5B400545EB7A8DA322AE00\"}}],\"Version\":\"2012-10-17\"}",
                            "create_date": "2023-01-27T04:03:22Z",
                            "description": "",
                            "id": "dynamic-policy-saas-vault-sa-role-mwuwglxk",
                            "managed_policy_arns.#": "0",
                            "max_session_duration": "3600",
                            "name": "dynamic-policy-saas-vault-sa-role-mwuwglxk",
                            "name_prefix": "",
                            "path": "/",
                            "tags.%": "0",
                            "tags_all.%": "0",
                            "unique_id": "AROAYTVETGZK3YLROZICW"
                        },
                        "meta": {
                            "schema_version": 0
                        },
                        "tainted": false
                    },
                    "deposed": [],
                    "provider": "provider.aws"
                },
                "aws_iam_role.tfer--dynamic-policy-saas-vault-sa-role-xdgssrli": {
                    "type": "aws_iam_role",
                    "depends_on": [],
                    "primary": {
                        "id": "dynamic-policy-saas-vault-sa-role-xdgssrli",
                        "attributes": {
                            "arn": "arn:aws:iam::591976937045:role/dynamic-policy-saas-vault-sa-role-xdgssrli",
                            "assume_role_policy": "{\"Statement\":[{\"Action\":\"sts:AssumeRoleWithWebIdentity\",\"Condition\":{\"StringLike\":{\"oidc.eks.us-east-2.amazonaws.com/id/DACD87E28DE16F79B0D7E98FBE3949CA:aud\":\"sts.amazonaws.com\",\"oidc.eks.us-east-2.amazonaws.com/id/DACD87E28DE16F79B0D7E98FBE3949CA:sub\":\"system:serviceaccount:vault:vault-sa\"}},\"Effect\":\"Allow\",\"Principal\":{\"Federated\":\"arn:aws:iam::591976937045:oidc-provider/oidc.eks.us-east-2.amazonaws.com/id/DACD87E28DE16F79B0D7E98FBE3949CA\"}}],\"Version\":\"2012-10-17\"}",
                            "create_date": "2023-01-28T08:06:12Z",
                            "description": "",
                            "id": "dynamic-policy-saas-vault-sa-role-xdgssrli",
                            "managed_policy_arns.#": "1",
                            "managed_policy_arns.0": "arn:aws:iam::591976937045:policy/vault-sa-assumerole-policy-xdgssrli",
                            "max_session_duration": "3600",
                            "name": "dynamic-policy-saas-vault-sa-role-xdgssrli",
                            "name_prefix": "",
                            "path": "/",
                            "tags.%": "0",
                            "tags_all.%": "0",
                            "unique_id": "AROAYTVETGZK4RKHVHJYZ"
                        },
                        "meta": {
                            "schema_version": 0
                        },
                        "tainted": false
                    },
                    "deposed": [],
                    "provider": "provider.aws"
                },
                "aws_iam_role.tfer--eksctl-dynamic-policy-saas-addon-aws-ebs-csi-Role1-QWZPKN5SLWZ7": {
                    "type": "aws_iam_role",
                    "depends_on": [],
                    "primary": {
                        "id": "eksctl-dynamic-policy-saas-addon-aws-ebs-csi-Role1-QWZPKN5SLWZ7",
                        "attributes": {
                            "arn": "arn:aws:iam::591976937045:role/eksctl-dynamic-policy-saas-addon-aws-ebs-csi-Role1-QWZPKN5SLWZ7",
                            "assume_role_policy": "{\"Statement\":[{\"Action\":\"sts:AssumeRoleWithWebIdentity\",\"Condition\":{\"StringEquals\":{\"oidc.eks.us-east-2.amazonaws.com/id/DACD87E28DE16F79B0D7E98FBE3949CA:aud\":\"sts.amazonaws.com\"}},\"Effect\":\"Allow\",\"Principal\":{\"Federated\":\"arn:aws:iam::591976937045:oidc-provider/oidc.eks.us-east-2.amazonaws.com/id/DACD87E28DE16F79B0D7E98FBE3949CA\"}}],\"Version\":\"2012-10-17\"}",
                            "create_date": "2023-01-28T08:00:22Z",
                            "description": "",
                            "id": "eksctl-dynamic-policy-saas-addon-aws-ebs-csi-Role1-QWZPKN5SLWZ7",
                            "managed_policy_arns.#": "1",
                            "managed_policy_arns.0": "arn:aws:iam::aws:policy/service-role/AmazonEBSCSIDriverPolicy",
                            "max_session_duration": "3600",
                            "name": "eksctl-dynamic-policy-saas-addon-aws-ebs-csi-Role1-QWZPKN5SLWZ7",
                            "name_prefix": "",
                            "path": "/",
                            "tags.%": "4",
                            "tags.alpha.eksctl.io/addon-name": "aws-ebs-csi-driver",
                            "tags.alpha.eksctl.io/cluster-name": "dynamic-policy-saas",
                            "tags.alpha.eksctl.io/eksctl-version": "0.127.0",
                            "tags.eksctl.cluster.k8s.io/v1alpha1/cluster-name": "dynamic-policy-saas",
                            "tags_all.%": "4",
                            "tags_all.alpha.eksctl.io/addon-name": "aws-ebs-csi-driver",
                            "tags_all.alpha.eksctl.io/cluster-name": "dynamic-policy-saas",
                            "tags_all.alpha.eksctl.io/eksctl-version": "0.127.0",
                            "tags_all.eksctl.cluster.k8s.io/v1alpha1/cluster-name": "dynamic-policy-saas",
                            "unique_id": "AROAYTVETGZK5QKHVTZ77"
                        },
                        "meta": {
                            "schema_version": 0
                        },
                        "tainted": false
                    },
                    "deposed": [],
                    "provider": "provider.aws"
                },
                "aws_iam_role.tfer--eksctl-dynamic-policy-saas-addon-iamservicea-Role1-1IN5O2JI2UWXD": {
                    "type": "aws_iam_role",
                    "depends_on": [],
                    "primary": {
                        "id": "eksctl-dynamic-policy-saas-addon-iamservicea-Role1-1IN5O2JI2UWXD",
                        "attributes": {
                            "arn": "arn:aws:iam::591976937045:role/eksctl-dynamic-policy-saas-addon-iamservicea-Role1-1IN5O2JI2UWXD",
                            "assume_role_policy": "{\"Statement\":[{\"Action\":\"sts:AssumeRoleWithWebIdentity\",\"Condition\":{\"StringEquals\":{\"oidc.eks.us-east-2.amazonaws.com/id/DACD87E28DE16F79B0D7E98FBE3949CA:aud\":\"sts.amazonaws.com\",\"oidc.eks.us-east-2.amazonaws.com/id/DACD87E28DE16F79B0D7E98FBE3949CA:sub\":\"system:serviceaccount:kube-system:aws-node\"}},\"Effect\":\"Allow\",\"Principal\":{\"Federated\":\"arn:aws:iam::591976937045:oidc-provider/oidc.eks.us-east-2.amazonaws.com/id/DACD87E28DE16F79B0D7E98FBE3949CA\"}}],\"Version\":\"2012-10-17\"}",
                            "create_date": "2023-01-28T07:55:41Z",
                            "description": "",
                            "id": "eksctl-dynamic-policy-saas-addon-iamservicea-Role1-1IN5O2JI2UWXD",
                            "managed_policy_arns.#": "1",
                            "managed_policy_arns.0": "arn:aws:iam::aws:policy/AmazonEKS_CNI_Policy",
                            "max_session_duration": "3600",
                            "name": "eksctl-dynamic-policy-saas-addon-iamservicea-Role1-1IN5O2JI2UWXD",
                            "name_prefix": "",
                            "path": "/",
                            "tags.%": "4",
                            "tags.alpha.eksctl.io/cluster-name": "dynamic-policy-saas",
                            "tags.alpha.eksctl.io/eksctl-version": "0.127.0",
                            "tags.alpha.eksctl.io/iamserviceaccount-name": "kube-system/aws-node",
                            "tags.eksctl.cluster.k8s.io/v1alpha1/cluster-name": "dynamic-policy-saas",
                            "tags_all.%": "4",
                            "tags_all.alpha.eksctl.io/cluster-name": "dynamic-policy-saas",
                            "tags_all.alpha.eksctl.io/eksctl-version": "0.127.0",
                            "tags_all.alpha.eksctl.io/iamserviceaccount-name": "kube-system/aws-node",
                            "tags_all.eksctl.cluster.k8s.io/v1alpha1/cluster-name": "dynamic-policy-saas",
                            "unique_id": "AROAYTVETGZK32O6QWK2Z"
                        },
                        "meta": {
                            "schema_version": 0
                        },
                        "tainted": false
                    },
                    "deposed": [],
                    "provider": "provider.aws"
                },
                "aws_iam_role.tfer--eksctl-dynamic-policy-saas-cluster-ServiceRole-1KY0S2H79QNW0": {
                    "type": "aws_iam_role",
                    "depends_on": [],
                    "primary": {
                        "id": "eksctl-dynamic-policy-saas-cluster-ServiceRole-1KY0S2H79QNW0",
                        "attributes": {
                            "arn": "arn:aws:iam::591976937045:role/eksctl-dynamic-policy-saas-cluster-ServiceRole-1KY0S2H79QNW0",
                            "assume_role_policy": "{\"Statement\":[{\"Action\":\"sts:AssumeRole\",\"Effect\":\"Allow\",\"Principal\":{\"Service\":\"eks.amazonaws.com\"}}],\"Version\":\"2012-10-17\"}",
                            "create_date": "2023-01-28T07:43:39Z",
                            "description": "",
                            "id": "eksctl-dynamic-policy-saas-cluster-ServiceRole-1KY0S2H79QNW0",
                            "inline_policy.#": "2",
                            "inline_policy.0.name": "eksctl-dynamic-policy-saas-cluster-PolicyCloudWatchMetrics",
                            "inline_policy.0.policy": "{\"Version\":\"2012-10-17\",\"Statement\":[{\"Action\":[\"cloudwatch:PutMetricData\"],\"Effect\":\"Allow\",\"Resource\":\"*\"}]}",
                            "inline_policy.1.name": "eksctl-dynamic-policy-saas-cluster-PolicyELBPermissions",
                            "inline_policy.1.policy": "{\"Version\":\"2012-10-17\",\"Statement\":[{\"Action\":[\"ec2:DescribeAccountAttributes\",\"ec2:DescribeAddresses\",\"ec2:DescribeInternetGateways\"],\"Effect\":\"Allow\",\"Resource\":\"*\"}]}",
                            "managed_policy_arns.#": "2",
                            "managed_policy_arns.0": "arn:aws:iam::aws:policy/AmazonEKSClusterPolicy",
                            "managed_policy_arns.1": "arn:aws:iam::aws:policy/AmazonEKSVPCResourceController",
                            "max_session_duration": "3600",
                            "name": "eksctl-dynamic-policy-saas-cluster-ServiceRole-1KY0S2H79QNW0",
                            "name_prefix": "",
                            "path": "/",
                            "tags.%": "5",
                            "tags.Name": "eksctl-dynamic-policy-saas-cluster/ServiceRole",
                            "tags.alpha.eksctl.io/cluster-name": "dynamic-policy-saas",
                            "tags.alpha.eksctl.io/cluster-oidc-enabled": "true",
                            "tags.alpha.eksctl.io/eksctl-version": "0.127.0",
                            "tags.eksctl.cluster.k8s.io/v1alpha1/cluster-name": "dynamic-policy-saas",
                            "tags_all.%": "5",
                            "tags_all.Name": "eksctl-dynamic-policy-saas-cluster/ServiceRole",
                            "tags_all.alpha.eksctl.io/cluster-name": "dynamic-policy-saas",
                            "tags_all.alpha.eksctl.io/cluster-oidc-enabled": "true",
                            "tags_all.alpha.eksctl.io/eksctl-version": "0.127.0",
                            "tags_all.eksctl.cluster.k8s.io/v1alpha1/cluster-name": "dynamic-policy-saas",
                            "unique_id": "AROAYTVETGZK7NIKT5PH5"
                        },
                        "meta": {
                            "schema_version": 0
                        },
                        "tainted": false
                    },
                    "deposed": [],
                    "provider": "provider.aws"
                },
                "aws_iam_role.tfer--eksctl-dynamic-policy-saas-nodegr-NodeInstanceRole-1IV221YYCCQET": {
                    "type": "aws_iam_role",
                    "depends_on": [],
                    "primary": {
                        "id": "eksctl-dynamic-policy-saas-nodegr-NodeInstanceRole-1IV221YYCCQET",
                        "attributes": {
                            "arn": "arn:aws:iam::591976937045:role/eksctl-dynamic-policy-saas-nodegr-NodeInstanceRole-1IV221YYCCQET",
                            "assume_role_policy": "{\"Statement\":[{\"Action\":\"sts:AssumeRole\",\"Effect\":\"Allow\",\"Principal\":{\"Service\":\"ec2.amazonaws.com\"}}],\"Version\":\"2012-10-17\"}",
                            "create_date": "2023-01-28T07:56:12Z",
                            "description": "",
                            "id": "eksctl-dynamic-policy-saas-nodegr-NodeInstanceRole-1IV221YYCCQET",
                            "managed_policy_arns.#": "3",
                            "managed_policy_arns.0": "arn:aws:iam::aws:policy/AmazonEC2ContainerRegistryReadOnly",
                            "managed_policy_arns.1": "arn:aws:iam::aws:policy/AmazonEKSWorkerNodePolicy",
                            "managed_policy_arns.2": "arn:aws:iam::aws:policy/AmazonSSMManagedInstanceCore",
                            "max_session_duration": "3600",
                            "name": "eksctl-dynamic-policy-saas-nodegr-NodeInstanceRole-1IV221YYCCQET",
                            "name_prefix": "",
                            "path": "/",
                            "tags.%": "6",
                            "tags.Name": "eksctl-dynamic-policy-saas-nodegroup-nodegroup/NodeInstanceRole",
                            "tags.alpha.eksctl.io/cluster-name": "dynamic-policy-saas",
                            "tags.alpha.eksctl.io/eksctl-version": "0.127.0",
                            "tags.alpha.eksctl.io/nodegroup-name": "nodegroup",
                            "tags.alpha.eksctl.io/nodegroup-type": "managed",
                            "tags.eksctl.cluster.k8s.io/v1alpha1/cluster-name": "dynamic-policy-saas",
                            "tags_all.%": "6",
                            "tags_all.Name": "eksctl-dynamic-policy-saas-nodegroup-nodegroup/NodeInstanceRole",
                            "tags_all.alpha.eksctl.io/cluster-name": "dynamic-policy-saas",
                            "tags_all.alpha.eksctl.io/eksctl-version": "0.127.0",
                            "tags_all.alpha.eksctl.io/nodegroup-name": "nodegroup",
                            "tags_all.alpha.eksctl.io/nodegroup-type": "managed",
                            "tags_all.eksctl.cluster.k8s.io/v1alpha1/cluster-name": "dynamic-policy-saas",
                            "unique_id": "AROAYTVETGZKYHTXGCPKJ"
                        },
                        "meta": {
                            "schema_version": 0
                        },
                        "tainted": false
                    },
                    "deposed": [],
                    "provider": "provider.aws"
                },
                "aws_iam_role.tfer--honeybee-config-recorder": {
                    "type": "aws_iam_role",
                    "depends_on": [],
                    "primary": {
                        "id": "honeybee-config-recorder",
                        "attributes": {
                            "arn": "arn:aws:iam::591976937045:role/honeybee-config-recorder",
                            "assume_role_policy": "{\"Statement\":[{\"Action\":\"sts:AssumeRole\",\"Effect\":\"Allow\",\"Principal\":{\"AWS\":\"arn:aws:iam::397512762488:role/HoneybeeWorkerConfigRecorderLambdaProfile\"}}],\"Version\":\"2008-10-17\"}",
                            "create_date": "2022-11-01T02:42:49Z",
                            "description": "Honeybee Config Recorder ",
                            "id": "honeybee-config-recorder",
                            "inline_policy.#": "1",
                            "inline_policy.0.name": "ModifyIAM",
                            "inline_policy.0.policy": "{\"Version\":\"2012-10-17\",\"Statement\":[{\"Action\":[\"iam:CreateServiceLinkedRole\",\"config:DescribeConfigurationRecorders\",\"config:DescribeConfigurationRecorderStatus\",\"config:DescribeDeliveryChannels\",\"config:PutConfigurationRecorder\",\"config:PutDeliveryChannel\",\"config:StartConfigurationRecorder\"],\"Effect\":\"Allow\",\"Resource\":\"*\",\"Sid\":\"Config\"},{\"Action\":[\"iam:PassRole\"],\"Effect\":\"Allow\",\"Resource\":\"arn:aws:iam::591976937045:role/aws-service-role/config.amazonaws.com/AWSServiceRoleForConfig\",\"Sid\":\"PassRole\"}]}",
                            "managed_policy_arns.#": "0",
                            "max_session_duration": "3600",
                            "name": "honeybee-config-recorder",
                            "name_prefix": "",
                            "path": "/",
                            "tags.%": "3",
                            "tags.hc-config-as-code": "honeybee",
                            "tags.hc-owner-dl": "team-secops@hashicorp.com",
                            "tags.hc-repo": "github.com/hashicorp/honeybee-templates",
                            "tags_all.%": "3",
                            "tags_all.hc-config-as-code": "honeybee",
                            "tags_all.hc-owner-dl": "team-secops@hashicorp.com",
                            "tags_all.hc-repo": "github.com/hashicorp/honeybee-templates",
                            "unique_id": "AROAYTVETGZKVMZJZQJ3X"
                        },
                        "meta": {
                            "schema_version": 0
                        },
                        "tainted": false
                    },
                    "deposed": [],
                    "provider": "provider.aws"
                },
                "aws_iam_role.tfer--honeybee-iam-account-alias": {
                    "type": "aws_iam_role",
                    "depends_on": [],
                    "primary": {
                        "id": "honeybee-iam-account-alias",
                        "attributes": {
                            "arn": "arn:aws:iam::591976937045:role/honeybee-iam-account-alias",
                            "assume_role_policy": "{\"Statement\":[{\"Action\":[\"sts:AssumeRole\",\"sts:TagSession\",\"sts:SetSourceIdentity\"],\"Effect\":\"Allow\",\"Principal\":{\"AWS\":\"arn:aws:iam::397512762488:role/HoneybeeWorkerIamAccountAliasLambdaProfile\"}}],\"Version\":\"2012-10-17\"}",
                            "create_date": "2022-11-01T01:13:16Z",
                            "description": "",
                            "id": "honeybee-iam-account-alias",
                            "inline_policy.#": "1",
                            "inline_policy.0.name": "ModifyIAMAccountAlias",
                            "inline_policy.0.policy": "{\"Version\":\"2012-10-17\",\"Statement\":[{\"Action\":[\"iam:CreateAccountAlias\",\"iam:DeleteAccountAlias\",\"iam:ListAccountAliases\"],\"Effect\":\"Allow\",\"Resource\":\"*\",\"Sid\":\"ModifyIAMAccountAlias\"}]}",
                            "managed_policy_arns.#": "0",
                            "max_session_duration": "3600",
                            "name": "honeybee-iam-account-alias",
                            "name_prefix": "",
                            "path": "/",
                            "tags.%": "3",
                            "tags.hc-config-as-code": "honeybee",
                            "tags.hc-owner-dl": "team-secops@hashicorp.com",
                            "tags.hc-repo": "github.com/hashicorp/honeybee-templates",
                            "tags_all.%": "3",
                            "tags_all.hc-config-as-code": "honeybee",
                            "tags_all.hc-owner-dl": "team-secops@hashicorp.com",
                            "tags_all.hc-repo": "github.com/hashicorp/honeybee-templates",
                            "unique_id": "AROAYTVETGZK2ZQEJNKLZ"
                        },
                        "meta": {
                            "schema_version": 0
                        },
                        "tainted": false
                    },
                    "deposed": [],
                    "provider": "provider.aws"
                },
                "aws_iam_role.tfer--honeybee-iam-policy": {
                    "type": "aws_iam_role",
                    "depends_on": [],
                    "primary": {
                        "id": "honeybee-iam-policy",
                        "attributes": {
                            "arn": "arn:aws:iam::591976937045:role/honeybee-iam-policy",
                            "assume_role_policy": "{\"Statement\":[{\"Action\":\"sts:AssumeRole\",\"Effect\":\"Allow\",\"Principal\":{\"AWS\":\"arn:aws:iam::397512762488:role/HoneybeeWorkerIamPolicyLambdaProfile\"}}],\"Version\":\"2008-10-17\"}",
                            "create_date": "2022-11-01T01:13:17Z",
                            "description": "Honeybee Manage IAM Policy",
                            "id": "honeybee-iam-policy",
                            "inline_policy.#": "1",
                            "inline_policy.0.name": "ModifyIAM",
                            "inline_policy.0.policy": "{\"Version\":\"2012-10-17\",\"Statement\":[{\"Action\":[\"iam:CreatePolicy\",\"iam:CreatePolicyVersion\",\"iam:GetAccountAuthorizationDetails\",\"iam:DeletePolicyVersion\",\"iam:ListPolicyTags\",\"iam:TagPolicy\",\"iam:UnTagPolicy\"],\"Effect\":\"Allow\",\"Resource\":\"*\",\"Sid\":\"ModifyIAM\"}]}",
                            "managed_policy_arns.#": "0",
                            "max_session_duration": "3600",
                            "name": "honeybee-iam-policy",
                            "name_prefix": "",
                            "path": "/",
                            "tags.%": "3",
                            "tags.hc-config-as-code": "honeybee",
                            "tags.hc-owner-dl": "team-secops@hashicorp.com",
                            "tags.hc-repo": "github.com/hashicorp/honeybee-templates",
                            "tags_all.%": "3",
                            "tags_all.hc-config-as-code": "honeybee",
                            "tags_all.hc-owner-dl": "team-secops@hashicorp.com",
                            "tags_all.hc-repo": "github.com/hashicorp/honeybee-templates",
                            "unique_id": "AROAYTVETGZK6DM7CN3A3"
                        },
                        "meta": {
                            "schema_version": 0
                        },
                        "tainted": false
                    },
                    "deposed": [],
                    "provider": "provider.aws"
                },
                "aws_iam_role.tfer--honeybee-iam-role": {
                    "type": "aws_iam_role",
                    "depends_on": [],
                    "primary": {
                        "id": "honeybee-iam-role",
                        "attributes": {
                            "arn": "arn:aws:iam::591976937045:role/honeybee-iam-role",
                            "assume_role_policy": "{\"Statement\":[{\"Action\":[\"sts:AssumeRole\",\"sts:TagSession\",\"sts:SetSourceIdentity\"],\"Effect\":\"Allow\",\"Principal\":{\"AWS\":\"arn:aws:iam::397512762488:role/HoneybeeWorkerIamRoleLambdaProfile\"}}],\"Version\":\"2012-10-17\"}",
                            "create_date": "2022-11-01T01:03:26Z",
                            "description": "Honeybee Manage IAM Role",
                            "id": "honeybee-iam-role",
                            "inline_policy.#": "1",
                            "inline_policy.0.name": "ModifyIAM",
                            "inline_policy.0.policy": "{\"Version\":\"2012-10-17\",\"Statement\":[{\"Action\":[\"iam:*\"],\"Effect\":\"Allow\",\"Resource\":\"*\",\"Sid\":\"ModifyIAM\"}]}",
                            "managed_policy_arns.#": "1",
                            "managed_policy_arns.0": "arn:aws:iam::aws:policy/AdministratorAccess",
                            "max_session_duration": "3600",
                            "name": "honeybee-iam-role",
                            "name_prefix": "",
                            "path": "/",
                            "tags.%": "3",
                            "tags.hc-config-as-code": "honeybee",
                            "tags.hc-owner-dl": "team-secops@hashicorp.com",
                            "tags.hc-repo": "github.com/hashicorp/honeybee-templates",
                            "tags_all.%": "3",
                            "tags_all.hc-config-as-code": "honeybee",
                            "tags_all.hc-owner-dl": "team-secops@hashicorp.com",
                            "tags_all.hc-repo": "github.com/hashicorp/honeybee-templates",
                            "unique_id": "AROAYTVETGZKZA6SF34ZC"
                        },
                        "meta": {
                            "schema_version": 0
                        },
                        "tainted": false
                    },
                    "deposed": [],
                    "provider": "provider.aws"
                },
                "aws_iam_role.tfer--sec-break-glass": {
                    "type": "aws_iam_role",
                    "depends_on": [],
                    "primary": {
                        "id": "sec-break-glass",
                        "attributes": {
                            "arn": "arn:aws:iam::591976937045:role/sec-break-glass",
                            "assume_role_policy": "{\"Statement\":[{\"Action\":\"sts:AssumeRole\",\"Effect\":\"Allow\",\"Principal\":{\"AWS\":[\"arn:aws:iam::397512762488:role/secBreakGlassRole\",\"arn:aws:iam::955375582891:role/otterbotLambdaProfile\"]}}],\"Version\":\"2008-10-17\"}",
                            "create_date": "2022-11-01T01:13:52Z",
                            "description": "Role for Security Break Glass",
                            "id": "sec-break-glass",
                            "inline_policy.#": "1",
                            "inline_policy.0.name": "BreakGlass",
                            "inline_policy.0.policy": "{\"Version\":\"2012-10-17\",\"Statement\":[{\"Action\":[\"iam:AttachUserPolicy\",\"iam:ChangePassword\",\"iam:CreateAccessKey\",\"iam:CreateLoginProfile\",\"iam:CreateUser\",\"iam:GetUser\",\"iam:TagUser\",\"iam:DeleteUser\"],\"Effect\":\"Allow\",\"Resource\":\"*\",\"Sid\":\"BreakGlassIAM\"},{\"Action\":[\"s3:GetObject\"],\"Effect\":\"Allow\",\"Resource\":\"arn:aws:s3:::hc1-swag-infrasec-prod-*\",\"Sid\":\"SWAG\"}]}",
                            "managed_policy_arns.#": "0",
                            "max_session_duration": "3600",
                            "name": "sec-break-glass",
                            "name_prefix": "",
                            "path": "/",
                            "tags.%": "3",
                            "tags.hc-config-as-code": "honeybee",
                            "tags.hc-owner-dl": "team-secops@hashicorp.com",
                            "tags.hc-repo": "github.com/hashicorp/honeybee-templates",
                            "tags_all.%": "3",
                            "tags_all.hc-config-as-code": "honeybee",
                            "tags_all.hc-owner-dl": "team-secops@hashicorp.com",
                            "tags_all.hc-repo": "github.com/hashicorp/honeybee-templates",
                            "unique_id": "AROAYTVETGZKTWSRNSRGH"
                        },
                        "meta": {
                            "schema_version": 0
                        },
                        "tainted": false
                    },
                    "deposed": [],
                    "provider": "provider.aws"
                },
                "aws_iam_role.tfer--security-response": {
                    "type": "aws_iam_role",
                    "depends_on": [],
                    "primary": {
                        "id": "security-response",
                        "attributes": {
                            "arn": "arn:aws:iam::591976937045:role/security-response",
                            "assume_role_policy": "{\"Statement\":[{\"Action\":[\"sts:AssumeRole\",\"sts:TagSession\",\"sts:SetSourceIdentity\"],\"Effect\":\"Allow\",\"Principal\":{\"AWS\":\"arn:aws:iam::866619548692:role/security-response-trust\"}}],\"Version\":\"2012-10-17\"}",
                            "create_date": "2022-11-01T01:13:49Z",
                            "description": "target role for security incident response and forensics",
                            "id": "security-response",
                            "inline_policy.#": "4",
                            "inline_policy.0.name": "EC2InstanceCollection",
                            "inline_policy.0.policy": "{\"Version\":\"2012-10-17\",\"Statement\":[{\"Action\":[\"ec2:CopySnapshot\",\"ec2:CreateSnapshot\",\"ec2:CreateTags\",\"ec2:DeleteSnapshot\",\"ec2:DescribeInstances\",\"ec2:DescribeSnapshots\",\"ec2:DescribeVolumes\",\"ec2:ModifySnapshotAttribute\"],\"Effect\":\"Allow\",\"Resource\":\"*\",\"Sid\":\"EC2SnapshotAcquisition\"},{\"Action\":[\"kms:CreateGrant\",\"kms:CreateKey\",\"kms:DescribeKey\",\"kms:GenerateDataKeyWithoutPlaintext\",\"kms:GetKeyPolicy\",\"kms:PutKeyPolicy\",\"kms:ScheduleKeyDeletion\",\"kms:TagResource\"],\"Effect\":\"Allow\",\"Resource\":\"*\",\"Sid\":\"KMSSnapshotEncryption\"}]}",
                            "inline_policy.1.name": "EC2InstanceTermination",
                            "inline_policy.1.policy": "{\"Version\":\"2012-10-17\",\"Statement\":[{\"Action\":[\"ec2:TerminateInstances\"],\"Effect\":\"Allow\",\"Resource\":\"*\",\"Sid\":\"EC2InstanceTermination\"}]}",
                            "inline_policy.2.name": "IAMKeyDeletion",
                            "inline_policy.2.policy": "{\"Version\":\"2012-10-17\",\"Statement\":[{\"Action\":[\"iam:DeleteAccessKey\",\"sts:GetAccessKeyInfo\"],\"Effect\":\"Allow\",\"Resource\":\"*\",\"Sid\":\"IAMKeyDeletion\"}]}",
                            "inline_policy.3.name": "IAMRoleDeletion",
                            "inline_policy.3.policy": "{\"Version\":\"2012-10-17\",\"Statement\":[{\"Action\":[\"iam:DeleteRole\"],\"Effect\":\"Allow\",\"Resource\":\"*\",\"Sid\":\"IAMRoleDeletion\"}]}",
                            "managed_policy_arns.#": "0",
                            "max_session_duration": "3600",
                            "name": "security-response",
                            "name_prefix": "",
                            "path": "/",
                            "tags.%": "3",
                            "tags.hc-config-as-code": "honeybee",
                            "tags.hc-owner-dl": "team-secops@hashicorp.com",
                            "tags.hc-repo": "github.com/hashicorp/honeybee-templates",
                            "tags_all.%": "3",
                            "tags_all.hc-config-as-code": "honeybee",
                            "tags_all.hc-owner-dl": "team-secops@hashicorp.com",
                            "tags_all.hc-repo": "github.com/hashicorp/honeybee-templates",
                            "unique_id": "AROAYTVETGZK6PUXDE3DO"
                        },
                        "meta": {
                            "schema_version": 0
                        },
                        "tainted": false
                    },
                    "deposed": [],
                    "provider": "provider.aws"
                },
                "aws_iam_role.tfer--torq-inspect": {
                    "type": "aws_iam_role",
                    "depends_on": [],
                    "primary": {
                        "id": "torq-inspect",
                        "attributes": {
                            "arn": "arn:aws:iam::591976937045:role/torq-inspect",
                            "assume_role_policy": "{\"Statement\":[{\"Action\":\"sts:AssumeRole\",\"Effect\":\"Allow\",\"Principal\":{\"AWS\":\"arn:aws:iam::272924243770:role/TorqServiceRole\"}}],\"Version\":\"2008-10-17\"}",
                            "create_date": "2022-11-14T20:26:28Z",
                            "description": "Torq AWS Integration Role for account inspection",
                            "id": "torq-inspect",
                            "inline_policy.#": "3",
                            "inline_policy.0.name": "TorqAdditional",
                            "inline_policy.0.policy": "{\"Version\":\"2012-10-17\",\"Statement\":[{\"Action\":[\"access-analyzer:List*\",\"dynamodb:Describe*\",\"dynamodb:List*\",\"ecr:Describe*\",\"ecr:GetLifecyclePolicy\",\"ecr:GetRepositoryPolicy\",\"ecr:List*\",\"elasticache:List*\",\"elasticfilesystem:Describe*\",\"elasticmapreduce:List*\",\"es:List*\",\"kinesis:Describe*\",\"kinesis:List*\",\"s3:GetObjectRetention\",\"s3:GetObjectLegalHold\",\"s3:Get*Configuration\",\"sns:GetTopicAttributes\",\"sns:GetSubscriptionAttributes\",\"sns:ListTopics\",\"sns:ListSubscriptions\",\"sns:ListTagsForResource\",\"sts:GetAccessKeyInfo\",\"waf:List*\",\"waf:Get*\",\"waf-regional:List*\",\"waf-regional:Get*\",\"workspaces:List*\"],\"Effect\":\"Allow\",\"Resource\":\"*\",\"Sid\":\"AdditionalPermissions\"},{\"Action\":[\"apigateway:GET\"],\"Effect\":\"Allow\",\"Resource\":\"arn:aws:apigateway:*::/*\",\"Sid\":\"AdditionalPermissionsApiGateway\"}]}",
                            "inline_policy.1.name": "TorqReadSwag",
                            "inline_policy.1.policy": "{\"Version\":\"2012-10-17\",\"Statement\":[{\"Action\":[\"s3:GetObject\"],\"Effect\":\"Allow\",\"Resource\":\"arn:aws:s3:::hc1-swag-infrasec-prod-us-east-1/v2/accounts.json\",\"Sid\":\"SwagEnrich\"}]}",
                            "inline_policy.2.name": "TorqSecurityAudit",
                            "inline_policy.2.policy": "{\"Version\":\"2012-10-17\",\"Statement\":[{\"Action\":[\"access-analyzer:GetAnalyzedResource\",\"access-analyzer:GetAnalyzer\",\"access-analyzer:GetArchiveRule\",\"access-analyzer:GetFinding\",\"access-analyzer:ListAnalyzedResources\",\"access-analyzer:ListAnalyzers\",\"access-analyzer:ListArchiveRules\",\"access-analyzer:ListFindings\",\"access-analyzer:ListTagsForResource\",\"acm:Describe*\",\"acm:List*\",\"application-autoscaling:Describe*\",\"appmesh:Describe*\",\"appmesh:List*\",\"appsync:List*\",\"athena:GetWorkGroup\",\"athena:List*\",\"autoscaling:Describe*\",\"batch:DescribeComputeEnvironments\",\"batch:DescribeJobDefinitions\",\"chime:List*\",\"cloud9:Describe*\",\"cloud9:ListEnvironments\",\"clouddirectory:ListDirectories\",\"cloudformation:DescribeStack*\",\"cloudformation:GetTemplate\",\"cloudformation:ListStack*\",\"cloudformation:GetStackPolicy\",\"cloudfront:Get*\",\"cloudfront:List*\",\"cloudhsm:ListHapgs\",\"cloudhsm:ListHsms\",\"cloudhsm:ListLunaClients\",\"cloudsearch:DescribeDomains\",\"cloudsearch:DescribeServiceAccessPolicies\",\"cloudtrail:DescribeTrails\",\"cloudtrail:GetEventSelectors\",\"cloudtrail:GetTrailStatus\",\"cloudtrail:ListTags\",\"cloudtrail:LookupEvents\",\"cloudwatch:Describe*\",\"codebuild:ListProjects\",\"codecommit:BatchGetRepositories\",\"codecommit:GetBranch\",\"codecommit:GetObjectIdentifier\",\"codecommit:GetRepository\",\"codecommit:List*\",\"codedeploy:Batch*\",\"codedeploy:Get*\",\"codedeploy:List*\",\"codepipeline:ListPipelines\",\"codestar:Describe*\",\"codestar:List*\",\"cognito-identity:ListIdentityPools\",\"cognito-idp:ListUserPools\",\"cognito-sync:Describe*\",\"cognito-sync:List*\",\"comprehend:Describe*\",\"comprehend:List*\",\"config:BatchGetAggregateResourceConfig\",\"config:BatchGetResourceConfig\",\"config:Deliver*\",\"config:Describe*\",\"config:Get*\",\"config:List*\",\"datapipeline:DescribeObjects\",\"datapipeline:DescribePipelines\",\"datapipeline:EvaluateExpression\",\"datapipeline:GetPipelineDefinition\",\"datapipeline:ListPipelines\",\"datapipeline:QueryObjects\",\"datapipeline:ValidatePipelineDefinition\",\"datasync:Describe*\",\"datasync:List*\",\"dax:Describe*\",\"dax:ListTags\",\"directconnect:Describe*\",\"dms:Describe*\",\"dms:ListTagsForResource\",\"ds:DescribeDirectories\",\"dynamodb:DescribeContinuousBackups\",\"dynamodb:DescribeGlobalTable\",\"dynamodb:DescribeTable\",\"dynamodb:DescribeTimeToLive\",\"dynamodb:ListBackups\",\"dynamodb:ListGlobalTables\",\"dynamodb:ListStreams\",\"dynamodb:ListTables\",\"ec2:Describe*\",\"ecr:DescribeRepositories\",\"ecr:GetRepositoryPolicy\",\"ecs:Describe*\",\"ecs:List*\",\"eks:DescribeCluster\",\"eks:ListClusters\",\"elasticache:Describe*\",\"elasticbeanstalk:Describe*\",\"elasticfilesystem:DescribeFileSystems\",\"elasticfilesystem:DescribeMountTargetSecurityGroups\",\"elasticfilesystem:DescribeMountTargets\",\"elasticloadbalancing:Describe*\",\"elasticmapreduce:Describe*\",\"elasticmapreduce:ListClusters\",\"elasticmapreduce:ListInstances\",\"es:Describe*\",\"es:ListDomainNames\",\"events:Describe*\",\"events:List*\",\"firehose:Describe*\",\"firehose:List*\",\"fms:ListComplianceStatus\",\"fms:ListPolicies\",\"fsx:Describe*\",\"fsx:List*\",\"gamelift:ListBuilds\",\"gamelift:ListFleets\",\"glacier:DescribeVault\",\"glacier:GetVaultAccessPolicy\",\"glacier:ListVaults\",\"globalaccelerator:Describe*\",\"globalaccelerator:List*\",\"greengrass:List*\",\"guardduty:Get*\",\"guardduty:List*\",\"iam:GenerateCredentialReport\",\"iam:GenerateServiceLastAccessedDetails\",\"iam:Get*\",\"iam:List*\",\"iam:SimulateCustomPolicy\",\"iam:SimulatePrincipalPolicy\",\"inspector:Describe*\",\"inspector:Get*\",\"inspector:List*\",\"inspector:Preview*\",\"iot:Describe*\",\"iot:GetPolicy\",\"iot:GetPolicyVersion\",\"iot:List*\",\"kinesis:DescribeStream\",\"kinesis:ListStreams\",\"kinesis:ListTagsForStream\",\"kinesisanalytics:ListApplications\",\"kms:Describe*\",\"kms:Get*\",\"kms:List*\",\"lambda:GetAccountSettings\",\"lambda:GetFunctionConfiguration\",\"lambda:GetLayerVersionPolicy\",\"lambda:GetPolicy\",\"lambda:List*\",\"license-manager:List*\",\"lightsail:GetInstances\",\"lightsail:GetLoadBalancers\",\"logs:Describe*\",\"logs:ListTagsLogGroup\",\"machinelearning:DescribeMLModels\",\"mediaconnect:Describe*\",\"mediaconnect:List*\",\"mediastore:GetContainerPolicy\",\"mediastore:ListContainers\",\"opsworks:DescribeStacks\",\"opsworks-cm:DescribeServers\",\"organizations:List*\",\"organizations:Describe*\",\"quicksight:Describe*\",\"quicksight:List*\",\"ram:List*\",\"rds:Describe*\",\"rds:DownloadDBLogFilePortion\",\"rds:ListTagsForResource\",\"redshift:Describe*\",\"rekognition:Describe*\",\"rekognition:List*\",\"robomaker:Describe*\",\"robomaker:List*\",\"route53:Get*\",\"route53:List*\",\"route53domains:GetDomainDetail\",\"route53domains:GetOperationDetail\",\"route53domains:ListDomains\",\"route53domains:ListOperations\",\"route53domains:ListTagsForDomain\",\"route53resolver:List*\",\"route53resolver:Get*\",\"s3:GetAccelerateConfiguration\",\"s3:GetAccessPoint\",\"s3:GetAccessPointPolicy\",\"s3:GetAccessPointPolicyStatus\",\"s3:GetAccountPublicAccessBlock\",\"s3:GetAnalyticsConfiguration\",\"s3:GetBucket*\",\"s3:GetEncryptionConfiguration\",\"s3:GetInventoryConfiguration\",\"s3:GetLifecycleConfiguration\",\"s3:GetMetricsConfiguration\",\"s3:GetObjectAcl\",\"s3:GetObjectVersionAcl\",\"s3:GetReplicationConfiguration\",\"s3:ListAccessPoints\",\"s3:ListBucket\",\"sagemaker:Describe*\",\"sagemaker:List*\",\"sdb:DomainMetadata\",\"sdb:ListDomains\",\"secretsmanager:GetResourcePolicy\",\"secretsmanager:ListSecrets\",\"secretsmanager:ListSecretVersionIds\",\"securityhub:Describe*\",\"securityhub:Get*\",\"securityhub:List*\",\"serverlessrepo:GetApplicationPolicy\",\"serverlessrepo:List*\",\"ses:GetIdentityDkimAttributes\",\"ses:GetIdentityPolicies\",\"ses:GetIdentityVerificationAttributes\",\"ses:ListIdentities\",\"ses:ListIdentityPolicies\",\"ses:ListVerifiedEmailAddresses\",\"shield:Describe*\",\"shield:List*\",\"snowball:ListClusters\",\"snowball:ListJobs\",\"sns:GetTopicAttributes\",\"sns:ListSubscriptionsByTopic\",\"sns:ListTopics\",\"sqs:GetQueueAttributes\",\"sqs:ListDeadLetterSourceQueues\",\"sqs:ListQueues\",\"sqs:ListQueueTags\",\"ssm:Describe*\",\"ssm:GetAutomationExecution\",\"ssm:ListDocuments\",\"sso:DescribePermissionsPolicies\",\"sso:List*\",\"states:ListStateMachines\",\"storagegateway:DescribeBandwidthRateLimit\",\"storagegateway:DescribeCache\",\"storagegateway:DescribeCachediSCSIVolumes\",\"storagegateway:DescribeGatewayInformation\",\"storagegateway:DescribeMaintenanceStartTime\",\"storagegateway:DescribeNFSFileShares\",\"storagegateway:DescribeSnapshotSchedule\",\"storagegateway:DescribeStorediSCSIVolumes\",\"storagegateway:DescribeTapeArchives\",\"storagegateway:DescribeTapeRecoveryPoints\",\"storagegateway:DescribeTapes\",\"storagegateway:DescribeUploadBuffer\",\"storagegateway:DescribeVTLDevices\",\"storagegateway:DescribeWorkingStorage\",\"storagegateway:List*\",\"tag:GetResources\",\"tag:GetTagKeys\",\"transfer:Describe*\",\"transfer:List*\",\"translate:List*\",\"trustedadvisor:Describe*\",\"waf:ListWebACLs\",\"waf-regional:ListWebACLs\",\"workspaces:Describe*\"],\"Effect\":\"Allow\",\"Resource\":\"*\",\"Sid\":\"SecurityAudit\"},{\"Action\":[\"apigateway:GET\"],\"Effect\":\"Allow\",\"Resource\":[\"arn:aws:apigateway:*::/apis\",\"arn:aws:apigateway:*::/apis/*/stages\",\"arn:aws:apigateway:*::/apis/*/stages/*\",\"arn:aws:apigateway:*::/apis/*/routes\",\"arn:aws:apigateway:*::/restapis\",\"arn:aws:apigateway:*::/restapis/*/authorizers\",\"arn:aws:apigateway:*::/restapis/*/authorizers/*\",\"arn:aws:apigateway:*::/restapis/*/documentation/versions\",\"arn:aws:apigateway:*::/restapis/*/resources\",\"arn:aws:apigateway:*::/restapis/*/resources/*\",\"arn:aws:apigateway:*::/restapis/*/resources/*/methods/*\",\"arn:aws:apigateway:*::/restapis/*/stages\",\"arn:aws:apigateway:*::/restapis/*/stages/*\",\"arn:aws:apigateway:*::/vpclinks\"],\"Sid\":\"SecurityAuditApiGateway\"}]}",
                            "managed_policy_arns.#": "0",
                            "max_session_duration": "3600",
                            "name": "torq-inspect",
                            "name_prefix": "",
                            "path": "/",
                            "tags.%": "3",
                            "tags.hc-config-as-code": "honeybee",
                            "tags.hc-owner-dl": "team-secops@hashicorp.com",
                            "tags.hc-repo": "github.com/hashicorp/honeybee-templates",
                            "tags_all.%": "3",
                            "tags_all.hc-config-as-code": "honeybee",
                            "tags_all.hc-owner-dl": "team-secops@hashicorp.com",
                            "tags_all.hc-repo": "github.com/hashicorp/honeybee-templates",
                            "unique_id": "AROAYTVETGZKXQKLCXZBV"
                        },
                        "meta": {
                            "schema_version": 0
                        },
                        "tainted": false
                    },
                    "deposed": [],
                    "provider": "provider.aws"
                },
                "aws_iam_role.tfer--vault-assumed-role-credentials-demo": {
                    "type": "aws_iam_role",
                    "depends_on": [],
                    "primary": {
                        "id": "vault-assumed-role-credentials-demo",
                        "attributes": {
                            "arn": "arn:aws:iam::591976937045:role/vault-assumed-role-credentials-demo",
                            "assume_role_policy": "{\"Statement\":[{\"Action\":[\"sts:AssumeRole\",\"sts:TagSession\",\"sts:SetSourceIdentity\"],\"Condition\":{\"StringLike\":{\"aws:PrincipalAccount\":\"591976937045\"}},\"Effect\":\"Allow\",\"Principal\":{\"AWS\":\"*\"}}],\"Version\":\"2012-10-17\"}",
                            "create_date": "2022-11-17T20:24:52Z",
                            "description": "Role to be assumed by Vault mount when demoing assumed_role credential type in Vault",
                            "id": "vault-assumed-role-credentials-demo",
                            "inline_policy.#": "1",
                            "inline_policy.0.name": "DescribeRegions",
                            "inline_policy.0.policy": "{\"Version\":\"2012-10-17\",\"Statement\":[{\"Action\":[\"ec2:DescribeRegions\"],\"Effect\":\"Allow\",\"Resource\":\"*\"}]}",
                            "managed_policy_arns.#": "0",
                            "max_session_duration": "3600",
                            "name": "vault-assumed-role-credentials-demo",
                            "name_prefix": "",
                            "path": "/",
                            "tags.%": "3",
                            "tags.hc-config-as-code": "honeybee",
                            "tags.hc-owner-dl": "team-secops@hashicorp.com",
                            "tags.hc-repo": "github.com/hashicorp/honeybee-templates",
                            "tags_all.%": "3",
                            "tags_all.hc-config-as-code": "honeybee",
                            "tags_all.hc-owner-dl": "team-secops@hashicorp.com",
                            "tags_all.hc-repo": "github.com/hashicorp/honeybee-templates",
                            "unique_id": "AROAYTVETGZK3SO7MQNIS"
                        },
                        "meta": {
                            "schema_version": 0
                        },
                        "tainted": false
                    },
                    "deposed": [],
                    "provider": "provider.aws"
                },
                "aws_iam_role.tfer--vault-role-xdgssrli": {
                    "type": "aws_iam_role",
                    "depends_on": [],
                    "primary": {
                        "id": "vault-role-xdgssrli",
                        "attributes": {
                            "arn": "arn:aws:iam::591976937045:role/vault-role-xdgssrli",
                            "assume_role_policy": "{\"Statement\":[{\"Action\":\"sts:AssumeRole\",\"Effect\":\"Allow\",\"Principal\":{\"AWS\":\"arn:aws:iam::591976937045:role/dynamic-policy-saas-vault-sa-role-xdgssrli\"}}],\"Version\":\"2012-10-17\"}",
                            "create_date": "2023-01-28T11:16:34Z",
                            "description": "",
                            "id": "vault-role-xdgssrli",
                            "managed_policy_arns.#": "1",
                            "managed_policy_arns.0": "arn:aws:iam::591976937045:policy/dynamodb-policy-xdgssrli",
                            "max_session_duration": "3600",
                            "name": "vault-role-xdgssrli",
                            "name_prefix": "",
                            "path": "/",
                            "tags.%": "0",
                            "tags_all.%": "0",
                            "unique_id": "AROAYTVETGZKSBZWZYQIC"
                        },
                        "meta": {
                            "schema_version": 0
                        },
                        "tainted": false
                    },
                    "deposed": [],
                    "provider": "provider.aws"
                },
                "aws_iam_role_policy.tfer--JupiterOneServiceRole_JupiterOneAdditional": {
                    "type": "aws_iam_role_policy",
                    "depends_on": [],
                    "primary": {
                        "id": "JupiterOneServiceRole:JupiterOneAdditional",
                        "attributes": {
                            "id": "JupiterOneServiceRole:JupiterOneAdditional",
                            "name": "JupiterOneAdditional",
                            "policy": "{\"Version\":\"2012-10-17\",\"Statement\":[{\"Action\":[\"access-analyzer:List*\",\"batch:Describe*\",\"batch:List*\",\"cloudhsm:DescribeBackups\",\"cloudhsm:DescribeClusters\",\"cloudhsm:ListTags\",\"cloudwatch:GetMetricData\",\"dynamodb:Describe*\",\"dynamodb:List*\",\"ecr:Describe*\",\"ecr:GetLifecyclePolicy\",\"ecr:GetRepositoryPolicy\",\"ecr:List*\",\"elasticache:List*\",\"elasticfilesystem:Describe*\",\"elasticmapreduce:List*\",\"es:List*\",\"kinesis:Describe*\",\"kinesis:List*\",\"lambda:GetFunction*\",\"macie:ListFindings\",\"monitoring:ListTagsForResource\",\"organizations:ListAccounts\",\"shield:GetSubscriptionState\",\"s3:GetObjectRetention\",\"s3:GetObjectLegalHold\",\"s3:Get*Configuration\",\"sns:GetTopicAttributes\",\"sns:GetSubscriptionAttributes\",\"sns:ListTopics\",\"sns:ListSubscriptions\",\"sns:ListTagsForResource\",\"waf:List*\",\"waf:Get*\",\"waf-regional:List*\",\"waf-regional:Get*\",\"wafv2:List*\",\"wafv2:Get*\",\"wafv2:CheckCapacity\",\"wafv2:DescribeManagedRuleGroup\",\"workspaces:List*\"],\"Effect\":\"Allow\",\"Resource\":\"*\",\"Sid\":\"AdditionalPermissions\"},{\"Action\":[\"apigateway:GET\"],\"Effect\":\"Allow\",\"Resource\":\"arn:aws:apigateway:*::/*\",\"Sid\":\"AdditionalPermissionsApiGateway\"}]}",
                            "role": "JupiterOneServiceRole"
                        },
                        "meta": {
                            "schema_version": 0
                        },
                        "tainted": false
                    },
                    "deposed": [],
                    "provider": "provider.aws"
                },
                "aws_iam_role_policy.tfer--JupiterOneServiceRole_SecurityAudit": {
                    "type": "aws_iam_role_policy",
                    "depends_on": [],
                    "primary": {
                        "id": "JupiterOneServiceRole:SecurityAudit",
                        "attributes": {
                            "id": "JupiterOneServiceRole:SecurityAudit",
                            "name": "SecurityAudit",
                            "policy": "{\"Version\":\"2012-10-17\",\"Statement\":[{\"Action\":[\"access-analyzer:GetAnalyzedResource\",\"access-analyzer:GetAnalyzer\",\"access-analyzer:GetArchiveRule\",\"access-analyzer:GetFinding\",\"access-analyzer:ListAnalyzedResources\",\"access-analyzer:ListAnalyzers\",\"access-analyzer:ListArchiveRules\",\"access-analyzer:ListFindings\",\"access-analyzer:ListTagsForResource\",\"acm:Describe*\",\"acm:List*\",\"application-autoscaling:Describe*\",\"appmesh:Describe*\",\"appmesh:List*\",\"appsync:List*\",\"athena:GetWorkGroup\",\"athena:List*\",\"autoscaling:Describe*\",\"batch:DescribeComputeEnvironments\",\"batch:DescribeJobDefinitions\",\"chime:List*\",\"cloud9:Describe*\",\"cloud9:ListEnvironments\",\"clouddirectory:ListDirectories\",\"cloudformation:DescribeStack*\",\"cloudformation:GetTemplate\",\"cloudformation:ListStack*\",\"cloudformation:GetStackPolicy\",\"cloudfront:Get*\",\"cloudfront:List*\",\"cloudhsm:ListHapgs\",\"cloudhsm:ListHsms\",\"cloudhsm:ListLunaClients\",\"cloudsearch:DescribeDomains\",\"cloudsearch:DescribeServiceAccessPolicies\",\"cloudtrail:DescribeTrails\",\"cloudtrail:GetEventSelectors\",\"cloudtrail:GetTrailStatus\",\"cloudtrail:ListTags\",\"cloudtrail:LookupEvents\",\"cloudwatch:Describe*\",\"codebuild:ListProjects\",\"codecommit:BatchGetRepositories\",\"codecommit:GetBranch\",\"codecommit:GetObjectIdentifier\",\"codecommit:GetRepository\",\"codecommit:List*\",\"codedeploy:Batch*\",\"codedeploy:Get*\",\"codedeploy:List*\",\"codepipeline:ListPipelines\",\"codestar:Describe*\",\"codestar:List*\",\"cognito-identity:ListIdentityPools\",\"cognito-idp:ListUserPools\",\"cognito-sync:Describe*\",\"cognito-sync:List*\",\"comprehend:Describe*\",\"comprehend:List*\",\"config:BatchGetAggregateResourceConfig\",\"config:BatchGetResourceConfig\",\"config:Deliver*\",\"config:Describe*\",\"config:Get*\",\"config:List*\",\"datapipeline:DescribeObjects\",\"datapipeline:DescribePipelines\",\"datapipeline:EvaluateExpression\",\"datapipeline:GetPipelineDefinition\",\"datapipeline:ListPipelines\",\"datapipeline:QueryObjects\",\"datapipeline:ValidatePipelineDefinition\",\"datasync:Describe*\",\"datasync:List*\",\"dax:Describe*\",\"dax:ListTags\",\"directconnect:Describe*\",\"dms:Describe*\",\"dms:ListTagsForResource\",\"ds:DescribeDirectories\",\"dynamodb:DescribeContinuousBackups\",\"dynamodb:DescribeGlobalTable\",\"dynamodb:DescribeTable\",\"dynamodb:DescribeTimeToLive\",\"dynamodb:ListBackups\",\"dynamodb:ListGlobalTables\",\"dynamodb:ListStreams\",\"dynamodb:ListTables\",\"ec2:Describe*\",\"ecr:DescribeRepositories\",\"ecr:GetRepositoryPolicy\",\"ecs:Describe*\",\"ecs:List*\",\"eks:DescribeCluster\",\"eks:DescribeNodeGroup\",\"eks:ListClusters\",\"eks:ListNodeGroups\",\"elasticache:Describe*\",\"elasticbeanstalk:Describe*\",\"elasticfilesystem:DescribeFileSystems\",\"elasticfilesystem:DescribeMountTargetSecurityGroups\",\"elasticfilesystem:DescribeMountTargets\",\"elasticloadbalancing:Describe*\",\"elasticmapreduce:Describe*\",\"elasticmapreduce:ListClusters\",\"elasticmapreduce:ListInstances\",\"es:Describe*\",\"es:ListDomainNames\",\"events:Describe*\",\"events:List*\",\"firehose:Describe*\",\"firehose:List*\",\"fms:ListComplianceStatus\",\"fms:ListPolicies\",\"fsx:Describe*\",\"fsx:List*\",\"gamelift:ListBuilds\",\"gamelift:ListFleets\",\"glacier:DescribeVault\",\"glacier:GetVaultAccessPolicy\",\"glacier:ListVaults\",\"globalaccelerator:Describe*\",\"globalaccelerator:List*\",\"greengrass:List*\",\"guardduty:Get*\",\"guardduty:List*\",\"iam:GenerateCredentialReport\",\"iam:GenerateServiceLastAccessedDetails\",\"iam:Get*\",\"iam:List*\",\"iam:SimulateCustomPolicy\",\"iam:SimulatePrincipalPolicy\",\"inspector:Describe*\",\"inspector:Get*\",\"inspector:List*\",\"inspector:Preview*\",\"iot:Describe*\",\"iot:GetPolicy\",\"iot:GetPolicyVersion\",\"iot:List*\",\"kinesis:DescribeStream\",\"kinesis:ListStreams\",\"kinesis:ListTagsForStream\",\"kinesisanalytics:ListApplications\",\"kms:Describe*\",\"kms:Get*\",\"kms:List*\",\"lambda:GetAccountSettings\",\"lambda:GetFunctionConfiguration\",\"lambda:GetLayerVersionPolicy\",\"lambda:GetPolicy\",\"lambda:List*\",\"license-manager:List*\",\"lightsail:GetInstances\",\"lightsail:GetLoadBalancers\",\"logs:Describe*\",\"logs:ListTagsLogGroup\",\"machinelearning:DescribeMLModels\",\"mediaconnect:Describe*\",\"mediaconnect:List*\",\"mediastore:GetContainerPolicy\",\"mediastore:ListContainers\",\"opsworks:DescribeStacks\",\"opsworks-cm:DescribeServers\",\"organizations:List*\",\"organizations:Describe*\",\"quicksight:Describe*\",\"quicksight:List*\",\"ram:List*\",\"rds:Describe*\",\"rds:DownloadDBLogFilePortion\",\"rds:ListTagsForResource\",\"redshift:Describe*\",\"rekognition:Describe*\",\"rekognition:List*\",\"robomaker:Describe*\",\"robomaker:List*\",\"route53:Get*\",\"route53:List*\",\"route53domains:GetDomainDetail\",\"route53domains:GetOperationDetail\",\"route53domains:ListDomains\",\"route53domains:ListOperations\",\"route53domains:ListTagsForDomain\",\"route53resolver:List*\",\"route53resolver:Get*\",\"s3:GetAccelerateConfiguration\",\"s3:GetAccessPoint\",\"s3:GetAccessPointPolicy\",\"s3:GetAccessPointPolicyStatus\",\"s3:GetAccountPublicAccessBlock\",\"s3:GetAnalyticsConfiguration\",\"s3:GetBucket*\",\"s3:GetEncryptionConfiguration\",\"s3:GetInventoryConfiguration\",\"s3:GetLifecycleConfiguration\",\"s3:GetMetricsConfiguration\",\"s3:GetObjectAcl\",\"s3:GetObjectVersionAcl\",\"s3:GetReplicationConfiguration\",\"s3:ListAccessPoints\",\"s3:ListAllMyBuckets\",\"sagemaker:Describe*\",\"sagemaker:List*\",\"sdb:DomainMetadata\",\"sdb:ListDomains\",\"secretsmanager:GetResourcePolicy\",\"secretsmanager:ListSecrets\",\"secretsmanager:ListSecretVersionIds\",\"securityhub:Describe*\",\"securityhub:Get*\",\"securityhub:List*\",\"serverlessrepo:GetApplicationPolicy\",\"serverlessrepo:List*\",\"ses:GetIdentityDkimAttributes\",\"ses:GetIdentityPolicies\",\"ses:GetIdentityVerificationAttributes\",\"ses:ListIdentities\",\"ses:ListIdentityPolicies\",\"ses:ListVerifiedEmailAddresses\",\"shield:Describe*\",\"shield:List*\",\"snowball:ListClusters\",\"snowball:ListJobs\",\"sns:GetTopicAttributes\",\"sns:ListSubscriptionsByTopic\",\"sns:ListTopics\",\"sqs:GetQueueAttributes\",\"sqs:ListDeadLetterSourceQueues\",\"sqs:ListQueues\",\"sqs:ListQueueTags\",\"ssm:Describe*\",\"ssm:GetAutomationExecution\",\"ssm:ListDocuments\",\"sso:DescribePermissionsPolicies\",\"sso:List*\",\"states:ListStateMachines\",\"storagegateway:DescribeBandwidthRateLimit\",\"storagegateway:DescribeCache\",\"storagegateway:DescribeCachediSCSIVolumes\",\"storagegateway:DescribeGatewayInformation\",\"storagegateway:DescribeMaintenanceStartTime\",\"storagegateway:DescribeNFSFileShares\",\"storagegateway:DescribeSnapshotSchedule\",\"storagegateway:DescribeStorediSCSIVolumes\",\"storagegateway:DescribeTapeArchives\",\"storagegateway:DescribeTapeRecoveryPoints\",\"storagegateway:DescribeTapes\",\"storagegateway:DescribeUploadBuffer\",\"storagegateway:DescribeVTLDevices\",\"storagegateway:DescribeWorkingStorage\",\"storagegateway:List*\",\"tag:GetResources\",\"tag:GetTagKeys\",\"transfer:Describe*\",\"transfer:List*\",\"translate:List*\",\"trustedadvisor:Describe*\",\"waf-regional:Get*\",\"waf-regional:List*\",\"waf:Get*\",\"waf:List*\",\"wafv2:Get*\",\"wafv2:List*\",\"workdocs:Describe*\",\"workspaces:Describe*\",\"xray:Get*\",\"xray:List*\"],\"Effect\":\"Allow\",\"Resource\":\"*\",\"Sid\":\"SecurityAudit\"},{\"Action\":[\"apigateway:GET\"],\"Effect\":\"Allow\",\"Resource\":[\"arn:aws:apigateway:*::/apis\",\"arn:aws:apigateway:*::/apis/*/stages\",\"arn:aws:apigateway:*::/apis/*/stages/*\",\"arn:aws:apigateway:*::/apis/*/routes\",\"arn:aws:apigateway:*::/restapis\",\"arn:aws:apigateway:*::/restapis/*/authorizers\",\"arn:aws:apigateway:*::/restapis/*/authorizers/*\",\"arn:aws:apigateway:*::/restapis/*/documentation/versions\",\"arn:aws:apigateway:*::/restapis/*/resources\",\"arn:aws:apigateway:*::/restapis/*/resources/*\",\"arn:aws:apigateway:*::/restapis/*/resources/*/methods/*\",\"arn:aws:apigateway:*::/restapis/*/stages\",\"arn:aws:apigateway:*::/restapis/*/stages/*\",\"arn:aws:apigateway:*::/vpclinks\"],\"Sid\":\"SecurityAuditApiGateway\"}]}",
                            "role": "JupiterOneServiceRole"
                        },
                        "meta": {
                            "schema_version": 0
                        },
                        "tainted": false
                    },
                    "deposed": [],
                    "provider": "provider.aws"
                },
                "aws_iam_role_policy.tfer--PermisoServiceRole_PermisoIdentityReadOnly": {
                    "type": "aws_iam_role_policy",
                    "depends_on": [],
                    "primary": {
                        "id": "PermisoServiceRole:PermisoIdentityReadOnly",
                        "attributes": {
                            "id": "PermisoServiceRole:PermisoIdentityReadOnly",
                            "name": "PermisoIdentityReadOnly",
                            "policy": "{\"Version\":\"2012-10-17\",\"Statement\":[{\"Action\":[\"cloudtrail:LookupEvents\",\"config:ListDiscoveredResources\",\"ec2:DescribeInstances\",\"guardduty:GetFindings\",\"guardduty:ListDetectors\",\"guardduty:ListFindings\",\"iam:GenerateCredentialReport\",\"iam:GenerateServiceLastAccessedDetails\",\"iam:GetAccessKeyLastUsed\",\"iam:GetAccountAuthorizationDetails\",\"iam:GetCredentialReport\",\"iam:GetPolicy\",\"iam:GetPolicyVersion\",\"iam:GetSAMLProvider\",\"iam:GetServiceLastAccessedDetails\",\"iam:ListAccessKeys\",\"iam:ListGroups\",\"iam:ListInstanceProfiles\",\"iam:ListPolicies\",\"iam:ListRoles\",\"iam:ListUsers\",\"iam:ListSAMLProviders\",\"iam:ListAccountAliases\",\"identitystore:DescribeGroup\",\"identitystore:DescribeUser\",\"lambda:ListFunctions\",\"lambda:GetFunction\",\"organizations:DescribeAccount\",\"organizations:DescribeEffectivePolicy\",\"organizations:DescribeOrganization\",\"organizations:DescribeOrganizationalUnit\",\"organizations:DescribePolicy\",\"organizations:ListAccounts\",\"organizations:ListAccountsForParent\",\"organizations:ListChildren\",\"organizations:ListOrganizationalUnitsForParent\",\"organizations:ListParents\",\"organizations:ListPolicies\",\"organizations:ListPoliciesForTarget\",\"organizations:ListRoots\",\"organizations:ListTagsForResource\",\"organizations:ListTargetsForPolicy\",\"sso:DescribePermissionSet\",\"sso:GetInlinePolicyForPermissionSet\",\"sso:ListAccountAssignments\",\"sso:ListAccountsForProvisionedPermissionSet\",\"sso:ListInstances\",\"sso:ListManagedPoliciesInPermissionSet\",\"sso:ListPermissionSets\",\"s3:GetBucketPolicyStatus\",\"s3:GetEncryptionConfiguration\",\"s3:ListAllMyBuckets\",\"s3:GetBucketVersioning\",\"s3:GetBucketAcl\",\"s3:GetBucketPolicy\",\"s3:GetBucketPublicAccessBlock\",\"s3:GetAccountPublicAccessBlock\"],\"Effect\":\"Allow\",\"Resource\":\"*\",\"Sid\":\"PermisoIdentityReadOnly\"}]}",
                            "role": "PermisoServiceRole"
                        },
                        "meta": {
                            "schema_version": 0
                        },
                        "tainted": false
                    },
                    "deposed": [],
                    "provider": "provider.aws"
                },
                "aws_iam_role_policy.tfer--aws_jay-002E-aware_test-admin_AdministratorAccess": {
                    "type": "aws_iam_role_policy",
                    "depends_on": [],
                    "primary": {
                        "id": "aws_jay.aware_test-admin:AdministratorAccess",
                        "attributes": {
                            "id": "aws_jay.aware_test-admin:AdministratorAccess",
                            "name": "AdministratorAccess",
                            "policy": "{\"Version\":\"2012-10-17\",\"Statement\":[{\"Action\":[\"*\"],\"Effect\":\"Allow\",\"Resource\":\"*\",\"Sid\":\"AdministratorAccess\"}]}",
                            "role": "aws_jay.aware_test-admin"
                        },
                        "meta": {
                            "schema_version": 0
                        },
                        "tainted": false
                    },
                    "deposed": [],
                    "provider": "provider.aws"
                },
                "aws_iam_role_policy.tfer--aws_jay-002E-aware_test-developer_AllowEKSOIDCProvider": {
                    "type": "aws_iam_role_policy",
                    "depends_on": [],
                    "primary": {
                        "id": "aws_jay.aware_test-developer:AllowEKSOIDCProvider",
                        "attributes": {
                            "id": "aws_jay.aware_test-developer:AllowEKSOIDCProvider",
                            "name": "AllowEKSOIDCProvider",
                            "policy": "{\"Version\":\"2012-10-17\",\"Statement\":[{\"Action\":[\"iam:AddClientIDToOpenIDConnectProvider\",\"iam:CreateOpenIDConnectProvider\",\"iam:DeleteOpenIDConnectProvider\",\"iam:RemoveClientIDFromOpenIDConnectProvider\",\"iam:TagOpenIDConnectProvider\",\"iam:UntagOpenIDConnectProvider\",\"iam:UpdateOpenIDConnectProviderThumbprint\"],\"Effect\":\"Allow\",\"Resource\":[\"arn:aws:iam::591976937045:oidc-provider/oidc.eks.*.amazonaws.com\",\"arn:aws:iam::591976937045:oidc-provider/oidc.eks.*.amazonaws.com/*\"],\"Sid\":\"EKSOIDCProvider\"}]}",
                            "role": "aws_jay.aware_test-developer"
                        },
                        "meta": {
                            "schema_version": 0
                        },
                        "tainted": false
                    },
                    "deposed": [],
                    "provider": "provider.aws"
                },
                "aws_iam_role_policy.tfer--aws_jay-002E-aware_test-developer_AllowMutateIAM": {
                    "type": "aws_iam_role_policy",
                    "depends_on": [],
                    "primary": {
                        "id": "aws_jay.aware_test-developer:AllowMutateIAM",
                        "attributes": {
                            "id": "aws_jay.aware_test-developer:AllowMutateIAM",
                            "name": "AllowMutateIAM",
                            "policy": "{\"Version\":\"2012-10-17\",\"Statement\":[{\"Action\":[\"iam:AttachRolePolicy\",\"iam:CreateRole\",\"iam:DeleteRole\",\"iam:DeleteRolePolicy\",\"iam:DetachRolePolicy\",\"iam:PutRolePolicy\",\"iam:UpdateAssumeRolePolicy\",\"iam:UpdateRole\",\"iam:UpdateRoleDescription\",\"iam:PassRole\",\"iam:TagRole\",\"iam:UntagRole\",\"iam:AddRoleToInstanceProfile\",\"iam:CreateInstanceProfile\",\"iam:DeleteInstanceProfile\",\"iam:RemoveRoleFromInstanceProfile\",\"iam:TagInstanceProfile\",\"iam:UntagInstanceProfile\",\"iam:CreateAccessKey\",\"iam:DeleteAccessKey\",\"iam:UpdateAccessKey\",\"iam:CreateVirtualMFADevice\",\"iam:EnableMFADevice\",\"iam:DeactivateMFADevice\",\"iam:DeleteVirtualMFADevice\",\"iam:ResyncMFADevice\",\"iam:DeleteUserPolicy\",\"iam:PutUserPolicy\",\"iam:GenerateOrganizationsAccessReport\",\"iam:CreateServiceLinkedRole\",\"iam:DeleteServiceLinkedRole\",\"iam:UpdateServerCertificate\",\"iam:UploadServerCertificate\",\"iam:DeleteServerCertificate\",\"rolesanywhere:Delete*\",\"rolesanywhere:Disable*\"],\"Effect\":\"Allow\",\"Resource\":\"*\",\"Sid\":\"AllowIAM\"}]}",
                            "role": "aws_jay.aware_test-developer"
                        },
                        "meta": {
                            "schema_version": 0
                        },
                        "tainted": false
                    },
                    "deposed": [],
                    "provider": "provider.aws"
                },
                "aws_iam_role_policy.tfer--aws_jay-002E-aware_test-developer_AllowMutateIAMPoliciesAndPassword": {
                    "type": "aws_iam_role_policy",
                    "depends_on": [],
                    "primary": {
                        "id": "aws_jay.aware_test-developer:AllowMutateIAMPoliciesAndPassword",
                        "attributes": {
                            "id": "aws_jay.aware_test-developer:AllowMutateIAMPoliciesAndPassword",
                            "name": "AllowMutateIAMPoliciesAndPassword",
                            "policy": "{\"Version\":\"2012-10-17\",\"Statement\":[{\"Action\":[\"iam:ChangePassword\",\"iam:DeleteLoginProfile\",\"iam:CreatePolicy\",\"iam:CreatePolicyVersion\",\"iam:DeletePolicy\",\"iam:DeletePolicyVersion\",\"iam:TagPolicy\",\"iam:UntagPolicy\"],\"Effect\":\"Allow\",\"Resource\":\"*\",\"Sid\":\"PoliciesAndPassword\"}]}",
                            "role": "aws_jay.aware_test-developer"
                        },
                        "meta": {
                            "schema_version": 0
                        },
                        "tainted": false
                    },
                    "deposed": [],
                    "provider": "provider.aws"
                },
                "aws_iam_role_policy.tfer--aws_jay-002E-aware_test-developer_AllowTFCOIDCProvider": {
                    "type": "aws_iam_role_policy",
                    "depends_on": [],
                    "primary": {
                        "id": "aws_jay.aware_test-developer:AllowTFCOIDCProvider",
                        "attributes": {
                            "id": "aws_jay.aware_test-developer:AllowTFCOIDCProvider",
                            "name": "AllowTFCOIDCProvider",
                            "policy": "{\"Version\":\"2012-10-17\",\"Statement\":[{\"Action\":[\"iam:AddClientIDToOpenIDConnectProvider\",\"iam:CreateOpenIDConnectProvider\",\"iam:DeleteOpenIDConnectProvider\",\"iam:GetOpenIDConnectProvider\",\"iam:ListOpenIDConnectProviderTags\",\"iam:RemoveClientIDFromOpenIDConnectProvider\",\"iam:TagOpenIDConnectProvider\",\"iam:UntagOpenIDConnectProvider\",\"iam:UpdateOpenIDConnectProviderThumbprint\"],\"Effect\":\"Allow\",\"Resource\":[\"arn:aws:iam::591976937045:oidc-provider/app.terraform.io\",\"arn:aws:iam::591976937045:oidc-provider/app.terraform.io/*\"],\"Sid\":\"TFCOIDCProvider\"}]}",
                            "role": "aws_jay.aware_test-developer"
                        },
                        "meta": {
                            "schema_version": 0
                        },
                        "tainted": false
                    },
                    "deposed": [],
                    "provider": "provider.aws"
                },
                "aws_iam_role_policy.tfer--aws_jay-002E-aware_test-developer_DemoUserCreate": {
                    "type": "aws_iam_role_policy",
                    "depends_on": [],
                    "primary": {
                        "id": "aws_jay.aware_test-developer:DemoUserCreate",
                        "attributes": {
                            "id": "aws_jay.aware_test-developer:DemoUserCreate",
                            "name": "DemoUserCreate",
                            "policy": "{\"Version\":\"2012-10-17\",\"Statement\":[{\"Action\":[\"iam:CreateUser\"],\"Condition\":{\"StringEquals\":{\"iam:PermissionsBoundary\":\"arn:aws:iam::591976937045:policy/DemoUser\"}},\"Effect\":\"Allow\",\"Resource\":\"arn:aws:iam::591976937045:user/demo-${aws:SourceIdentity}*\",\"Sid\":\"DemoUserCreate\"},{\"Action\":[\"iam:DeleteUser\"],\"Effect\":\"Allow\",\"Resource\":\"arn:aws:iam::591976937045:user/demo-${aws:SourceIdentity}*\",\"Sid\":\"DemoUserDelete\"}]}",
                            "role": "aws_jay.aware_test-developer"
                        },
                        "meta": {
                            "schema_version": 0
                        },
                        "tainted": false
                    },
                    "deposed": [],
                    "provider": "provider.aws"
                },
                "aws_iam_role_policy.tfer--aws_jay-002E-aware_test-developer_IAMAndOrgReadOnlyAccess": {
                    "type": "aws_iam_role_policy",
                    "depends_on": [],
                    "primary": {
                        "id": "aws_jay.aware_test-developer:IAMAndOrgReadOnlyAccess",
                        "attributes": {
                            "id": "aws_jay.aware_test-developer:IAMAndOrgReadOnlyAccess",
                            "name": "IAMAndOrgReadOnlyAccess",
                            "policy": "{\"Version\":\"2012-10-17\",\"Statement\":[{\"Action\":[\"rolesanywhere:Get*\",\"rolesanywhere:List*\",\"organizations:Describe*\",\"organizations:List*\",\"iam:Generate*\",\"iam:Get*\",\"iam:List*\",\"iam:Simulate*\",\"account:ListRegions\"],\"Effect\":\"Allow\",\"Resource\":\"*\",\"Sid\":\"ReadOnly\"}]}",
                            "role": "aws_jay.aware_test-developer"
                        },
                        "meta": {
                            "schema_version": 0
                        },
                        "tainted": false
                    },
                    "deposed": [],
                    "provider": "provider.aws"
                },
                "aws_iam_role_policy.tfer--aws_jay-002E-aware_test-developer_PowerUserAccess": {
                    "type": "aws_iam_role_policy",
                    "depends_on": [],
                    "primary": {
                        "id": "aws_jay.aware_test-developer:PowerUserAccess",
                        "attributes": {
                            "id": "aws_jay.aware_test-developer:PowerUserAccess",
                            "name": "PowerUserAccess",
                            "policy": "{\"Version\":\"2012-10-17\",\"Statement\":[{\"Effect\":\"Allow\",\"NotAction\":[\"account:*\",\"iam:*\",\"organizations:*\",\"rolesanywhere:*\"],\"Resource\":\"*\",\"Sid\":\"PowerUserAccess\"}]}",
                            "role": "aws_jay.aware_test-developer"
                        },
                        "meta": {
                            "schema_version": 0
                        },
                        "tainted": false
                    },
                    "deposed": [],
                    "provider": "provider.aws"
                },
                "aws_iam_role_policy.tfer--aws_jay-002E-aware_test-viewer_AdditionalMetadataAccess": {
                    "type": "aws_iam_role_policy",
                    "depends_on": [],
                    "primary": {
                        "id": "aws_jay.aware_test-viewer:AdditionalMetadataAccess",
                        "attributes": {
                            "id": "aws_jay.aware_test-viewer:AdditionalMetadataAccess",
                            "name": "AdditionalMetadataAccess",
                            "policy": "{\"Version\":\"2012-10-17\",\"Statement\":[{\"Action\":[\"backup:Describe*\",\"backup:GetBackupPlan\",\"backup:GetBackupPlanFromJSON\",\"backup:GetBackupPlanFromTemplate\",\"backup:GetBackupSelection\",\"backup:GetBackupVaultAccessPolicy\",\"backup:GetBackupVaultNotifications\",\"backup:GetRecoveryPointRestoreMetadata\",\"backup:GetSupportedResourceTypes\",\"backup:List*\",\"health:Describe*\",\"kafka:Describe*\",\"kafka:Get*\",\"kafka:List*\",\"lambda:GetFunction\",\"logs:FilterLogEvents\",\"pi:Describe*\",\"pi:Get*\",\"pi:List*\",\"rds:List*\",\"ses:Get*\",\"sns:Get*\",\"sqs:Get*\",\"sqs:List*\",\"support:Describe*\",\"support:SearchForCases\"],\"Effect\":\"Allow\",\"Resource\":\"*\",\"Sid\":\"AdditionalMetadataAccess\"}]}",
                            "role": "aws_jay.aware_test-viewer"
                        },
                        "meta": {
                            "schema_version": 0
                        },
                        "tainted": false
                    },
                    "deposed": [],
                    "provider": "provider.aws"
                },
                "aws_iam_role_policy.tfer--aws_jay-002E-aware_test-viewer_SecurityAudit": {
                    "type": "aws_iam_role_policy",
                    "depends_on": [],
                    "primary": {
                        "id": "aws_jay.aware_test-viewer:SecurityAudit",
                        "attributes": {
                            "id": "aws_jay.aware_test-viewer:SecurityAudit",
                            "name": "SecurityAudit",
                            "policy": "{\"Version\":\"2012-10-17\",\"Statement\":[{\"Action\":[\"application-autoscaling:Describe*\",\"cloudwatch:Describe*\",\"elasticloadbalancing:Describe*\",\"events:Describe*\",\"events:List*\",\"kms:Describe*\",\"kms:Get*\",\"kms:List*\",\"lambda:GetAccountSettings\",\"lambda:GetFunctionConfiguration\",\"s3:GetAccelerateConfiguration\",\"s3:GetAccountPublicAccessBlock\",\"s3:GetAnalyticsConfiguration\",\"s3:GetEncryptionConfiguration\",\"s3:GetInventoryConfiguration\",\"s3:GetLifecycleConfiguration\",\"s3:GetMetricsConfiguration\",\"s3:GetReplicationConfiguration\",\"tag:GetResources\"],\"Effect\":\"Allow\",\"Resource\":\"*\",\"Sid\":\"SecurityAudit\"}]}",
                            "role": "aws_jay.aware_test-viewer"
                        },
                        "meta": {
                            "schema_version": 0
                        },
                        "tainted": false
                    },
                    "deposed": [],
                    "provider": "provider.aws"
                },
                "aws_iam_role_policy.tfer--aws_jay-002E-aware_test-viewer_ViewOnlyAccess": {
                    "type": "aws_iam_role_policy",
                    "depends_on": [],
                    "primary": {
                        "id": "aws_jay.aware_test-viewer:ViewOnlyAccess",
                        "attributes": {
                            "id": "aws_jay.aware_test-viewer:ViewOnlyAccess",
                            "name": "ViewOnlyAccess",
                            "policy": "{\"Version\":\"2012-10-17\",\"Statement\":[{\"Action\":[\"acm:ListCertificates\",\"athena:List*\",\"autoscaling:Describe*\",\"aws-marketplace:ViewSubscriptions\",\"batch:ListJobs\",\"clouddirectory:ListAppliedSchemaArns\",\"clouddirectory:ListDevelopmentSchemaArns\",\"clouddirectory:ListDirectories\",\"clouddirectory:ListPublishedSchemaArns\",\"cloudformation:DescribeStacks\",\"cloudformation:List*\",\"cloudfront:List*\",\"cloudhsm:ListAvailableZones\",\"cloudhsm:ListHapgs\",\"cloudhsm:ListHsms\",\"cloudhsm:ListLunaClients\",\"cloudsearch:DescribeDomains\",\"cloudsearch:List*\",\"cloudtrail:DescribeTrails\",\"cloudtrail:LookupEvents\",\"cloudwatch:Get*\",\"cloudwatch:List*\",\"codebuild:ListBuilds*\",\"codebuild:ListProjects\",\"codecommit:List*\",\"codedeploy:Get*\",\"codedeploy:List*\",\"codepipeline:ListPipelines\",\"codestar:List*\",\"cognito-identity:ListIdentities\",\"cognito-identity:ListIdentityPools\",\"cognito-idp:List*\",\"cognito-sync:ListDatasets\",\"config:Describe*\",\"config:List*\",\"connect:List*\",\"comprehend:Describe*\",\"comprehend:List*\",\"datapipeline:DescribePipelines\",\"datapipeline:GetAccountLimits\",\"datapipeline:ListPipelines\",\"dax:DescribeClusters\",\"dax:DescribeDefaultParameters\",\"dax:DescribeEvents\",\"dax:DescribeParameterGroups\",\"dax:DescribeParameters\",\"dax:DescribeSubnetGroups\",\"dax:ListTags\",\"devicefarm:List*\",\"directconnect:Describe*\",\"discovery:List*\",\"dms:List*\",\"ds:DescribeDirectories\",\"dynamodb:DescribeBackup\",\"dynamodb:DescribeContinuousBackups\",\"dynamodb:DescribeGlobalTable\",\"dynamodb:DescribeGlobalTableSettings\",\"dynamodb:DescribeLimits\",\"dynamodb:DescribeReservedCapacity\",\"dynamodb:DescribeReservedCapacityOfferings\",\"dynamodb:DescribeStream\",\"dynamodb:DescribeTable\",\"dynamodb:DescribeTimeToLive\",\"dynamodb:ListBackups\",\"dynamodb:ListGlobalTables\",\"dynamodb:ListStreams\",\"dynamodb:ListTables\",\"dynamodb:ListTagsOfResource\",\"ec2:DescribeAccountAttributes\",\"ec2:DescribeAddresses\",\"ec2:DescribeAvailabilityZones\",\"ec2:DescribeBundleTasks\",\"ec2:DescribeCarrierGateways\",\"ec2:DescribeClassicLinkInstances\",\"ec2:DescribeConversionTasks\",\"ec2:DescribeCustomerGateways\",\"ec2:DescribeDhcpOptions\",\"ec2:DescribeExportTasks\",\"ec2:DescribeFlowLogs\",\"ec2:DescribeHost*\",\"ec2:DescribeIdFormat\",\"ec2:DescribeIdentityIdFormat\",\"ec2:DescribeImage*\",\"ec2:DescribeImport*\",\"ec2:DescribeInstance*\",\"ec2:DescribeInternetGateways\",\"ec2:DescribeKeyPairs\",\"ec2:DescribeLocalGatewayRouteTableVirtualInterfaceGroupAssociations\",\"ec2:DescribeLocalGatewayRouteTableVpcAssociations\",\"ec2:DescribeLocalGatewayRouteTables\",\"ec2:DescribeLocalGatewayVirtualInterfaceGroups\",\"ec2:DescribeLocalGatewayVirtualInterfaces\",\"ec2:DescribeLocalGateways\",\"ec2:DescribeMovingAddresses\",\"ec2:DescribeNatGateways\",\"ec2:DescribeNetwork*\",\"ec2:DescribePlacementGroups\",\"ec2:DescribePrefixLists\",\"ec2:DescribeRegions\",\"ec2:DescribeReserved*\",\"ec2:DescribeRouteTables\",\"ec2:DescribeSecurityGroups\",\"ec2:DescribeSnapshot*\",\"ec2:DescribeSpot*\",\"ec2:DescribeSubnets\",\"ec2:DescribeTags\",\"ec2:DescribeVolume*\",\"ec2:DescribeVpc*\",\"ec2:DescribeVpnGateways\",\"ec2:SearchLocalGatewayRoutes\",\"ecr:DescribeRepositories\",\"ecr:ListImages\",\"ecs:Describe*\",\"ecs:List*\",\"elastic-inference:DescribeAccelerators\",\"elastic-inference:DescribeAcceleratorTypes\",\"elastic-inference:DescribeAcceleratorOfferings\",\"elastic-inference:ListTagsForResource\",\"elasticache:Describe*\",\"elasticbeanstalk:DescribeApplicationVersions\",\"elasticbeanstalk:DescribeApplications\",\"elasticbeanstalk:DescribeEnvironments\",\"elasticbeanstalk:ListAvailableSolutionStacks\",\"elasticfilesystem:DescribeFileSystems\",\"elasticloadbalancing:DescribeInstanceHealth\",\"elasticloadbalancing:DescribeListeners\",\"elasticloadbalancing:DescribeLoadBalancers\",\"elasticloadbalancing:DescribeTargetGroups\",\"elasticloadbalancing:DescribeTargetHealth\",\"elasticmapreduce:List*\",\"elastictranscoder:List*\",\"es:DescribeElasticsearchDomain\",\"es:DescribeElasticsearchDomains\",\"es:ListDomainNames\",\"firehose:DescribeDeliveryStream\",\"firehose:List*\",\"fsx:DescribeFileSystems\",\"gamelift:List*\",\"glacier:List*\",\"greengrass:List*\",\"iam:GetAccountSummary\",\"iam:GetLoginProfile\",\"iam:List*\",\"importexport:ListJobs\",\"inspector:List*\",\"iot:List*\",\"kinesis:ListStreams\",\"kinesisanalytics:ListApplications\",\"lambda:List*\",\"lex:GetBotAliases\",\"lex:GetBotChannelAssociations\",\"lex:GetBotVersions\",\"lex:GetBots\",\"lex:GetIntentVersions\",\"lex:GetIntents\",\"lex:GetSlotTypeVersions\",\"lex:GetSlotTypes\",\"lex:GetUtterancesView\",\"lightsail:GetBlueprints\",\"lightsail:GetBundles\",\"lightsail:GetInstanceSnapshots\",\"lightsail:GetInstances\",\"lightsail:GetKeyPair\",\"lightsail:GetRegions\",\"lightsail:GetStaticIps\",\"lightsail:IsVpcPeered\",\"logs:Describe*\",\"lookoutvision:ListModelPackagingJobs\",\"lookoutvision:ListModels\",\"lookoutvision:ListProjects\",\"machinelearning:Describe*\",\"mediaconnect:ListEntitlements\",\"mediaconnect:ListFlows\",\"mediaconnect:ListOfferings\",\"mediaconnect:ListReservations\",\"mobilehub:ListAvailableFeatures\",\"mobilehub:ListAvailableRegions\",\"mobilehub:ListProjects\",\"mobiletargeting:GetApplicationSettings\",\"mobiletargeting:GetCampaigns\",\"mobiletargeting:GetImportJobs\",\"mobiletargeting:GetSegments\",\"opsworks-cm:Describe*\",\"opsworks:Describe*\",\"organizations:List*\",\"outposts:GetOutpost\",\"outposts:GetOutpostInstanceTypes\",\"outposts:ListOutposts\",\"outposts:ListSites\",\"outposts:ListTagsForResource\",\"polly:Describe*\",\"polly:List*\",\"rds:Describe*\",\"redshift:DescribeClusters\",\"redshift:DescribeEvents\",\"redshift:ViewQueriesInConsole\",\"route53:Get*\",\"route53:List*\",\"route53domains:List*\",\"route53resolver:Get*\",\"route53resolver:List*\",\"s3:ListAllMyBuckets\",\"s3:ListBucket\",\"sagemaker:Describe*\",\"sagemaker:List*\",\"sdb:List*\",\"servicecatalog:List*\",\"ses:List*\",\"shield:List*\",\"sns:List*\",\"ssm:ListAssociations\",\"ssm:ListDocuments\",\"states:ListActivities\",\"states:ListStateMachines\",\"storagegateway:ListGateways\",\"storagegateway:ListLocalDisks\",\"storagegateway:ListVolumeRecoveryPoints\",\"storagegateway:ListVolumes\",\"swf:List*\",\"trustedadvisor:Describe*\",\"waf-regional:List*\",\"waf:List*\",\"wafv2:List*\",\"workdocs:DescribeAvailableDirectories\",\"workdocs:DescribeInstances\",\"workmail:Describe*\",\"workspaces:Describe*\"],\"Effect\":\"Allow\",\"Resource\":\"*\",\"Sid\":\"ViewOnlyAccess\"}]}",
                            "role": "aws_jay.aware_test-viewer"
                        },
                        "meta": {
                            "schema_version": 0
                        },
                        "tainted": false
                    },
                    "deposed": [],
                    "provider": "provider.aws"
                },
                "aws_iam_role_policy.tfer--doormat-ssm_SSM": {
                    "type": "aws_iam_role_policy",
                    "depends_on": [],
                    "primary": {
                        "id": "doormat-ssm:SSM",
                        "attributes": {
                            "id": "doormat-ssm:SSM",
                            "name": "SSM",
                            "policy": "{\"Version\":\"2012-10-17\",\"Statement\":[{\"Action\":[\"ssm:StartSession\"],\"Effect\":\"Allow\",\"Resource\":\"*\",\"Sid\":\"SSM\"},{\"Action\":[\"ssm:DescribeInstanceInformation\",\"ec2:DescribeInstances\"],\"Effect\":\"Allow\",\"Resource\":\"*\",\"Sid\":\"SSMDescribe\"},{\"Action\":[\"ssm:TerminateSession\"],\"Effect\":\"Allow\",\"Resource\":\"arn:aws:ssm:*:*:session/${aws:PrincipalTag/RoleSessionName}-*\",\"Sid\":\"SSMTerminate\"}]}",
                            "role": "doormat-ssm"
                        },
                        "meta": {
                            "schema_version": 0
                        },
                        "tainted": false
                    },
                    "deposed": [],
                    "provider": "provider.aws"
                },
                "aws_iam_role_policy.tfer--doormat_AccountBootstrapIAMAccountAlias": {
                    "type": "aws_iam_role_policy",
                    "depends_on": [],
                    "primary": {
                        "id": "doormat:AccountBootstrapIAMAccountAlias",
                        "attributes": {
                            "id": "doormat:AccountBootstrapIAMAccountAlias",
                            "name": "AccountBootstrapIAMAccountAlias",
                            "policy": "{\"Version\":\"2012-10-17\",\"Statement\":[{\"Action\":[\"iam:CreateAccountAlias\",\"iam:ListAccountAlias\",\"iam:DeleteAccountAlias\"],\"Effect\":\"Allow\",\"Resource\":\"*\"}]}",
                            "role": "doormat"
                        },
                        "meta": {
                            "schema_version": 0
                        },
                        "tainted": false
                    },
                    "deposed": [],
                    "provider": "provider.aws"
                },
                "aws_iam_role_policy.tfer--doormat_AccountBootstrapIAMAssumeRolePolicy": {
                    "type": "aws_iam_role_policy",
                    "depends_on": [],
                    "primary": {
                        "id": "doormat:AccountBootstrapIAMAssumeRolePolicy",
                        "attributes": {
                            "id": "doormat:AccountBootstrapIAMAssumeRolePolicy",
                            "name": "AccountBootstrapIAMAssumeRolePolicy",
                            "policy": "{\"Version\":\"2012-10-17\",\"Statement\":[{\"Action\":[\"iam:UpdateAssumeRolePolicy\"],\"Effect\":\"Allow\",\"Resource\":\"arn:aws:iam::*:role/honeybee-iam-role\"}]}",
                            "role": "doormat"
                        },
                        "meta": {
                            "schema_version": 0
                        },
                        "tainted": false
                    },
                    "deposed": [],
                    "provider": "provider.aws"
                },
                "aws_iam_role_policy.tfer--doormat_IAMRead": {
                    "type": "aws_iam_role_policy",
                    "depends_on": [],
                    "primary": {
                        "id": "doormat:IAMRead",
                        "attributes": {
                            "id": "doormat:IAMRead",
                            "name": "IAMRead",
                            "policy": "{\"Version\":\"2012-10-17\",\"Statement\":[{\"Action\":[\"iam:GetRole\",\"iam:ListRoles\"],\"Effect\":\"Allow\",\"Resource\":\"*\"}]}",
                            "role": "doormat"
                        },
                        "meta": {
                            "schema_version": 0
                        },
                        "tainted": false
                    },
                    "deposed": [],
                    "provider": "provider.aws"
                },
                "aws_iam_role_policy.tfer--doormat_SSMListInstances": {
                    "type": "aws_iam_role_policy",
                    "depends_on": [],
                    "primary": {
                        "id": "doormat:SSMListInstances",
                        "attributes": {
                            "id": "doormat:SSMListInstances",
                            "name": "SSMListInstances",
                            "policy": "{\"Version\":\"2012-10-17\",\"Statement\":[{\"Action\":[\"ssm:DescribeInstanceInformation\",\"ec2:DescribeInstances\"],\"Effect\":\"Allow\",\"Resource\":\"*\"}]}",
                            "role": "doormat"
                        },
                        "meta": {
                            "schema_version": 0
                        },
                        "tainted": false
                    },
                    "deposed": [],
                    "provider": "provider.aws"
                },
                "aws_iam_role_policy.tfer--eksctl-dynamic-policy-saas-cluster-ServiceRole-1KY0S2H79QNW0_eksctl-dynamic-policy-saas-cluster-PolicyCloudWatchMetrics": {
                    "type": "aws_iam_role_policy",
                    "depends_on": [],
                    "primary": {
                        "id": "eksctl-dynamic-policy-saas-cluster-ServiceRole-1KY0S2H79QNW0:eksctl-dynamic-policy-saas-cluster-PolicyCloudWatchMetrics",
                        "attributes": {
                            "id": "eksctl-dynamic-policy-saas-cluster-ServiceRole-1KY0S2H79QNW0:eksctl-dynamic-policy-saas-cluster-PolicyCloudWatchMetrics",
                            "name": "eksctl-dynamic-policy-saas-cluster-PolicyCloudWatchMetrics",
                            "policy": "{\"Version\":\"2012-10-17\",\"Statement\":[{\"Action\":[\"cloudwatch:PutMetricData\"],\"Effect\":\"Allow\",\"Resource\":\"*\"}]}",
                            "role": "eksctl-dynamic-policy-saas-cluster-ServiceRole-1KY0S2H79QNW0"
                        },
                        "meta": {
                            "schema_version": 0
                        },
                        "tainted": false
                    },
                    "deposed": [],
                    "provider": "provider.aws"
                },
                "aws_iam_role_policy.tfer--eksctl-dynamic-policy-saas-cluster-ServiceRole-1KY0S2H79QNW0_eksctl-dynamic-policy-saas-cluster-PolicyELBPermissions": {
                    "type": "aws_iam_role_policy",
                    "depends_on": [],
                    "primary": {
                        "id": "eksctl-dynamic-policy-saas-cluster-ServiceRole-1KY0S2H79QNW0:eksctl-dynamic-policy-saas-cluster-PolicyELBPermissions",
                        "attributes": {
                            "id": "eksctl-dynamic-policy-saas-cluster-ServiceRole-1KY0S2H79QNW0:eksctl-dynamic-policy-saas-cluster-PolicyELBPermissions",
                            "name": "eksctl-dynamic-policy-saas-cluster-PolicyELBPermissions",
                            "policy": "{\"Version\":\"2012-10-17\",\"Statement\":[{\"Action\":[\"ec2:DescribeAccountAttributes\",\"ec2:DescribeAddresses\",\"ec2:DescribeInternetGateways\"],\"Effect\":\"Allow\",\"Resource\":\"*\"}]}",
                            "role": "eksctl-dynamic-policy-saas-cluster-ServiceRole-1KY0S2H79QNW0"
                        },
                        "meta": {
                            "schema_version": 0
                        },
                        "tainted": false
                    },
                    "deposed": [],
                    "provider": "provider.aws"
                },
                "aws_iam_role_policy.tfer--honeybee-config-recorder_ModifyIAM": {
                    "type": "aws_iam_role_policy",
                    "depends_on": [],
                    "primary": {
                        "id": "honeybee-config-recorder:ModifyIAM",
                        "attributes": {
                            "id": "honeybee-config-recorder:ModifyIAM",
                            "name": "ModifyIAM",
                            "policy": "{\"Version\":\"2012-10-17\",\"Statement\":[{\"Action\":[\"iam:CreateServiceLinkedRole\",\"config:DescribeConfigurationRecorders\",\"config:DescribeConfigurationRecorderStatus\",\"config:DescribeDeliveryChannels\",\"config:PutConfigurationRecorder\",\"config:PutDeliveryChannel\",\"config:StartConfigurationRecorder\"],\"Effect\":\"Allow\",\"Resource\":\"*\",\"Sid\":\"Config\"},{\"Action\":[\"iam:PassRole\"],\"Effect\":\"Allow\",\"Resource\":\"arn:aws:iam::591976937045:role/aws-service-role/config.amazonaws.com/AWSServiceRoleForConfig\",\"Sid\":\"PassRole\"}]}",
                            "role": "honeybee-config-recorder"
                        },
                        "meta": {
                            "schema_version": 0
                        },
                        "tainted": false
                    },
                    "deposed": [],
                    "provider": "provider.aws"
                },
                "aws_iam_role_policy.tfer--honeybee-iam-account-alias_ModifyIAMAccountAlias": {
                    "type": "aws_iam_role_policy",
                    "depends_on": [],
                    "primary": {
                        "id": "honeybee-iam-account-alias:ModifyIAMAccountAlias",
                        "attributes": {
                            "id": "honeybee-iam-account-alias:ModifyIAMAccountAlias",
                            "name": "ModifyIAMAccountAlias",
                            "policy": "{\"Version\":\"2012-10-17\",\"Statement\":[{\"Action\":[\"iam:CreateAccountAlias\",\"iam:DeleteAccountAlias\",\"iam:ListAccountAliases\"],\"Effect\":\"Allow\",\"Resource\":\"*\",\"Sid\":\"ModifyIAMAccountAlias\"}]}",
                            "role": "honeybee-iam-account-alias"
                        },
                        "meta": {
                            "schema_version": 0
                        },
                        "tainted": false
                    },
                    "deposed": [],
                    "provider": "provider.aws"
                },
                "aws_iam_role_policy.tfer--honeybee-iam-policy_ModifyIAM": {
                    "type": "aws_iam_role_policy",
                    "depends_on": [],
                    "primary": {
                        "id": "honeybee-iam-policy:ModifyIAM",
                        "attributes": {
                            "id": "honeybee-iam-policy:ModifyIAM",
                            "name": "ModifyIAM",
                            "policy": "{\"Version\":\"2012-10-17\",\"Statement\":[{\"Action\":[\"iam:CreatePolicy\",\"iam:CreatePolicyVersion\",\"iam:GetAccountAuthorizationDetails\",\"iam:DeletePolicyVersion\",\"iam:ListPolicyTags\",\"iam:TagPolicy\",\"iam:UnTagPolicy\"],\"Effect\":\"Allow\",\"Resource\":\"*\",\"Sid\":\"ModifyIAM\"}]}",
                            "role": "honeybee-iam-policy"
                        },
                        "meta": {
                            "schema_version": 0
                        },
                        "tainted": false
                    },
                    "deposed": [],
                    "provider": "provider.aws"
                },
                "aws_iam_role_policy.tfer--honeybee-iam-role_ModifyIAM": {
                    "type": "aws_iam_role_policy",
                    "depends_on": [],
                    "primary": {
                        "id": "honeybee-iam-role:ModifyIAM",
                        "attributes": {
                            "id": "honeybee-iam-role:ModifyIAM",
                            "name": "ModifyIAM",
                            "policy": "{\"Version\":\"2012-10-17\",\"Statement\":[{\"Action\":[\"iam:*\"],\"Effect\":\"Allow\",\"Resource\":\"*\",\"Sid\":\"ModifyIAM\"}]}",
                            "role": "honeybee-iam-role"
                        },
                        "meta": {
                            "schema_version": 0
                        },
                        "tainted": false
                    },
                    "deposed": [],
                    "provider": "provider.aws"
                },
                "aws_iam_role_policy.tfer--sec-break-glass_BreakGlass": {
                    "type": "aws_iam_role_policy",
                    "depends_on": [],
                    "primary": {
                        "id": "sec-break-glass:BreakGlass",
                        "attributes": {
                            "id": "sec-break-glass:BreakGlass",
                            "name": "BreakGlass",
                            "policy": "{\"Version\":\"2012-10-17\",\"Statement\":[{\"Action\":[\"iam:AttachUserPolicy\",\"iam:ChangePassword\",\"iam:CreateAccessKey\",\"iam:CreateLoginProfile\",\"iam:CreateUser\",\"iam:GetUser\",\"iam:TagUser\",\"iam:DeleteUser\"],\"Effect\":\"Allow\",\"Resource\":\"*\",\"Sid\":\"BreakGlassIAM\"},{\"Action\":[\"s3:GetObject\"],\"Effect\":\"Allow\",\"Resource\":\"arn:aws:s3:::hc1-swag-infrasec-prod-*\",\"Sid\":\"SWAG\"}]}",
                            "role": "sec-break-glass"
                        },
                        "meta": {
                            "schema_version": 0
                        },
                        "tainted": false
                    },
                    "deposed": [],
                    "provider": "provider.aws"
                },
                "aws_iam_role_policy.tfer--security-response_EC2InstanceCollection": {
                    "type": "aws_iam_role_policy",
                    "depends_on": [],
                    "primary": {
                        "id": "security-response:EC2InstanceCollection",
                        "attributes": {
                            "id": "security-response:EC2InstanceCollection",
                            "name": "EC2InstanceCollection",
                            "policy": "{\"Version\":\"2012-10-17\",\"Statement\":[{\"Action\":[\"ec2:CopySnapshot\",\"ec2:CreateSnapshot\",\"ec2:CreateTags\",\"ec2:DeleteSnapshot\",\"ec2:DescribeInstances\",\"ec2:DescribeSnapshots\",\"ec2:DescribeVolumes\",\"ec2:ModifySnapshotAttribute\"],\"Effect\":\"Allow\",\"Resource\":\"*\",\"Sid\":\"EC2SnapshotAcquisition\"},{\"Action\":[\"kms:CreateGrant\",\"kms:CreateKey\",\"kms:DescribeKey\",\"kms:GenerateDataKeyWithoutPlaintext\",\"kms:GetKeyPolicy\",\"kms:PutKeyPolicy\",\"kms:ScheduleKeyDeletion\",\"kms:TagResource\"],\"Effect\":\"Allow\",\"Resource\":\"*\",\"Sid\":\"KMSSnapshotEncryption\"}]}",
                            "role": "security-response"
                        },
                        "meta": {
                            "schema_version": 0
                        },
                        "tainted": false
                    },
                    "deposed": [],
                    "provider": "provider.aws"
                },
                "aws_iam_role_policy.tfer--security-response_EC2InstanceTermination": {
                    "type": "aws_iam_role_policy",
                    "depends_on": [],
                    "primary": {
                        "id": "security-response:EC2InstanceTermination",
                        "attributes": {
                            "id": "security-response:EC2InstanceTermination",
                            "name": "EC2InstanceTermination",
                            "policy": "{\"Version\":\"2012-10-17\",\"Statement\":[{\"Action\":[\"ec2:TerminateInstances\"],\"Effect\":\"Allow\",\"Resource\":\"*\",\"Sid\":\"EC2InstanceTermination\"}]}",
                            "role": "security-response"
                        },
                        "meta": {
                            "schema_version": 0
                        },
                        "tainted": false
                    },
                    "deposed": [],
                    "provider": "provider.aws"
                },
                "aws_iam_role_policy.tfer--security-response_IAMKeyDeletion": {
                    "type": "aws_iam_role_policy",
                    "depends_on": [],
                    "primary": {
                        "id": "security-response:IAMKeyDeletion",
                        "attributes": {
                            "id": "security-response:IAMKeyDeletion",
                            "name": "IAMKeyDeletion",
                            "policy": "{\"Version\":\"2012-10-17\",\"Statement\":[{\"Action\":[\"iam:DeleteAccessKey\",\"sts:GetAccessKeyInfo\"],\"Effect\":\"Allow\",\"Resource\":\"*\",\"Sid\":\"IAMKeyDeletion\"}]}",
                            "role": "security-response"
                        },
                        "meta": {
                            "schema_version": 0
                        },
                        "tainted": false
                    },
                    "deposed": [],
                    "provider": "provider.aws"
                },
                "aws_iam_role_policy.tfer--security-response_IAMRoleDeletion": {
                    "type": "aws_iam_role_policy",
                    "depends_on": [],
                    "primary": {
                        "id": "security-response:IAMRoleDeletion",
                        "attributes": {
                            "id": "security-response:IAMRoleDeletion",
                            "name": "IAMRoleDeletion",
                            "policy": "{\"Version\":\"2012-10-17\",\"Statement\":[{\"Action\":[\"iam:DeleteRole\"],\"Effect\":\"Allow\",\"Resource\":\"*\",\"Sid\":\"IAMRoleDeletion\"}]}",
                            "role": "security-response"
                        },
                        "meta": {
                            "schema_version": 0
                        },
                        "tainted": false
                    },
                    "deposed": [],
                    "provider": "provider.aws"
                },
                "aws_iam_role_policy.tfer--torq-inspect_TorqAdditional": {
                    "type": "aws_iam_role_policy",
                    "depends_on": [],
                    "primary": {
                        "id": "torq-inspect:TorqAdditional",
                        "attributes": {
                            "id": "torq-inspect:TorqAdditional",
                            "name": "TorqAdditional",
                            "policy": "{\"Version\":\"2012-10-17\",\"Statement\":[{\"Action\":[\"access-analyzer:List*\",\"dynamodb:Describe*\",\"dynamodb:List*\",\"ecr:Describe*\",\"ecr:GetLifecyclePolicy\",\"ecr:GetRepositoryPolicy\",\"ecr:List*\",\"elasticache:List*\",\"elasticfilesystem:Describe*\",\"elasticmapreduce:List*\",\"es:List*\",\"kinesis:Describe*\",\"kinesis:List*\",\"s3:GetObjectRetention\",\"s3:GetObjectLegalHold\",\"s3:Get*Configuration\",\"sns:GetTopicAttributes\",\"sns:GetSubscriptionAttributes\",\"sns:ListTopics\",\"sns:ListSubscriptions\",\"sns:ListTagsForResource\",\"sts:GetAccessKeyInfo\",\"waf:List*\",\"waf:Get*\",\"waf-regional:List*\",\"waf-regional:Get*\",\"workspaces:List*\"],\"Effect\":\"Allow\",\"Resource\":\"*\",\"Sid\":\"AdditionalPermissions\"},{\"Action\":[\"apigateway:GET\"],\"Effect\":\"Allow\",\"Resource\":\"arn:aws:apigateway:*::/*\",\"Sid\":\"AdditionalPermissionsApiGateway\"}]}",
                            "role": "torq-inspect"
                        },
                        "meta": {
                            "schema_version": 0
                        },
                        "tainted": false
                    },
                    "deposed": [],
                    "provider": "provider.aws"
                },
                "aws_iam_role_policy.tfer--torq-inspect_TorqReadSwag": {
                    "type": "aws_iam_role_policy",
                    "depends_on": [],
                    "primary": {
                        "id": "torq-inspect:TorqReadSwag",
                        "attributes": {
                            "id": "torq-inspect:TorqReadSwag",
                            "name": "TorqReadSwag",
                            "policy": "{\"Version\":\"2012-10-17\",\"Statement\":[{\"Action\":[\"s3:GetObject\"],\"Effect\":\"Allow\",\"Resource\":\"arn:aws:s3:::hc1-swag-infrasec-prod-us-east-1/v2/accounts.json\",\"Sid\":\"SwagEnrich\"}]}",
                            "role": "torq-inspect"
                        },
                        "meta": {
                            "schema_version": 0
                        },
                        "tainted": false
                    },
                    "deposed": [],
                    "provider": "provider.aws"
                },
                "aws_iam_role_policy.tfer--torq-inspect_TorqSecurityAudit": {
                    "type": "aws_iam_role_policy",
                    "depends_on": [],
                    "primary": {
                        "id": "torq-inspect:TorqSecurityAudit",
                        "attributes": {
                            "id": "torq-inspect:TorqSecurityAudit",
                            "name": "TorqSecurityAudit",
                            "policy": "{\"Version\":\"2012-10-17\",\"Statement\":[{\"Action\":[\"access-analyzer:GetAnalyzedResource\",\"access-analyzer:GetAnalyzer\",\"access-analyzer:GetArchiveRule\",\"access-analyzer:GetFinding\",\"access-analyzer:ListAnalyzedResources\",\"access-analyzer:ListAnalyzers\",\"access-analyzer:ListArchiveRules\",\"access-analyzer:ListFindings\",\"access-analyzer:ListTagsForResource\",\"acm:Describe*\",\"acm:List*\",\"application-autoscaling:Describe*\",\"appmesh:Describe*\",\"appmesh:List*\",\"appsync:List*\",\"athena:GetWorkGroup\",\"athena:List*\",\"autoscaling:Describe*\",\"batch:DescribeComputeEnvironments\",\"batch:DescribeJobDefinitions\",\"chime:List*\",\"cloud9:Describe*\",\"cloud9:ListEnvironments\",\"clouddirectory:ListDirectories\",\"cloudformation:DescribeStack*\",\"cloudformation:GetTemplate\",\"cloudformation:ListStack*\",\"cloudformation:GetStackPolicy\",\"cloudfront:Get*\",\"cloudfront:List*\",\"cloudhsm:ListHapgs\",\"cloudhsm:ListHsms\",\"cloudhsm:ListLunaClients\",\"cloudsearch:DescribeDomains\",\"cloudsearch:DescribeServiceAccessPolicies\",\"cloudtrail:DescribeTrails\",\"cloudtrail:GetEventSelectors\",\"cloudtrail:GetTrailStatus\",\"cloudtrail:ListTags\",\"cloudtrail:LookupEvents\",\"cloudwatch:Describe*\",\"codebuild:ListProjects\",\"codecommit:BatchGetRepositories\",\"codecommit:GetBranch\",\"codecommit:GetObjectIdentifier\",\"codecommit:GetRepository\",\"codecommit:List*\",\"codedeploy:Batch*\",\"codedeploy:Get*\",\"codedeploy:List*\",\"codepipeline:ListPipelines\",\"codestar:Describe*\",\"codestar:List*\",\"cognito-identity:ListIdentityPools\",\"cognito-idp:ListUserPools\",\"cognito-sync:Describe*\",\"cognito-sync:List*\",\"comprehend:Describe*\",\"comprehend:List*\",\"config:BatchGetAggregateResourceConfig\",\"config:BatchGetResourceConfig\",\"config:Deliver*\",\"config:Describe*\",\"config:Get*\",\"config:List*\",\"datapipeline:DescribeObjects\",\"datapipeline:DescribePipelines\",\"datapipeline:EvaluateExpression\",\"datapipeline:GetPipelineDefinition\",\"datapipeline:ListPipelines\",\"datapipeline:QueryObjects\",\"datapipeline:ValidatePipelineDefinition\",\"datasync:Describe*\",\"datasync:List*\",\"dax:Describe*\",\"dax:ListTags\",\"directconnect:Describe*\",\"dms:Describe*\",\"dms:ListTagsForResource\",\"ds:DescribeDirectories\",\"dynamodb:DescribeContinuousBackups\",\"dynamodb:DescribeGlobalTable\",\"dynamodb:DescribeTable\",\"dynamodb:DescribeTimeToLive\",\"dynamodb:ListBackups\",\"dynamodb:ListGlobalTables\",\"dynamodb:ListStreams\",\"dynamodb:ListTables\",\"ec2:Describe*\",\"ecr:DescribeRepositories\",\"ecr:GetRepositoryPolicy\",\"ecs:Describe*\",\"ecs:List*\",\"eks:DescribeCluster\",\"eks:ListClusters\",\"elasticache:Describe*\",\"elasticbeanstalk:Describe*\",\"elasticfilesystem:DescribeFileSystems\",\"elasticfilesystem:DescribeMountTargetSecurityGroups\",\"elasticfilesystem:DescribeMountTargets\",\"elasticloadbalancing:Describe*\",\"elasticmapreduce:Describe*\",\"elasticmapreduce:ListClusters\",\"elasticmapreduce:ListInstances\",\"es:Describe*\",\"es:ListDomainNames\",\"events:Describe*\",\"events:List*\",\"firehose:Describe*\",\"firehose:List*\",\"fms:ListComplianceStatus\",\"fms:ListPolicies\",\"fsx:Describe*\",\"fsx:List*\",\"gamelift:ListBuilds\",\"gamelift:ListFleets\",\"glacier:DescribeVault\",\"glacier:GetVaultAccessPolicy\",\"glacier:ListVaults\",\"globalaccelerator:Describe*\",\"globalaccelerator:List*\",\"greengrass:List*\",\"guardduty:Get*\",\"guardduty:List*\",\"iam:GenerateCredentialReport\",\"iam:GenerateServiceLastAccessedDetails\",\"iam:Get*\",\"iam:List*\",\"iam:SimulateCustomPolicy\",\"iam:SimulatePrincipalPolicy\",\"inspector:Describe*\",\"inspector:Get*\",\"inspector:List*\",\"inspector:Preview*\",\"iot:Describe*\",\"iot:GetPolicy\",\"iot:GetPolicyVersion\",\"iot:List*\",\"kinesis:DescribeStream\",\"kinesis:ListStreams\",\"kinesis:ListTagsForStream\",\"kinesisanalytics:ListApplications\",\"kms:Describe*\",\"kms:Get*\",\"kms:List*\",\"lambda:GetAccountSettings\",\"lambda:GetFunctionConfiguration\",\"lambda:GetLayerVersionPolicy\",\"lambda:GetPolicy\",\"lambda:List*\",\"license-manager:List*\",\"lightsail:GetInstances\",\"lightsail:GetLoadBalancers\",\"logs:Describe*\",\"logs:ListTagsLogGroup\",\"machinelearning:DescribeMLModels\",\"mediaconnect:Describe*\",\"mediaconnect:List*\",\"mediastore:GetContainerPolicy\",\"mediastore:ListContainers\",\"opsworks:DescribeStacks\",\"opsworks-cm:DescribeServers\",\"organizations:List*\",\"organizations:Describe*\",\"quicksight:Describe*\",\"quicksight:List*\",\"ram:List*\",\"rds:Describe*\",\"rds:DownloadDBLogFilePortion\",\"rds:ListTagsForResource\",\"redshift:Describe*\",\"rekognition:Describe*\",\"rekognition:List*\",\"robomaker:Describe*\",\"robomaker:List*\",\"route53:Get*\",\"route53:List*\",\"route53domains:GetDomainDetail\",\"route53domains:GetOperationDetail\",\"route53domains:ListDomains\",\"route53domains:ListOperations\",\"route53domains:ListTagsForDomain\",\"route53resolver:List*\",\"route53resolver:Get*\",\"s3:GetAccelerateConfiguration\",\"s3:GetAccessPoint\",\"s3:GetAccessPointPolicy\",\"s3:GetAccessPointPolicyStatus\",\"s3:GetAccountPublicAccessBlock\",\"s3:GetAnalyticsConfiguration\",\"s3:GetBucket*\",\"s3:GetEncryptionConfiguration\",\"s3:GetInventoryConfiguration\",\"s3:GetLifecycleConfiguration\",\"s3:GetMetricsConfiguration\",\"s3:GetObjectAcl\",\"s3:GetObjectVersionAcl\",\"s3:GetReplicationConfiguration\",\"s3:ListAccessPoints\",\"s3:ListBucket\",\"sagemaker:Describe*\",\"sagemaker:List*\",\"sdb:DomainMetadata\",\"sdb:ListDomains\",\"secretsmanager:GetResourcePolicy\",\"secretsmanager:ListSecrets\",\"secretsmanager:ListSecretVersionIds\",\"securityhub:Describe*\",\"securityhub:Get*\",\"securityhub:List*\",\"serverlessrepo:GetApplicationPolicy\",\"serverlessrepo:List*\",\"ses:GetIdentityDkimAttributes\",\"ses:GetIdentityPolicies\",\"ses:GetIdentityVerificationAttributes\",\"ses:ListIdentities\",\"ses:ListIdentityPolicies\",\"ses:ListVerifiedEmailAddresses\",\"shield:Describe*\",\"shield:List*\",\"snowball:ListClusters\",\"snowball:ListJobs\",\"sns:GetTopicAttributes\",\"sns:ListSubscriptionsByTopic\",\"sns:ListTopics\",\"sqs:GetQueueAttributes\",\"sqs:ListDeadLetterSourceQueues\",\"sqs:ListQueues\",\"sqs:ListQueueTags\",\"ssm:Describe*\",\"ssm:GetAutomationExecution\",\"ssm:ListDocuments\",\"sso:DescribePermissionsPolicies\",\"sso:List*\",\"states:ListStateMachines\",\"storagegateway:DescribeBandwidthRateLimit\",\"storagegateway:DescribeCache\",\"storagegateway:DescribeCachediSCSIVolumes\",\"storagegateway:DescribeGatewayInformation\",\"storagegateway:DescribeMaintenanceStartTime\",\"storagegateway:DescribeNFSFileShares\",\"storagegateway:DescribeSnapshotSchedule\",\"storagegateway:DescribeStorediSCSIVolumes\",\"storagegateway:DescribeTapeArchives\",\"storagegateway:DescribeTapeRecoveryPoints\",\"storagegateway:DescribeTapes\",\"storagegateway:DescribeUploadBuffer\",\"storagegateway:DescribeVTLDevices\",\"storagegateway:DescribeWorkingStorage\",\"storagegateway:List*\",\"tag:GetResources\",\"tag:GetTagKeys\",\"transfer:Describe*\",\"transfer:List*\",\"translate:List*\",\"trustedadvisor:Describe*\",\"waf:ListWebACLs\",\"waf-regional:ListWebACLs\",\"workspaces:Describe*\"],\"Effect\":\"Allow\",\"Resource\":\"*\",\"Sid\":\"SecurityAudit\"},{\"Action\":[\"apigateway:GET\"],\"Effect\":\"Allow\",\"Resource\":[\"arn:aws:apigateway:*::/apis\",\"arn:aws:apigateway:*::/apis/*/stages\",\"arn:aws:apigateway:*::/apis/*/stages/*\",\"arn:aws:apigateway:*::/apis/*/routes\",\"arn:aws:apigateway:*::/restapis\",\"arn:aws:apigateway:*::/restapis/*/authorizers\",\"arn:aws:apigateway:*::/restapis/*/authorizers/*\",\"arn:aws:apigateway:*::/restapis/*/documentation/versions\",\"arn:aws:apigateway:*::/restapis/*/resources\",\"arn:aws:apigateway:*::/restapis/*/resources/*\",\"arn:aws:apigateway:*::/restapis/*/resources/*/methods/*\",\"arn:aws:apigateway:*::/restapis/*/stages\",\"arn:aws:apigateway:*::/restapis/*/stages/*\",\"arn:aws:apigateway:*::/vpclinks\"],\"Sid\":\"SecurityAuditApiGateway\"}]}",
                            "role": "torq-inspect"
                        },
                        "meta": {
                            "schema_version": 0
                        },
                        "tainted": false
                    },
                    "deposed": [],
                    "provider": "provider.aws"
                },
                "aws_iam_role_policy.tfer--vault-assumed-role-credentials-demo_DescribeRegions": {
                    "type": "aws_iam_role_policy",
                    "depends_on": [],
                    "primary": {
                        "id": "vault-assumed-role-credentials-demo:DescribeRegions",
                        "attributes": {
                            "id": "vault-assumed-role-credentials-demo:DescribeRegions",
                            "name": "DescribeRegions",
                            "policy": "{\"Version\":\"2012-10-17\",\"Statement\":[{\"Action\":[\"ec2:DescribeRegions\"],\"Effect\":\"Allow\",\"Resource\":\"*\"}]}",
                            "role": "vault-assumed-role-credentials-demo"
                        },
                        "meta": {
                            "schema_version": 0
                        },
                        "tainted": false
                    },
                    "deposed": [],
                    "provider": "provider.aws"
                },
                "aws_iam_role_policy_attachment.tfer--AWSCloud9SSMAccessRole_AWSCloud9SSMInstanceProfile": {
                    "type": "aws_iam_role_policy_attachment",
                    "depends_on": [],
                    "primary": {
                        "id": "AWSCloud9SSMAccessRole/arn:aws:iam::aws:policy/AWSCloud9SSMInstanceProfile",
                        "attributes": {
                            "id": "AWSCloud9SSMAccessRole/arn:aws:iam::aws:policy/AWSCloud9SSMInstanceProfile",
                            "policy_arn": "arn:aws:iam::aws:policy/AWSCloud9SSMInstanceProfile",
                            "role": "AWSCloud9SSMAccessRole"
                        },
                        "meta": {
                            "schema_version": 0
                        },
                        "tainted": false
                    },
                    "deposed": [],
                    "provider": "provider.aws"
                },
                "aws_iam_role_policy_attachment.tfer--AWSServiceRoleForAWSCloud9_AWSCloud9ServiceRolePolicy": {
                    "type": "aws_iam_role_policy_attachment",
                    "depends_on": [],
                    "primary": {
                        "id": "AWSServiceRoleForAWSCloud9/arn:aws:iam::aws:policy/aws-service-role/AWSCloud9ServiceRolePolicy",
                        "attributes": {
                            "id": "AWSServiceRoleForAWSCloud9/arn:aws:iam::aws:policy/aws-service-role/AWSCloud9ServiceRolePolicy",
                            "policy_arn": "arn:aws:iam::aws:policy/aws-service-role/AWSCloud9ServiceRolePolicy",
                            "role": "AWSServiceRoleForAWSCloud9"
                        },
                        "meta": {
                            "schema_version": 0
                        },
                        "tainted": false
                    },
                    "deposed": [],
                    "provider": "provider.aws"
                },
                "aws_iam_role_policy_attachment.tfer--AWSServiceRoleForAmazonEKSNodegroup_AWSServiceRoleForAmazonEKSNodegroup": {
                    "type": "aws_iam_role_policy_attachment",
                    "depends_on": [],
                    "primary": {
                        "id": "AWSServiceRoleForAmazonEKSNodegroup/arn:aws:iam::aws:policy/aws-service-role/AWSServiceRoleForAmazonEKSNodegroup",
                        "attributes": {
                            "id": "AWSServiceRoleForAmazonEKSNodegroup/arn:aws:iam::aws:policy/aws-service-role/AWSServiceRoleForAmazonEKSNodegroup",
                            "policy_arn": "arn:aws:iam::aws:policy/aws-service-role/AWSServiceRoleForAmazonEKSNodegroup",
                            "role": "AWSServiceRoleForAmazonEKSNodegroup"
                        },
                        "meta": {
                            "schema_version": 0
                        },
                        "tainted": false
                    },
                    "deposed": [],
                    "provider": "provider.aws"
                },
                "aws_iam_role_policy_attachment.tfer--AWSServiceRoleForAmazonEKS_AmazonEKSServiceRolePolicy": {
                    "type": "aws_iam_role_policy_attachment",
                    "depends_on": [],
                    "primary": {
                        "id": "AWSServiceRoleForAmazonEKS/arn:aws:iam::aws:policy/aws-service-role/AmazonEKSServiceRolePolicy",
                        "attributes": {
                            "id": "AWSServiceRoleForAmazonEKS/arn:aws:iam::aws:policy/aws-service-role/AmazonEKSServiceRolePolicy",
                            "policy_arn": "arn:aws:iam::aws:policy/aws-service-role/AmazonEKSServiceRolePolicy",
                            "role": "AWSServiceRoleForAmazonEKS"
                        },
                        "meta": {
                            "schema_version": 0
                        },
                        "tainted": false
                    },
                    "deposed": [],
                    "provider": "provider.aws"
                },
                "aws_iam_role_policy_attachment.tfer--AWSServiceRoleForAmazonGuardDuty_AmazonGuardDutyServiceRolePolicy": {
                    "type": "aws_iam_role_policy_attachment",
                    "depends_on": [],
                    "primary": {
                        "id": "AWSServiceRoleForAmazonGuardDuty/arn:aws:iam::aws:policy/aws-service-role/AmazonGuardDutyServiceRolePolicy",
                        "attributes": {
                            "id": "AWSServiceRoleForAmazonGuardDuty/arn:aws:iam::aws:policy/aws-service-role/AmazonGuardDutyServiceRolePolicy",
                            "policy_arn": "arn:aws:iam::aws:policy/aws-service-role/AmazonGuardDutyServiceRolePolicy",
                            "role": "AWSServiceRoleForAmazonGuardDuty"
                        },
                        "meta": {
                            "schema_version": 0
                        },
                        "tainted": false
                    },
                    "deposed": [],
                    "provider": "provider.aws"
                },
                "aws_iam_role_policy_attachment.tfer--AWSServiceRoleForAutoScaling_AutoScalingServiceRolePolicy": {
                    "type": "aws_iam_role_policy_attachment",
                    "depends_on": [],
                    "primary": {
                        "id": "AWSServiceRoleForAutoScaling/arn:aws:iam::aws:policy/aws-service-role/AutoScalingServiceRolePolicy",
                        "attributes": {
                            "id": "AWSServiceRoleForAutoScaling/arn:aws:iam::aws:policy/aws-service-role/AutoScalingServiceRolePolicy",
                            "policy_arn": "arn:aws:iam::aws:policy/aws-service-role/AutoScalingServiceRolePolicy",
                            "role": "AWSServiceRoleForAutoScaling"
                        },
                        "meta": {
                            "schema_version": 0
                        },
                        "tainted": false
                    },
                    "deposed": [],
                    "provider": "provider.aws"
                },
                "aws_iam_role_policy_attachment.tfer--AWSServiceRoleForCloudTrail_CloudTrailServiceRolePolicy": {
                    "type": "aws_iam_role_policy_attachment",
                    "depends_on": [],
                    "primary": {
                        "id": "AWSServiceRoleForCloudTrail/arn:aws:iam::aws:policy/aws-service-role/CloudTrailServiceRolePolicy",
                        "attributes": {
                            "id": "AWSServiceRoleForCloudTrail/arn:aws:iam::aws:policy/aws-service-role/CloudTrailServiceRolePolicy",
                            "policy_arn": "arn:aws:iam::aws:policy/aws-service-role/CloudTrailServiceRolePolicy",
                            "role": "AWSServiceRoleForCloudTrail"
                        },
                        "meta": {
                            "schema_version": 0
                        },
                        "tainted": false
                    },
                    "deposed": [],
                    "provider": "provider.aws"
                },
                "aws_iam_role_policy_attachment.tfer--AWSServiceRoleForConfig_AWSConfigServiceRolePolicy": {
                    "type": "aws_iam_role_policy_attachment",
                    "depends_on": [],
                    "primary": {
                        "id": "AWSServiceRoleForConfig/arn:aws:iam::aws:policy/aws-service-role/AWSConfigServiceRolePolicy",
                        "attributes": {
                            "id": "AWSServiceRoleForConfig/arn:aws:iam::aws:policy/aws-service-role/AWSConfigServiceRolePolicy",
                            "policy_arn": "arn:aws:iam::aws:policy/aws-service-role/AWSConfigServiceRolePolicy",
                            "role": "AWSServiceRoleForConfig"
                        },
                        "meta": {
                            "schema_version": 0
                        },
                        "tainted": false
                    },
                    "deposed": [],
                    "provider": "provider.aws"
                },
                "aws_iam_role_policy_attachment.tfer--AWSServiceRoleForOrganizations_AWSOrganizationsServiceTrustPolicy": {
                    "type": "aws_iam_role_policy_attachment",
                    "depends_on": [],
                    "primary": {
                        "id": "AWSServiceRoleForOrganizations/arn:aws:iam::aws:policy/aws-service-role/AWSOrganizationsServiceTrustPolicy",
                        "attributes": {
                            "id": "AWSServiceRoleForOrganizations/arn:aws:iam::aws:policy/aws-service-role/AWSOrganizationsServiceTrustPolicy",
                            "policy_arn": "arn:aws:iam::aws:policy/aws-service-role/AWSOrganizationsServiceTrustPolicy",
                            "role": "AWSServiceRoleForOrganizations"
                        },
                        "meta": {
                            "schema_version": 0
                        },
                        "tainted": false
                    },
                    "deposed": [],
                    "provider": "provider.aws"
                },
                "aws_iam_role_policy_attachment.tfer--AWSServiceRoleForSupport_AWSSupportServiceRolePolicy": {
                    "type": "aws_iam_role_policy_attachment",
                    "depends_on": [],
                    "primary": {
                        "id": "AWSServiceRoleForSupport/arn:aws:iam::aws:policy/aws-service-role/AWSSupportServiceRolePolicy",
                        "attributes": {
                            "id": "AWSServiceRoleForSupport/arn:aws:iam::aws:policy/aws-service-role/AWSSupportServiceRolePolicy",
                            "policy_arn": "arn:aws:iam::aws:policy/aws-service-role/AWSSupportServiceRolePolicy",
                            "role": "AWSServiceRoleForSupport"
                        },
                        "meta": {
                            "schema_version": 0
                        },
                        "tainted": false
                    },
                    "deposed": [],
                    "provider": "provider.aws"
                },
                "aws_iam_role_policy_attachment.tfer--AWSServiceRoleForTrustedAdvisor_AWSTrustedAdvisorServiceRolePolicy": {
                    "type": "aws_iam_role_policy_attachment",
                    "depends_on": [],
                    "primary": {
                        "id": "AWSServiceRoleForTrustedAdvisor/arn:aws:iam::aws:policy/aws-service-role/AWSTrustedAdvisorServiceRolePolicy",
                        "attributes": {
                            "id": "AWSServiceRoleForTrustedAdvisor/arn:aws:iam::aws:policy/aws-service-role/AWSTrustedAdvisorServiceRolePolicy",
                            "policy_arn": "arn:aws:iam::aws:policy/aws-service-role/AWSTrustedAdvisorServiceRolePolicy",
                            "role": "AWSServiceRoleForTrustedAdvisor"
                        },
                        "meta": {
                            "schema_version": 0
                        },
                        "tainted": false
                    },
                    "deposed": [],
                    "provider": "provider.aws"
                },
                "aws_iam_role_policy_attachment.tfer--dynamic-policy-ref-arch-admin_AdministratorAccess": {
                    "type": "aws_iam_role_policy_attachment",
                    "depends_on": [],
                    "primary": {
                        "id": "dynamic-policy-ref-arch-admin/arn:aws:iam::aws:policy/AdministratorAccess",
                        "attributes": {
                            "id": "dynamic-policy-ref-arch-admin/arn:aws:iam::aws:policy/AdministratorAccess",
                            "policy_arn": "arn:aws:iam::aws:policy/AdministratorAccess",
                            "role": "dynamic-policy-ref-arch-admin"
                        },
                        "meta": {
                            "schema_version": 0
                        },
                        "tainted": false
                    },
                    "deposed": [],
                    "provider": "provider.aws"
                },
                "aws_iam_role_policy_attachment.tfer--dynamic-policy-saas-s3-access-role-xdgssrli_s3-object-access-policy-xdgssrli": {
                    "type": "aws_iam_role_policy_attachment",
                    "depends_on": [],
                    "primary": {
                        "id": "dynamic-policy-saas-s3-access-role-xdgssrli/arn:aws:iam::591976937045:policy/s3-object-access-policy-xdgssrli",
                        "attributes": {
                            "id": "dynamic-policy-saas-s3-access-role-xdgssrli/arn:aws:iam::591976937045:policy/s3-object-access-policy-xdgssrli",
                            "policy_arn": "arn:aws:iam::591976937045:policy/s3-object-access-policy-xdgssrli",
                            "role": "dynamic-policy-saas-s3-access-role-xdgssrli"
                        },
                        "meta": {
                            "schema_version": 0
                        },
                        "tainted": false
                    },
                    "deposed": [],
                    "provider": "provider.aws"
                },
                "aws_iam_role_policy_attachment.tfer--dynamic-policy-saas-vault-sa-role-xdgssrli_vault-sa-assumerole-policy-xdgssrli": {
                    "type": "aws_iam_role_policy_attachment",
                    "depends_on": [],
                    "primary": {
                        "id": "dynamic-policy-saas-vault-sa-role-xdgssrli/arn:aws:iam::591976937045:policy/vault-sa-assumerole-policy-xdgssrli",
                        "attributes": {
                            "id": "dynamic-policy-saas-vault-sa-role-xdgssrli/arn:aws:iam::591976937045:policy/vault-sa-assumerole-policy-xdgssrli",
                            "policy_arn": "arn:aws:iam::591976937045:policy/vault-sa-assumerole-policy-xdgssrli",
                            "role": "dynamic-policy-saas-vault-sa-role-xdgssrli"
                        },
                        "meta": {
                            "schema_version": 0
                        },
                        "tainted": false
                    },
                    "deposed": [],
                    "provider": "provider.aws"
                },
                "aws_iam_role_policy_attachment.tfer--eksctl-dynamic-policy-saas-addon-aws-ebs-csi-Role1-QWZPKN5SLWZ7_AmazonEBSCSIDriverPolicy": {
                    "type": "aws_iam_role_policy_attachment",
                    "depends_on": [],
                    "primary": {
                        "id": "eksctl-dynamic-policy-saas-addon-aws-ebs-csi-Role1-QWZPKN5SLWZ7/arn:aws:iam::aws:policy/service-role/AmazonEBSCSIDriverPolicy",
                        "attributes": {
                            "id": "eksctl-dynamic-policy-saas-addon-aws-ebs-csi-Role1-QWZPKN5SLWZ7/arn:aws:iam::aws:policy/service-role/AmazonEBSCSIDriverPolicy",
                            "policy_arn": "arn:aws:iam::aws:policy/service-role/AmazonEBSCSIDriverPolicy",
                            "role": "eksctl-dynamic-policy-saas-addon-aws-ebs-csi-Role1-QWZPKN5SLWZ7"
                        },
                        "meta": {
                            "schema_version": 0
                        },
                        "tainted": false
                    },
                    "deposed": [],
                    "provider": "provider.aws"
                },
                "aws_iam_role_policy_attachment.tfer--eksctl-dynamic-policy-saas-addon-iamservicea-Role1-1IN5O2JI2UWXD_AmazonEKS_CNI_Policy": {
                    "type": "aws_iam_role_policy_attachment",
                    "depends_on": [],
                    "primary": {
                        "id": "eksctl-dynamic-policy-saas-addon-iamservicea-Role1-1IN5O2JI2UWXD/arn:aws:iam::aws:policy/AmazonEKS_CNI_Policy",
                        "attributes": {
                            "id": "eksctl-dynamic-policy-saas-addon-iamservicea-Role1-1IN5O2JI2UWXD/arn:aws:iam::aws:policy/AmazonEKS_CNI_Policy",
                            "policy_arn": "arn:aws:iam::aws:policy/AmazonEKS_CNI_Policy",
                            "role": "eksctl-dynamic-policy-saas-addon-iamservicea-Role1-1IN5O2JI2UWXD"
                        },
                        "meta": {
                            "schema_version": 0
                        },
                        "tainted": false
                    },
                    "deposed": [],
                    "provider": "provider.aws"
                },
                "aws_iam_role_policy_attachment.tfer--eksctl-dynamic-policy-saas-cluster-ServiceRole-1KY0S2H79QNW0_AmazonEKSClusterPolicy": {
                    "type": "aws_iam_role_policy_attachment",
                    "depends_on": [],
                    "primary": {
                        "id": "eksctl-dynamic-policy-saas-cluster-ServiceRole-1KY0S2H79QNW0/arn:aws:iam::aws:policy/AmazonEKSClusterPolicy",
                        "attributes": {
                            "id": "eksctl-dynamic-policy-saas-cluster-ServiceRole-1KY0S2H79QNW0/arn:aws:iam::aws:policy/AmazonEKSClusterPolicy",
                            "policy_arn": "arn:aws:iam::aws:policy/AmazonEKSClusterPolicy",
                            "role": "eksctl-dynamic-policy-saas-cluster-ServiceRole-1KY0S2H79QNW0"
                        },
                        "meta": {
                            "schema_version": 0
                        },
                        "tainted": false
                    },
                    "deposed": [],
                    "provider": "provider.aws"
                },
                "aws_iam_role_policy_attachment.tfer--eksctl-dynamic-policy-saas-cluster-ServiceRole-1KY0S2H79QNW0_AmazonEKSVPCResourceController": {
                    "type": "aws_iam_role_policy_attachment",
                    "depends_on": [],
                    "primary": {
                        "id": "eksctl-dynamic-policy-saas-cluster-ServiceRole-1KY0S2H79QNW0/arn:aws:iam::aws:policy/AmazonEKSVPCResourceController",
                        "attributes": {
                            "id": "eksctl-dynamic-policy-saas-cluster-ServiceRole-1KY0S2H79QNW0/arn:aws:iam::aws:policy/AmazonEKSVPCResourceController",
                            "policy_arn": "arn:aws:iam::aws:policy/AmazonEKSVPCResourceController",
                            "role": "eksctl-dynamic-policy-saas-cluster-ServiceRole-1KY0S2H79QNW0"
                        },
                        "meta": {
                            "schema_version": 0
                        },
                        "tainted": false
                    },
                    "deposed": [],
                    "provider": "provider.aws"
                },
                "aws_iam_role_policy_attachment.tfer--eksctl-dynamic-policy-saas-nodegr-NodeInstanceRole-1IV221YYCCQET_AmazonEC2ContainerRegistryReadOnly": {
                    "type": "aws_iam_role_policy_attachment",
                    "depends_on": [],
                    "primary": {
                        "id": "eksctl-dynamic-policy-saas-nodegr-NodeInstanceRole-1IV221YYCCQET/arn:aws:iam::aws:policy/AmazonEC2ContainerRegistryReadOnly",
                        "attributes": {
                            "id": "eksctl-dynamic-policy-saas-nodegr-NodeInstanceRole-1IV221YYCCQET/arn:aws:iam::aws:policy/AmazonEC2ContainerRegistryReadOnly",
                            "policy_arn": "arn:aws:iam::aws:policy/AmazonEC2ContainerRegistryReadOnly",
                            "role": "eksctl-dynamic-policy-saas-nodegr-NodeInstanceRole-1IV221YYCCQET"
                        },
                        "meta": {
                            "schema_version": 0
                        },
                        "tainted": false
                    },
                    "deposed": [],
                    "provider": "provider.aws"
                },
                "aws_iam_role_policy_attachment.tfer--eksctl-dynamic-policy-saas-nodegr-NodeInstanceRole-1IV221YYCCQET_AmazonEKSWorkerNodePolicy": {
                    "type": "aws_iam_role_policy_attachment",
                    "depends_on": [],
                    "primary": {
                        "id": "eksctl-dynamic-policy-saas-nodegr-NodeInstanceRole-1IV221YYCCQET/arn:aws:iam::aws:policy/AmazonEKSWorkerNodePolicy",
                        "attributes": {
                            "id": "eksctl-dynamic-policy-saas-nodegr-NodeInstanceRole-1IV221YYCCQET/arn:aws:iam::aws:policy/AmazonEKSWorkerNodePolicy",
                            "policy_arn": "arn:aws:iam::aws:policy/AmazonEKSWorkerNodePolicy",
                            "role": "eksctl-dynamic-policy-saas-nodegr-NodeInstanceRole-1IV221YYCCQET"
                        },
                        "meta": {
                            "schema_version": 0
                        },
                        "tainted": false
                    },
                    "deposed": [],
                    "provider": "provider.aws"
                },
                "aws_iam_role_policy_attachment.tfer--eksctl-dynamic-policy-saas-nodegr-NodeInstanceRole-1IV221YYCCQET_AmazonSSMManagedInstanceCore": {
                    "type": "aws_iam_role_policy_attachment",
                    "depends_on": [],
                    "primary": {
                        "id": "eksctl-dynamic-policy-saas-nodegr-NodeInstanceRole-1IV221YYCCQET/arn:aws:iam::aws:policy/AmazonSSMManagedInstanceCore",
                        "attributes": {
                            "id": "eksctl-dynamic-policy-saas-nodegr-NodeInstanceRole-1IV221YYCCQET/arn:aws:iam::aws:policy/AmazonSSMManagedInstanceCore",
                            "policy_arn": "arn:aws:iam::aws:policy/AmazonSSMManagedInstanceCore",
                            "role": "eksctl-dynamic-policy-saas-nodegr-NodeInstanceRole-1IV221YYCCQET"
                        },
                        "meta": {
                            "schema_version": 0
                        },
                        "tainted": false
                    },
                    "deposed": [],
                    "provider": "provider.aws"
                },
                "aws_iam_role_policy_attachment.tfer--honeybee-iam-role_AdministratorAccess": {
                    "type": "aws_iam_role_policy_attachment",
                    "depends_on": [],
                    "primary": {
                        "id": "honeybee-iam-role/arn:aws:iam::aws:policy/AdministratorAccess",
                        "attributes": {
                            "id": "honeybee-iam-role/arn:aws:iam::aws:policy/AdministratorAccess",
                            "policy_arn": "arn:aws:iam::aws:policy/AdministratorAccess",
                            "role": "honeybee-iam-role"
                        },
                        "meta": {
                            "schema_version": 0
                        },
                        "tainted": false
                    },
                    "deposed": [],
                    "provider": "provider.aws"
                },
                "aws_iam_role_policy_attachment.tfer--vault-role-xdgssrli_dynamodb-policy-xdgssrli": {
                    "type": "aws_iam_role_policy_attachment",
                    "depends_on": [],
                    "primary": {
                        "id": "vault-role-xdgssrli/arn:aws:iam::591976937045:policy/dynamodb-policy-xdgssrli",
                        "attributes": {
                            "id": "vault-role-xdgssrli/arn:aws:iam::591976937045:policy/dynamodb-policy-xdgssrli",
                            "policy_arn": "arn:aws:iam::591976937045:policy/dynamodb-policy-xdgssrli",
                            "role": "vault-role-xdgssrli"
                        },
                        "meta": {
                            "schema_version": 0
                        },
                        "tainted": false
                    },
                    "deposed": [],
                    "provider": "provider.aws"
                }
            },
            "depends_on": []
        }
    ]
}
