{
    "version": 3,
    "terraform_version": "0.12.31",
    "serial": 1,
    "lineage": "7379dcbe-4854-3a1f-0a15-e02d994d72c7",
    "modules": [
        {
            "path": [
                "root"
            ],
            "outputs": {
                "aws_kms_alias_tfer--alias-002F-dynamic-policy-ref-arch-cafiaite_id": {
                    "sensitive": false,
                    "type": "string",
                    "value": "alias/dynamic-policy-ref-arch-cafiaite"
                },
                "aws_kms_alias_tfer--alias-002F-dynamic-policy-ref-arch-scbatbdc_id": {
                    "sensitive": false,
                    "type": "string",
                    "value": "alias/dynamic-policy-ref-arch-scbatbdc"
                },
                "aws_kms_alias_tfer--alias-002F-dynamic-policy-ref-arch-vbuizzhv_id": {
                    "sensitive": false,
                    "type": "string",
                    "value": "alias/dynamic-policy-ref-arch-vbuizzhv"
                },
                "aws_kms_alias_tfer--alias-002F-dynamic-policy-ref-arch-xdgssrli_id": {
                    "sensitive": false,
                    "type": "string",
                    "value": "alias/dynamic-policy-ref-arch-xdgssrli"
                },
                "aws_kms_grant_tfer--arn-003A-aws-003A-kms-003A-us-east-2-003A-591976937045-003A-key-002F-1e9f165b-cfec-4ca5-8a25-fbbb923c12f0-003A-d9d8a902f41878304af87b13dbede593f680243465bae87653a83b2ac309d836_id": {
                    "sensitive": false,
                    "type": "string",
                    "value": "arn:aws:kms:us-east-2:591976937045:key/1e9f165b-cfec-4ca5-8a25-fbbb923c12f0:d9d8a902f41878304af87b13dbede593f680243465bae87653a83b2ac309d836"
                },
                "aws_kms_key_tfer--1e9f165b-cfec-4ca5-8a25-fbbb923c12f0_id": {
                    "sensitive": false,
                    "type": "string",
                    "value": "1e9f165b-cfec-4ca5-8a25-fbbb923c12f0"
                },
                "aws_kms_key_tfer--99e3454a-a584-41bf-844a-b164aa98f1f6_id": {
                    "sensitive": false,
                    "type": "string",
                    "value": "99e3454a-a584-41bf-844a-b164aa98f1f6"
                },
                "aws_kms_key_tfer--ab817ad9-48ae-4ca8-93d4-79cdf4acfc95_id": {
                    "sensitive": false,
                    "type": "string",
                    "value": "ab817ad9-48ae-4ca8-93d4-79cdf4acfc95"
                },
                "aws_kms_key_tfer--b19803c8-8d78-42a4-9570-4c7d3778fd9a_id": {
                    "sensitive": false,
                    "type": "string",
                    "value": "b19803c8-8d78-42a4-9570-4c7d3778fd9a"
                },
                "aws_kms_key_tfer--c17f732d-c0c3-4cf5-9e80-52ad269b141b_id": {
                    "sensitive": false,
                    "type": "string",
                    "value": "c17f732d-c0c3-4cf5-9e80-52ad269b141b"
                }
            },
            "resources": {
                "aws_kms_alias.tfer--alias-002F-dynamic-policy-ref-arch-cafiaite": {
                    "type": "aws_kms_alias",
                    "depends_on": [],
                    "primary": {
                        "id": "alias/dynamic-policy-ref-arch-cafiaite",
                        "attributes": {
                            "arn": "arn:aws:kms:us-east-2:591976937045:alias/dynamic-policy-ref-arch-cafiaite",
                            "id": "alias/dynamic-policy-ref-arch-cafiaite",
                            "name": "alias/dynamic-policy-ref-arch-cafiaite",
                            "name_prefix": "",
                            "target_key_arn": "arn:aws:kms:us-east-2:591976937045:key/ab817ad9-48ae-4ca8-93d4-79cdf4acfc95",
                            "target_key_id": "ab817ad9-48ae-4ca8-93d4-79cdf4acfc95"
                        },
                        "meta": {
                            "schema_version": 0
                        },
                        "tainted": false
                    },
                    "deposed": [],
                    "provider": "provider.aws"
                },
                "aws_kms_alias.tfer--alias-002F-dynamic-policy-ref-arch-scbatbdc": {
                    "type": "aws_kms_alias",
                    "depends_on": [],
                    "primary": {
                        "id": "alias/dynamic-policy-ref-arch-scbatbdc",
                        "attributes": {
                            "arn": "arn:aws:kms:us-east-2:591976937045:alias/dynamic-policy-ref-arch-scbatbdc",
                            "id": "alias/dynamic-policy-ref-arch-scbatbdc",
                            "name": "alias/dynamic-policy-ref-arch-scbatbdc",
                            "name_prefix": "",
                            "target_key_arn": "arn:aws:kms:us-east-2:591976937045:key/b19803c8-8d78-42a4-9570-4c7d3778fd9a",
                            "target_key_id": "b19803c8-8d78-42a4-9570-4c7d3778fd9a"
                        },
                        "meta": {
                            "schema_version": 0
                        },
                        "tainted": false
                    },
                    "deposed": [],
                    "provider": "provider.aws"
                },
                "aws_kms_alias.tfer--alias-002F-dynamic-policy-ref-arch-vbuizzhv": {
                    "type": "aws_kms_alias",
                    "depends_on": [],
                    "primary": {
                        "id": "alias/dynamic-policy-ref-arch-vbuizzhv",
                        "attributes": {
                            "arn": "arn:aws:kms:us-east-2:591976937045:alias/dynamic-policy-ref-arch-vbuizzhv",
                            "id": "alias/dynamic-policy-ref-arch-vbuizzhv",
                            "name": "alias/dynamic-policy-ref-arch-vbuizzhv",
                            "name_prefix": "",
                            "target_key_arn": "arn:aws:kms:us-east-2:591976937045:key/c17f732d-c0c3-4cf5-9e80-52ad269b141b",
                            "target_key_id": "c17f732d-c0c3-4cf5-9e80-52ad269b141b"
                        },
                        "meta": {
                            "schema_version": 0
                        },
                        "tainted": false
                    },
                    "deposed": [],
                    "provider": "provider.aws"
                },
                "aws_kms_alias.tfer--alias-002F-dynamic-policy-ref-arch-xdgssrli": {
                    "type": "aws_kms_alias",
                    "depends_on": [],
                    "primary": {
                        "id": "alias/dynamic-policy-ref-arch-xdgssrli",
                        "attributes": {
                            "arn": "arn:aws:kms:us-east-2:591976937045:alias/dynamic-policy-ref-arch-xdgssrli",
                            "id": "alias/dynamic-policy-ref-arch-xdgssrli",
                            "name": "alias/dynamic-policy-ref-arch-xdgssrli",
                            "name_prefix": "",
                            "target_key_arn": "arn:aws:kms:us-east-2:591976937045:key/1e9f165b-cfec-4ca5-8a25-fbbb923c12f0",
                            "target_key_id": "1e9f165b-cfec-4ca5-8a25-fbbb923c12f0"
                        },
                        "meta": {
                            "schema_version": 0
                        },
                        "tainted": false
                    },
                    "deposed": [],
                    "provider": "provider.aws"
                },
                "aws_kms_grant.tfer--arn-003A-aws-003A-kms-003A-us-east-2-003A-591976937045-003A-key-002F-1e9f165b-cfec-4ca5-8a25-fbbb923c12f0-003A-d9d8a902f41878304af87b13dbede593f680243465bae87653a83b2ac309d836": {
                    "type": "aws_kms_grant",
                    "depends_on": [],
                    "primary": {
                        "id": "arn:aws:kms:us-east-2:591976937045:key/1e9f165b-cfec-4ca5-8a25-fbbb923c12f0:d9d8a902f41878304af87b13dbede593f680243465bae87653a83b2ac309d836",
                        "attributes": {
                            "constraints.#": "1",
                            "constraints.0.encryption_context_equals.%": "1",
                            "constraints.0.encryption_context_equals.aws:eks:context": "79d0cff5-332e-48b6-a10a-644dbab62fdd",
                            "constraints.0.encryption_context_subset.%": "0",
                            "id": "arn:aws:kms:us-east-2:591976937045:key/1e9f165b-cfec-4ca5-8a25-fbbb923c12f0:d9d8a902f41878304af87b13dbede593f680243465bae87653a83b2ac309d836",
                            "name": "eks-grant-dynamic-policy-saas",
                            "operations.#": "2",
                            "operations.0": "Decrypt",
                            "operations.1": "Encrypt"
                        },
                        "meta": {
                            "schema_version": 0
                        },
                        "tainted": false
                    },
                    "deposed": [],
                    "provider": "provider.aws"
                },
                "aws_kms_key.tfer--1e9f165b-cfec-4ca5-8a25-fbbb923c12f0": {
                    "type": "aws_kms_key",
                    "depends_on": [],
                    "primary": {
                        "id": "1e9f165b-cfec-4ca5-8a25-fbbb923c12f0",
                        "attributes": {
                            "arn": "arn:aws:kms:us-east-2:591976937045:key/1e9f165b-cfec-4ca5-8a25-fbbb923c12f0",
                            "custom_key_store_id": "",
                            "customer_master_key_spec": "SYMMETRIC_DEFAULT",
                            "description": "",
                            "enable_key_rotation": "false",
                            "id": "1e9f165b-cfec-4ca5-8a25-fbbb923c12f0",
                            "is_enabled": "true",
                            "key_id": "1e9f165b-cfec-4ca5-8a25-fbbb923c12f0",
                            "key_usage": "ENCRYPT_DECRYPT",
                            "multi_region": "false",
                            "policy": "{\"Id\":\"key-default-1\",\"Statement\":[{\"Action\":\"kms:*\",\"Effect\":\"Allow\",\"Principal\":{\"AWS\":\"arn:aws:iam::591976937045:root\"},\"Resource\":\"*\",\"Sid\":\"Enable IAM User Permissions\"}],\"Version\":\"2012-10-17\"}",
                            "tags.%": "0",
                            "tags_all.%": "0"
                        },
                        "meta": {
                            "schema_version": 0
                        },
                        "tainted": false
                    },
                    "deposed": [],
                    "provider": "provider.aws"
                },
                "aws_kms_key.tfer--99e3454a-a584-41bf-844a-b164aa98f1f6": {
                    "type": "aws_kms_key",
                    "depends_on": [],
                    "primary": {
                        "id": "99e3454a-a584-41bf-844a-b164aa98f1f6",
                        "attributes": {
                            "arn": "arn:aws:kms:us-east-2:591976937045:key/99e3454a-a584-41bf-844a-b164aa98f1f6",
                            "custom_key_store_id": "",
                            "customer_master_key_spec": "SYMMETRIC_DEFAULT",
                            "description": "",
                            "enable_key_rotation": "false",
                            "id": "99e3454a-a584-41bf-844a-b164aa98f1f6",
                            "is_enabled": "false",
                            "key_id": "99e3454a-a584-41bf-844a-b164aa98f1f6",
                            "key_usage": "ENCRYPT_DECRYPT",
                            "multi_region": "false",
                            "policy": "{\"Id\":\"key-default-1\",\"Statement\":[{\"Action\":\"kms:*\",\"Effect\":\"Allow\",\"Principal\":{\"AWS\":\"arn:aws:iam::591976937045:root\"},\"Resource\":\"*\",\"Sid\":\"Enable IAM User Permissions\"}],\"Version\":\"2012-10-17\"}",
                            "tags.%": "0",
                            "tags_all.%": "0"
                        },
                        "meta": {
                            "schema_version": 0
                        },
                        "tainted": false
                    },
                    "deposed": [],
                    "provider": "provider.aws"
                },
                "aws_kms_key.tfer--ab817ad9-48ae-4ca8-93d4-79cdf4acfc95": {
                    "type": "aws_kms_key",
                    "depends_on": [],
                    "primary": {
                        "id": "ab817ad9-48ae-4ca8-93d4-79cdf4acfc95",
                        "attributes": {
                            "arn": "arn:aws:kms:us-east-2:591976937045:key/ab817ad9-48ae-4ca8-93d4-79cdf4acfc95",
                            "custom_key_store_id": "",
                            "customer_master_key_spec": "SYMMETRIC_DEFAULT",
                            "description": "",
                            "enable_key_rotation": "false",
                            "id": "ab817ad9-48ae-4ca8-93d4-79cdf4acfc95",
                            "is_enabled": "true",
                            "key_id": "ab817ad9-48ae-4ca8-93d4-79cdf4acfc95",
                            "key_usage": "ENCRYPT_DECRYPT",
                            "multi_region": "false",
                            "policy": "{\"Id\":\"key-default-1\",\"Statement\":[{\"Action\":\"kms:*\",\"Effect\":\"Allow\",\"Principal\":{\"AWS\":\"arn:aws:iam::591976937045:root\"},\"Resource\":\"*\",\"Sid\":\"Enable IAM User Permissions\"}],\"Version\":\"2012-10-17\"}",
                            "tags.%": "0",
                            "tags_all.%": "0"
                        },
                        "meta": {
                            "schema_version": 0
                        },
                        "tainted": false
                    },
                    "deposed": [],
                    "provider": "provider.aws"
                },
                "aws_kms_key.tfer--b19803c8-8d78-42a4-9570-4c7d3778fd9a": {
                    "type": "aws_kms_key",
                    "depends_on": [],
                    "primary": {
                        "id": "b19803c8-8d78-42a4-9570-4c7d3778fd9a",
                        "attributes": {
                            "arn": "arn:aws:kms:us-east-2:591976937045:key/b19803c8-8d78-42a4-9570-4c7d3778fd9a",
                            "custom_key_store_id": "",
                            "customer_master_key_spec": "SYMMETRIC_DEFAULT",
                            "description": "",
                            "enable_key_rotation": "false",
                            "id": "b19803c8-8d78-42a4-9570-4c7d3778fd9a",
                            "is_enabled": "true",
                            "key_id": "b19803c8-8d78-42a4-9570-4c7d3778fd9a",
                            "key_usage": "ENCRYPT_DECRYPT",
                            "multi_region": "false",
                            "policy": "{\"Id\":\"key-default-1\",\"Statement\":[{\"Action\":\"kms:*\",\"Effect\":\"Allow\",\"Principal\":{\"AWS\":\"arn:aws:iam::591976937045:root\"},\"Resource\":\"*\",\"Sid\":\"Enable IAM User Permissions\"}],\"Version\":\"2012-10-17\"}",
                            "tags.%": "0",
                            "tags_all.%": "0"
                        },
                        "meta": {
                            "schema_version": 0
                        },
                        "tainted": false
                    },
                    "deposed": [],
                    "provider": "provider.aws"
                },
                "aws_kms_key.tfer--c17f732d-c0c3-4cf5-9e80-52ad269b141b": {
                    "type": "aws_kms_key",
                    "depends_on": [],
                    "primary": {
                        "id": "c17f732d-c0c3-4cf5-9e80-52ad269b141b",
                        "attributes": {
                            "arn": "arn:aws:kms:us-east-2:591976937045:key/c17f732d-c0c3-4cf5-9e80-52ad269b141b",
                            "custom_key_store_id": "",
                            "customer_master_key_spec": "SYMMETRIC_DEFAULT",
                            "description": "",
                            "enable_key_rotation": "false",
                            "id": "c17f732d-c0c3-4cf5-9e80-52ad269b141b",
                            "is_enabled": "true",
                            "key_id": "c17f732d-c0c3-4cf5-9e80-52ad269b141b",
                            "key_usage": "ENCRYPT_DECRYPT",
                            "multi_region": "false",
                            "policy": "{\"Id\":\"key-default-1\",\"Statement\":[{\"Action\":\"kms:*\",\"Effect\":\"Allow\",\"Principal\":{\"AWS\":\"arn:aws:iam::591976937045:root\"},\"Resource\":\"*\",\"Sid\":\"Enable IAM User Permissions\"}],\"Version\":\"2012-10-17\"}",
                            "tags.%": "0",
                            "tags_all.%": "0"
                        },
                        "meta": {
                            "schema_version": 0
                        },
                        "tainted": false
                    },
                    "deposed": [],
                    "provider": "provider.aws"
                }
            },
            "depends_on": []
        }
    ]
}
